{
  "version": 4,
  "terraform_version": "1.11.3",
  "serial": 268,
  "lineage": "954fd31a-8a8c-77fd-957f-c2620f5365ce",
  "outputs": {
    "alb_dns_name": {
      "value": "proyecto-cicd-dev-alb-925837977.us-east-1.elb.amazonaws.com",
      "type": "string"
    },
    "alb_https_url": {
      "value": "https://proyecto-cicd-dev-alb-925837977.us-east-1.elb.amazonaws.com",
      "type": "string"
    },
    "alb_url": {
      "value": "https://proyecto-cicd-dev-alb-925837977.us-east-1.elb.amazonaws.com",
      "type": "string"
    },
    "app_config_secret_arn": {
      "value": "arn:aws:secretsmanager:us-east-1:478806200706:secret:proyecto-cicd-dev-app-config-irxVbW",
      "type": "string"
    },
    "app_config_secret_name": {
      "value": "proyecto-cicd-dev-app-config",
      "type": "string"
    },
    "certificate_arn": {
      "value": "arn:aws:acm:us-east-1:478806200706:certificate/3afce18f-9958-4036-9452-06de9550aa5e",
      "type": "string"
    },
    "certificate_type": {
      "value": "Self-Signed Certificate",
      "type": "string"
    },
    "certificate_validation_records": {
      "value": [],
      "type": [
        "tuple",
        []
      ]
    },
    "cloudwatch_dashboard_url": {
      "value": "https://console.aws.amazon.com/cloudwatch/home?region=us-east-1#dashboards:name=proyecto-cicd-dev-dashboard",
      "type": "string"
    },
    "cloudwatch_log_group": {
      "value": "/ecs/proyecto-cicd-dev",
      "type": "string"
    },
    "db_credentials_secret_arn": {
      "value": "arn:aws:secretsmanager:us-east-1:478806200706:secret:proyecto-cicd-dev-db-credentials-irxVbW",
      "type": "string"
    },
    "db_credentials_secret_name": {
      "value": "proyecto-cicd-dev-db-credentials",
      "type": "string"
    },
    "ecr_repository_url": {
      "value": "478806200706.dkr.ecr.us-east-1.amazonaws.com/proyecto-cicd-dev-app",
      "type": "string"
    },
    "ecs_cluster_name": {
      "value": "proyecto-cicd-dev-cluster",
      "type": "string"
    },
    "ecs_service_name": {
      "value": "proyecto-cicd-dev-service",
      "type": "string"
    },
    "rds_address": {
      "value": "proyecto-cicd-dev-mysql.c6zg8ocuqyw5.us-east-1.rds.amazonaws.com",
      "type": "string"
    },
    "rds_database_name": {
      "value": "appdb",
      "type": "string"
    },
    "rds_endpoint": {
      "value": "proyecto-cicd-dev-mysql.c6zg8ocuqyw5.us-east-1.rds.amazonaws.com:3306",
      "type": "string"
    },
    "rds_port": {
      "value": 3306,
      "type": "number"
    },
    "rds_username": {
      "value": "admin",
      "type": "string",
      "sensitive": true
    },
    "secrets_manager_console_url": {
      "value": "https://console.aws.amazon.com/secretsmanager/home?region=us-east-1",
      "type": "string"
    },
    "vpc_id": {
      "value": "vpc-0e7c23ceb4e54273a",
      "type": "string"
    }
  },
  "resources": [
    {
      "mode": "data",
      "type": "aws_availability_zones",
      "name": "available",
      "provider": "provider[\"registry.terraform.io/hashicorp/aws\"]",
      "instances": [
        {
          "schema_version": 0,
          "attributes": {
            "all_availability_zones": null,
            "exclude_names": null,
            "exclude_zone_ids": null,
            "filter": null,
            "group_names": [
              "us-east-1-zg-1"
            ],
            "id": "us-east-1",
            "names": [
              "us-east-1a",
              "us-east-1b",
              "us-east-1c",
              "us-east-1d",
              "us-east-1e",
              "us-east-1f"
            ],
            "state": "available",
            "timeouts": null,
            "zone_ids": [
              "use1-az1",
              "use1-az2",
              "use1-az4",
              "use1-az6",
              "use1-az3",
              "use1-az5"
            ]
          },
          "sensitive_attributes": []
        }
      ]
    },
    {
      "mode": "managed",
      "type": "aws_acm_certificate",
      "name": "self_signed",
      "provider": "provider[\"registry.terraform.io/hashicorp/aws\"]",
      "instances": [
        {
          "index_key": 0,
          "schema_version": 0,
          "attributes": {
            "arn": "arn:aws:acm:us-east-1:478806200706:certificate/3afce18f-9958-4036-9452-06de9550aa5e",
            "certificate_authority_arn": "",
            "certificate_body": "-----BEGIN CERTIFICATE-----\nMIIDiTCCAnGgAwIBAgIQFoqYGeyBbWnwLvePF8UyQjANBgkqhkiG9w0BAQsFADA8\nMRYwFAYDVQQKEw1wcm95ZWN0by1jaWNkMSIwIAYDVQQDDBkqLnByb3llY3RvLWNp\nY2QtZGV2LmxvY2FsMB4XDTI1MTEyODAxNDQxN1oXDTI2MTEyODAxNDQxN1owPDEW\nMBQGA1UEChMNcHJveWVjdG8tY2ljZDEiMCAGA1UEAwwZKi5wcm95ZWN0by1jaWNk\nLWRldi5sb2NhbDCCASIwDQYJKoZIhvcNAQEBBQADggEPADCCAQoCggEBAMYxWNsC\nSZxR2kA5TEr6795Y/8YV6VbE8mEVDRJULXItBzBy/k0lyww8RNB+00Ual0BgfzmS\nCPgp3RiIQ82oOzZ1PZvhV5DmWAtF9dQfmXgDc4TyZ0XTsX+NndTV0phOA/Re0EiL\nlwwy1A1sfDtaji4gviUbtBj+WaCY02wwVMT7p8RMqUkkdnDXoiHixGkPfJ6Uzf3A\nZ5tcMZXSYOAhb+qwgoDqwtiyxGZs5c0PJfDp4hPzQG+6MpM936ywFkwDRm4YbdHc\nfW7ja0CUEKnPVIxJ56inaZhMXbS3FB1Vmnu4rkrqkSyRxZNLV5nL+bTdwDkW/lKt\n1MLXaPAnR9rT07MCAwEAAaOBhjCBgzAOBgNVHQ8BAf8EBAMCBaAwEwYDVR0lBAww\nCgYIKwYBBQUHAwEwDAYDVR0TAQH/BAIwADBOBgNVHREERzBFgglsb2NhbGhvc3SC\nGSoucHJveWVjdG8tY2ljZC1kZXYubG9jYWyCF3Byb3llY3RvLWNpY2QtZGV2Lmxv\nY2FshwR/AAABMA0GCSqGSIb3DQEBCwUAA4IBAQAAosmkpQr6inUvaneVlVMmc3zn\nqhQ54BdfGqC+Z+ijVAIxrH+7WcnTLq0227CsU5aVGLksFukxIAWFBT2nH9YFfEqH\njHnAcTVqGuoMr62ZUiR5xQYqzPb6RXWwgXHN2THx30luZsYI9ncqCoMLmadJA9h/\nglAdMljQjM89gKdVd2Wl1qnr5UI19G60fmMLLLbOn6eFdvajyaknp/DltIRYaMjK\nNwphkUnARNf8BbqBOXzWZAz8RrqXq4shpMFtLGT7Vya/p4gkFF/bVCX1QgOQJL1t\nxh6881NaTlu3FPVzJRg2vPjv3JPlaUILsea+MDJE5vfwq0fMC7/+VdoObAYt\n-----END CERTIFICATE-----\n",
            "certificate_chain": null,
            "domain_name": "*.proyecto-cicd-dev.local",
            "domain_validation_options": [],
            "early_renewal_duration": "",
            "id": "arn:aws:acm:us-east-1:478806200706:certificate/3afce18f-9958-4036-9452-06de9550aa5e",
            "key_algorithm": "RSA_2048",
            "not_after": "2026-11-28T01:44:17Z",
            "not_before": "2025-11-28T01:44:17Z",
            "options": [
              {
                "certificate_transparency_logging_preference": "DISABLED"
              }
            ],
            "pending_renewal": false,
            "private_key": "-----BEGIN RSA PRIVATE KEY-----\nMIIEogIBAAKCAQEAxjFY2wJJnFHaQDlMSvrv3lj/xhXpVsTyYRUNElQtci0HMHL+\nTSXLDDxE0H7TRRqXQGB/OZII+CndGIhDzag7NnU9m+FXkOZYC0X11B+ZeANzhPJn\nRdOxf42d1NXSmE4D9F7QSIuXDDLUDWx8O1qOLiC+JRu0GP5ZoJjTbDBUxPunxEyp\nSSR2cNeiIeLEaQ98npTN/cBnm1wxldJg4CFv6rCCgOrC2LLEZmzlzQ8l8OniE/NA\nb7oykz3frLAWTANGbhht0dx9buNrQJQQqc9UjEnnqKdpmExdtLcUHVWae7iuSuqR\nLJHFk0tXmcv5tN3AORb+Uq3Uwtdo8CdH2tPTswIDAQABAoIBACuzp+cq+vZIKjrt\nJ4CFEq1RrJyOKlSiuttjW+2FuDur6CDryl1SjxJUm8vpm0ZqlZ1xabxVEjs+Z+1H\n5sOLa/sXIQ2lQ7zEvfdGZu1uRlXrVOak2NbR1hrNLFdJCtXgpgiVe5Hzjcv3zUBk\ngoRH9IABYkwmbrDwLO03pa7+fUKt47jpxJmmwzz51PWFgJP8y37GerTBQPKx6A7U\nIHOWk//CfyUhsJ2aDq4ZNVFNKIi+0+R3B4pPE5k/x7ECXHkKD26amsPbqxwH04Kj\nPwAvZLcE1NbSQeJIxYyMWmOqRLDJ7gIfVcx/bB0DaanplO7NcSV3Lj7QbCT4SYRh\n1QrFZfkCgYEA5Dhb5UUTP+lrcpEvZJ7yDLo3bGsS2ADvjmmeXq7ldhlggERDHqk/\n+KBDKmVoBOwxUiCyFoqb/SxhgjZvhujl5KOPZzbWU4PnM6p9KLK7W3Kqc04lKfRO\n+1qu7pkBsTg4e4LfY2crcdF33KhLxdTGA8DRaL7a1Wo7c4kdS+bPrC0CgYEA3lFL\nh0gEBGr0CyeSTGaMxH0s1Vqy/Kz09X/HiNBeMN62ywaXaznxB0InDLnA7MvU4JoB\n8EeaSU7Hg/pnylXxbDIh1ETZt6A2EJrgeWXg64pwtQB6sILeZ05lECJwx8f/jiwg\nppu640/kMPWo03ITYRRe9RRMrsn1yG4MR5XxC18CgYAx/77yTd3XxLXLlc9CRihV\nbX6y/ApW1G2nT7BoofyXkRu5PjtOPlpLiCDu6uSNH4n2qj8Z/SgLoWuDcZWhgujK\n3KKQRE1UYrOGeDWPcwjlEgwR0u8FcAbVvppQn6jlQKHvPU7fojy8ZN3Ts/NV1jXD\noLzALAAZfXqk50dJ17lryQKBgElX/pfp3VFry4lmi7Bi4KvuM/1LR+NuV/4qIrTz\nMS/kOd/vE8NPQUJIw8NCAPDeKiPTCzKvHKp0sAPNd7Jb+iLcwyZZdI5M76k4vzet\nsa9jY92DA/b5pc/lIBhblGOEir3ntvngRJ67e6ffU8w2RUhwxQcLpGTBwjFWhPyU\n7gn3AoGAcN5t1MGesnihL4Gi4qrOUAN901LmPHSNbDZ9Idbr7ujXVqBWN5NcMJXZ\nz5hcCRmULNt/xfQJXu6SnZlqf7Uz5Nfh9hdNZoRQNjb3YAIaEzF+rrbFyEUyaQOn\nndPQm2pHIOGE8CfXJdO2Q3TjRGQEEepqxPYGBPRo4EognVrxPCA=\n-----END RSA PRIVATE KEY-----\n",
            "renewal_eligibility": "INELIGIBLE",
            "renewal_summary": [],
            "status": "ISSUED",
            "subject_alternative_names": [
              "*.proyecto-cicd-dev.local",
              "localhost",
              "proyecto-cicd-dev.local"
            ],
            "tags": {
              "Environment": "dev",
              "Name": "proyecto-cicd-dev-self-signed-cert",
              "Type": "Self-Signed"
            },
            "tags_all": {
              "Environment": "dev",
              "ManagedBy": "Terraform",
              "Name": "proyecto-cicd-dev-self-signed-cert",
              "Project": "proyecto-cicd",
              "Type": "Self-Signed"
            },
            "type": "IMPORTED",
            "validation_emails": [],
            "validation_method": "NONE",
            "validation_option": []
          },
          "sensitive_attributes": [
            [
              {
                "type": "get_attr",
                "value": "private_key"
              }
            ]
          ],
          "private": "bnVsbA==",
          "dependencies": [
            "tls_private_key.self_signed",
            "tls_self_signed_cert.self_signed"
          ],
          "create_before_destroy": true
        }
      ]
    },
    {
      "mode": "managed",
      "type": "aws_cloudwatch_dashboard",
      "name": "main",
      "provider": "provider[\"registry.terraform.io/hashicorp/aws\"]",
      "instances": [
        {
          "schema_version": 0,
          "attributes": {
            "dashboard_arn": "arn:aws:cloudwatch::478806200706:dashboard/proyecto-cicd-dev-dashboard",
            "dashboard_body": "{\"widgets\":[{\"properties\":{\"metrics\":[[\"AWS/ECS\",\"CPUUtilization\",{\"stat\":\"Average\"}],[\".\",\"MemoryUtilization\",{\"stat\":\"Average\"}]],\"period\":300,\"region\":\"us-east-1\",\"stat\":\"Average\",\"title\":\"ECS Cluster Metrics\"},\"type\":\"metric\"},{\"properties\":{\"metrics\":[[\"AWS/ApplicationELB\",\"TargetResponseTime\",{\"stat\":\"Average\"}],[\".\",\"RequestCount\",{\"stat\":\"Sum\"}]],\"period\":300,\"region\":\"us-east-1\",\"stat\":\"Average\",\"title\":\"ALB Metrics\"},\"type\":\"metric\"}]}",
            "dashboard_name": "proyecto-cicd-dev-dashboard",
            "id": "proyecto-cicd-dev-dashboard"
          },
          "sensitive_attributes": [],
          "private": "bnVsbA=="
        }
      ]
    },
    {
      "mode": "managed",
      "type": "aws_cloudwatch_log_group",
      "name": "ecs",
      "provider": "provider[\"registry.terraform.io/hashicorp/aws\"]",
      "instances": [
        {
          "schema_version": 0,
          "attributes": {
            "arn": "arn:aws:logs:us-east-1:478806200706:log-group:/ecs/proyecto-cicd-dev",
            "id": "/ecs/proyecto-cicd-dev",
            "kms_key_id": "",
            "log_group_class": "STANDARD",
            "name": "/ecs/proyecto-cicd-dev",
            "name_prefix": "",
            "retention_in_days": 7,
            "skip_destroy": false,
            "tags": {
              "Name": "proyecto-cicd-dev-ecs-logs"
            },
            "tags_all": {
              "Environment": "dev",
              "ManagedBy": "Terraform",
              "Name": "proyecto-cicd-dev-ecs-logs",
              "Project": "proyecto-cicd"
            }
          },
          "sensitive_attributes": [],
          "private": "bnVsbA=="
        }
      ]
    },
    {
      "mode": "managed",
      "type": "aws_cloudwatch_metric_alarm",
      "name": "alb_target_response_time",
      "provider": "provider[\"registry.terraform.io/hashicorp/aws\"]",
      "instances": [
        {
          "schema_version": 1,
          "attributes": {
            "actions_enabled": true,
            "alarm_actions": [],
            "alarm_description": "Alert when response time is too high",
            "alarm_name": "proyecto-cicd-dev-alb-response-time",
            "arn": "arn:aws:cloudwatch:us-east-1:478806200706:alarm:proyecto-cicd-dev-alb-response-time",
            "comparison_operator": "GreaterThanThreshold",
            "datapoints_to_alarm": 0,
            "dimensions": {
              "LoadBalancer": "app/proyecto-cicd-dev-alb/46be597a0d0d7c12"
            },
            "evaluate_low_sample_count_percentiles": "",
            "evaluation_periods": 2,
            "extended_statistic": "",
            "id": "proyecto-cicd-dev-alb-response-time",
            "insufficient_data_actions": [],
            "metric_name": "TargetResponseTime",
            "metric_query": [],
            "namespace": "AWS/ApplicationELB",
            "ok_actions": [],
            "period": 60,
            "statistic": "Average",
            "tags": {},
            "tags_all": {
              "Environment": "dev",
              "ManagedBy": "Terraform",
              "Project": "proyecto-cicd"
            },
            "threshold": 1,
            "threshold_metric_id": "",
            "treat_missing_data": "missing",
            "unit": ""
          },
          "sensitive_attributes": [],
          "private": "eyJzY2hlbWFfdmVyc2lvbiI6IjEifQ==",
          "dependencies": [
            "aws_lb.main",
            "aws_security_group.alb",
            "aws_subnet.public",
            "aws_vpc.main",
            "data.aws_availability_zones.available"
          ]
        }
      ]
    },
    {
      "mode": "managed",
      "type": "aws_cloudwatch_metric_alarm",
      "name": "ecs_cpu_high",
      "provider": "provider[\"registry.terraform.io/hashicorp/aws\"]",
      "instances": [
        {
          "schema_version": 1,
          "attributes": {
            "actions_enabled": true,
            "alarm_actions": [],
            "alarm_description": "Alert when ECS CPU is too high",
            "alarm_name": "proyecto-cicd-dev-ecs-cpu-high",
            "arn": "arn:aws:cloudwatch:us-east-1:478806200706:alarm:proyecto-cicd-dev-ecs-cpu-high",
            "comparison_operator": "GreaterThanThreshold",
            "datapoints_to_alarm": 0,
            "dimensions": {
              "ClusterName": "proyecto-cicd-dev-cluster",
              "ServiceName": "proyecto-cicd-dev-service"
            },
            "evaluate_low_sample_count_percentiles": "",
            "evaluation_periods": 2,
            "extended_statistic": "",
            "id": "proyecto-cicd-dev-ecs-cpu-high",
            "insufficient_data_actions": [],
            "metric_name": "CPUUtilization",
            "metric_query": [],
            "namespace": "AWS/ECS",
            "ok_actions": [],
            "period": 300,
            "statistic": "Average",
            "tags": {},
            "tags_all": {
              "Environment": "dev",
              "ManagedBy": "Terraform",
              "Project": "proyecto-cicd"
            },
            "threshold": 80,
            "threshold_metric_id": "",
            "treat_missing_data": "missing",
            "unit": ""
          },
          "sensitive_attributes": [],
          "private": "eyJzY2hlbWFfdmVyc2lvbiI6IjEifQ==",
          "dependencies": [
            "aws_cloudwatch_log_group.ecs",
            "aws_ecr_repository.app",
            "aws_ecs_cluster.main",
            "aws_ecs_service.app",
            "aws_ecs_task_definition.app",
            "aws_iam_role.ecs_task_execution_role",
            "aws_iam_role.ecs_task_role",
            "aws_iam_role_policy_attachment.ecs_task_execution_role_policy",
            "aws_lb.main",
            "aws_lb_listener.http",
            "aws_lb_target_group.app",
            "aws_security_group.alb",
            "aws_security_group.ecs_tasks",
            "aws_subnet.private",
            "aws_subnet.public",
            "aws_vpc.main",
            "data.aws_availability_zones.available"
          ]
        }
      ]
    },
    {
      "mode": "managed",
      "type": "aws_cloudwatch_metric_alarm",
      "name": "ecs_memory_high",
      "provider": "provider[\"registry.terraform.io/hashicorp/aws\"]",
      "instances": [
        {
          "schema_version": 1,
          "attributes": {
            "actions_enabled": true,
            "alarm_actions": [],
            "alarm_description": "Alert when ECS Memory is too high",
            "alarm_name": "proyecto-cicd-dev-ecs-memory-high",
            "arn": "arn:aws:cloudwatch:us-east-1:478806200706:alarm:proyecto-cicd-dev-ecs-memory-high",
            "comparison_operator": "GreaterThanThreshold",
            "datapoints_to_alarm": 0,
            "dimensions": {
              "ClusterName": "proyecto-cicd-dev-cluster",
              "ServiceName": "proyecto-cicd-dev-service"
            },
            "evaluate_low_sample_count_percentiles": "",
            "evaluation_periods": 2,
            "extended_statistic": "",
            "id": "proyecto-cicd-dev-ecs-memory-high",
            "insufficient_data_actions": [],
            "metric_name": "MemoryUtilization",
            "metric_query": [],
            "namespace": "AWS/ECS",
            "ok_actions": [],
            "period": 300,
            "statistic": "Average",
            "tags": {},
            "tags_all": {
              "Environment": "dev",
              "ManagedBy": "Terraform",
              "Project": "proyecto-cicd"
            },
            "threshold": 80,
            "threshold_metric_id": "",
            "treat_missing_data": "missing",
            "unit": ""
          },
          "sensitive_attributes": [],
          "private": "eyJzY2hlbWFfdmVyc2lvbiI6IjEifQ==",
          "dependencies": [
            "aws_cloudwatch_log_group.ecs",
            "aws_ecr_repository.app",
            "aws_ecs_cluster.main",
            "aws_ecs_service.app",
            "aws_ecs_task_definition.app",
            "aws_iam_role.ecs_task_execution_role",
            "aws_iam_role.ecs_task_role",
            "aws_iam_role_policy_attachment.ecs_task_execution_role_policy",
            "aws_lb.main",
            "aws_lb_listener.http",
            "aws_lb_target_group.app",
            "aws_security_group.alb",
            "aws_security_group.ecs_tasks",
            "aws_subnet.private",
            "aws_subnet.public",
            "aws_vpc.main",
            "data.aws_availability_zones.available"
          ]
        }
      ]
    },
    {
      "mode": "managed",
      "type": "aws_db_instance",
      "name": "main",
      "provider": "provider[\"registry.terraform.io/hashicorp/aws\"]",
      "instances": [
        {
          "schema_version": 2,
          "attributes": {
            "address": "proyecto-cicd-dev-mysql.c6zg8ocuqyw5.us-east-1.rds.amazonaws.com",
            "allocated_storage": 20,
            "allow_major_version_upgrade": null,
            "apply_immediately": false,
            "arn": "arn:aws:rds:us-east-1:478806200706:db:proyecto-cicd-dev-mysql",
            "auto_minor_version_upgrade": true,
            "availability_zone": "us-east-1a",
            "backup_retention_period": 7,
            "backup_target": "region",
            "backup_window": "03:00-04:00",
            "blue_green_update": [],
            "ca_cert_identifier": "rds-ca-rsa2048-g1",
            "character_set_name": "",
            "copy_tags_to_snapshot": false,
            "custom_iam_instance_profile": "",
            "customer_owned_ip_enabled": false,
            "database_insights_mode": "standard",
            "db_name": "appdb",
            "db_subnet_group_name": "proyecto-cicd-dev-db-subnet-group",
            "dedicated_log_volume": false,
            "delete_automated_backups": true,
            "deletion_protection": false,
            "domain": "",
            "domain_auth_secret_arn": "",
            "domain_dns_ips": [],
            "domain_fqdn": "",
            "domain_iam_role_name": "",
            "domain_ou": "",
            "enabled_cloudwatch_logs_exports": [
              "error",
              "general",
              "slowquery"
            ],
            "endpoint": "proyecto-cicd-dev-mysql.c6zg8ocuqyw5.us-east-1.rds.amazonaws.com:3306",
            "engine": "mysql",
            "engine_lifecycle_support": "open-source-rds-extended-support",
            "engine_version": "8.0.39",
            "engine_version_actual": "8.0.39",
            "final_snapshot_identifier": "proyecto-cicd-dev-final-snapshot-2025-11-28-0303",
            "hosted_zone_id": "Z2R2ITUGPM61AM",
            "iam_database_authentication_enabled": false,
            "id": "db-PFRYONNNZMFOXCAWBEMNJSV5DM",
            "identifier": "proyecto-cicd-dev-mysql",
            "identifier_prefix": "",
            "instance_class": "db.t3.micro",
            "iops": 0,
            "kms_key_id": "arn:aws:kms:us-east-1:478806200706:key/a4ae4fcb-ed50-4e14-bbe8-f1d6f1101917",
            "latest_restorable_time": "2025-11-28T03:00:00Z",
            "license_model": "general-public-license",
            "listener_endpoint": [],
            "maintenance_window": "mon:04:00-mon:05:00",
            "manage_master_user_password": null,
            "master_user_secret": [],
            "master_user_secret_kms_key_id": null,
            "max_allocated_storage": 0,
            "monitoring_interval": 60,
            "monitoring_role_arn": "arn:aws:iam::478806200706:role/proyecto-cicd-dev-rds-monitoring-role",
            "multi_az": false,
            "nchar_character_set_name": "",
            "network_type": "IPV4",
            "option_group_name": "default:mysql-8-0",
            "parameter_group_name": "default.mysql8.0",
            "password": "NXRz1Jw*cfS60L3B",
            "password_wo": null,
            "password_wo_version": null,
            "performance_insights_enabled": false,
            "performance_insights_kms_key_id": "",
            "performance_insights_retention_period": 0,
            "port": 3306,
            "publicly_accessible": false,
            "replica_mode": "",
            "replicas": [],
            "replicate_source_db": "",
            "resource_id": "db-PFRYONNNZMFOXCAWBEMNJSV5DM",
            "restore_to_point_in_time": [],
            "s3_import": [],
            "skip_final_snapshot": true,
            "snapshot_identifier": null,
            "status": "available",
            "storage_encrypted": true,
            "storage_throughput": 0,
            "storage_type": "gp2",
            "tags": {
              "Name": "proyecto-cicd-dev-mysql"
            },
            "tags_all": {
              "Environment": "dev",
              "ManagedBy": "Terraform",
              "Name": "proyecto-cicd-dev-mysql",
              "Project": "proyecto-cicd"
            },
            "timeouts": null,
            "timezone": "",
            "upgrade_storage_config": null,
            "username": "admin",
            "vpc_security_group_ids": [
              "sg-054b36d0201cb3006"
            ]
          },
          "sensitive_attributes": [
            [
              {
                "type": "get_attr",
                "value": "password_wo"
              }
            ],
            [
              {
                "type": "get_attr",
                "value": "password"
              }
            ]
          ],
          "private": "eyJlMmJmYjczMC1lY2FhLTExZTYtOGY4OC0zNDM2M2JjN2M0YzAiOnsiY3JlYXRlIjozMDAwMDAwMDAwMDAwLCJkZWxldGUiOjM2MDAwMDAwMDAwMDAsInVwZGF0ZSI6NDgwMDAwMDAwMDAwMH0sInNjaGVtYV92ZXJzaW9uIjoiMiJ9",
          "dependencies": [
            "aws_db_subnet_group.main",
            "aws_iam_role.rds_monitoring",
            "aws_security_group.alb",
            "aws_security_group.ecs_tasks",
            "aws_security_group.rds",
            "aws_subnet.private",
            "aws_vpc.main",
            "data.aws_availability_zones.available",
            "random_password.db_password"
          ]
        }
      ]
    },
    {
      "mode": "managed",
      "type": "aws_db_subnet_group",
      "name": "main",
      "provider": "provider[\"registry.terraform.io/hashicorp/aws\"]",
      "instances": [
        {
          "schema_version": 0,
          "attributes": {
            "arn": "arn:aws:rds:us-east-1:478806200706:subgrp:proyecto-cicd-dev-db-subnet-group",
            "description": "Managed by Terraform",
            "id": "proyecto-cicd-dev-db-subnet-group",
            "name": "proyecto-cicd-dev-db-subnet-group",
            "name_prefix": "",
            "subnet_ids": [
              "subnet-00b2fc15abd356e20",
              "subnet-01e15b432201c33c7"
            ],
            "supported_network_types": [
              "IPV4"
            ],
            "tags": {
              "Name": "proyecto-cicd-dev-db-subnet-group"
            },
            "tags_all": {
              "Environment": "dev",
              "ManagedBy": "Terraform",
              "Name": "proyecto-cicd-dev-db-subnet-group",
              "Project": "proyecto-cicd"
            },
            "vpc_id": "vpc-0e7c23ceb4e54273a"
          },
          "sensitive_attributes": [],
          "private": "bnVsbA==",
          "dependencies": [
            "aws_subnet.private",
            "aws_vpc.main",
            "data.aws_availability_zones.available"
          ]
        }
      ]
    },
    {
      "mode": "managed",
      "type": "aws_ecr_lifecycle_policy",
      "name": "app",
      "provider": "provider[\"registry.terraform.io/hashicorp/aws\"]",
      "instances": [
        {
          "schema_version": 0,
          "attributes": {
            "id": "proyecto-cicd-dev-app",
            "policy": "{\"rules\":[{\"action\":{\"type\":\"expire\"},\"description\":\"Keep last 10 tagged images\",\"rulePriority\":1,\"selection\":{\"countNumber\":10,\"countType\":\"imageCountMoreThan\",\"tagPrefixList\":[\"v\",\"latest\"],\"tagStatus\":\"tagged\"}},{\"action\":{\"type\":\"expire\"},\"description\":\"Remove untagged images older than 7 days\",\"rulePriority\":2,\"selection\":{\"countNumber\":7,\"countType\":\"sinceImagePushed\",\"countUnit\":\"days\",\"tagStatus\":\"untagged\"}}]}",
            "registry_id": "478806200706",
            "repository": "proyecto-cicd-dev-app"
          },
          "sensitive_attributes": [],
          "private": "bnVsbA==",
          "dependencies": [
            "aws_ecr_repository.app"
          ]
        }
      ]
    },
    {
      "mode": "managed",
      "type": "aws_ecr_repository",
      "name": "app",
      "provider": "provider[\"registry.terraform.io/hashicorp/aws\"]",
      "instances": [
        {
          "schema_version": 0,
          "attributes": {
            "arn": "arn:aws:ecr:us-east-1:478806200706:repository/proyecto-cicd-dev-app",
            "encryption_configuration": [
              {
                "encryption_type": "AES256",
                "kms_key": ""
              }
            ],
            "force_delete": null,
            "id": "proyecto-cicd-dev-app",
            "image_scanning_configuration": [
              {
                "scan_on_push": true
              }
            ],
            "image_tag_mutability": "MUTABLE",
            "name": "proyecto-cicd-dev-app",
            "registry_id": "478806200706",
            "repository_url": "478806200706.dkr.ecr.us-east-1.amazonaws.com/proyecto-cicd-dev-app",
            "tags": {
              "Name": "proyecto-cicd-dev-ecr"
            },
            "tags_all": {
              "Environment": "dev",
              "ManagedBy": "Terraform",
              "Name": "proyecto-cicd-dev-ecr",
              "Project": "proyecto-cicd"
            },
            "timeouts": null
          },
          "sensitive_attributes": [],
          "private": "eyJlMmJmYjczMC1lY2FhLTExZTYtOGY4OC0zNDM2M2JjN2M0YzAiOnsiZGVsZXRlIjoxMjAwMDAwMDAwMDAwfX0="
        }
      ]
    },
    {
      "mode": "managed",
      "type": "aws_ecs_cluster",
      "name": "main",
      "provider": "provider[\"registry.terraform.io/hashicorp/aws\"]",
      "instances": [
        {
          "schema_version": 0,
          "attributes": {
            "arn": "arn:aws:ecs:us-east-1:478806200706:cluster/proyecto-cicd-dev-cluster",
            "configuration": [],
            "id": "arn:aws:ecs:us-east-1:478806200706:cluster/proyecto-cicd-dev-cluster",
            "name": "proyecto-cicd-dev-cluster",
            "service_connect_defaults": [],
            "setting": [
              {
                "name": "containerInsights",
                "value": "enabled"
              }
            ],
            "tags": {
              "Name": "proyecto-cicd-dev-cluster"
            },
            "tags_all": {
              "Environment": "dev",
              "ManagedBy": "Terraform",
              "Name": "proyecto-cicd-dev-cluster",
              "Project": "proyecto-cicd"
            }
          },
          "sensitive_attributes": [],
          "private": "bnVsbA=="
        }
      ]
    },
    {
      "mode": "managed",
      "type": "aws_ecs_service",
      "name": "app",
      "provider": "provider[\"registry.terraform.io/hashicorp/aws\"]",
      "instances": [
        {
          "schema_version": 1,
          "attributes": {
            "alarms": [],
            "availability_zone_rebalancing": "DISABLED",
            "capacity_provider_strategy": [],
            "cluster": "arn:aws:ecs:us-east-1:478806200706:cluster/proyecto-cicd-dev-cluster",
            "deployment_circuit_breaker": [
              {
                "enable": false,
                "rollback": false
              }
            ],
            "deployment_controller": [
              {
                "type": "ECS"
              }
            ],
            "deployment_maximum_percent": 200,
            "deployment_minimum_healthy_percent": 100,
            "desired_count": 1,
            "enable_ecs_managed_tags": false,
            "enable_execute_command": false,
            "force_delete": null,
            "force_new_deployment": null,
            "health_check_grace_period_seconds": 60,
            "iam_role": "/aws-service-role/ecs.amazonaws.com/AWSServiceRoleForECS",
            "id": "arn:aws:ecs:us-east-1:478806200706:service/proyecto-cicd-dev-cluster/proyecto-cicd-dev-service",
            "launch_type": "FARGATE",
            "load_balancer": [
              {
                "container_name": "proyecto-cicd-dev-container",
                "container_port": 3000,
                "elb_name": "",
                "target_group_arn": "arn:aws:elasticloadbalancing:us-east-1:478806200706:targetgroup/proyecto-cicd-dev-tg/d51a3e3922227021"
              }
            ],
            "name": "proyecto-cicd-dev-service",
            "network_configuration": [
              {
                "assign_public_ip": true,
                "security_groups": [
                  "sg-0967c740aac36bb09"
                ],
                "subnets": [
                  "subnet-00b2fc15abd356e20",
                  "subnet-01e15b432201c33c7"
                ]
              }
            ],
            "ordered_placement_strategy": [],
            "placement_constraints": [],
            "platform_version": "LATEST",
            "propagate_tags": "NONE",
            "scheduling_strategy": "REPLICA",
            "service_connect_configuration": [],
            "service_registries": [],
            "tags": {
              "Name": "proyecto-cicd-dev-service"
            },
            "tags_all": {
              "Environment": "dev",
              "ManagedBy": "Terraform",
              "Name": "proyecto-cicd-dev-service",
              "Project": "proyecto-cicd"
            },
            "task_definition": "arn:aws:ecs:us-east-1:478806200706:task-definition/proyecto-cicd-dev-task:12",
            "timeouts": null,
            "triggers": {},
            "volume_configuration": [],
            "vpc_lattice_configurations": [],
            "wait_for_steady_state": false
          },
          "sensitive_attributes": [],
          "private": "eyJlMmJmYjczMC1lY2FhLTExZTYtOGY4OC0zNDM2M2JjN2M0YzAiOnsiY3JlYXRlIjoxMjAwMDAwMDAwMDAwLCJkZWxldGUiOjEyMDAwMDAwMDAwMDAsInVwZGF0ZSI6MTIwMDAwMDAwMDAwMH0sInNjaGVtYV92ZXJzaW9uIjoiMSJ9",
          "dependencies": [
            "aws_cloudwatch_log_group.ecs",
            "aws_ecr_repository.app",
            "aws_ecs_cluster.main",
            "aws_ecs_task_definition.app",
            "aws_iam_role.ecs_task_execution_role",
            "aws_iam_role.ecs_task_role",
            "aws_iam_role_policy_attachment.ecs_task_execution_role_policy",
            "aws_lb.main",
            "aws_lb_listener.http",
            "aws_lb_target_group.app",
            "aws_security_group.alb",
            "aws_security_group.ecs_tasks",
            "aws_subnet.private",
            "aws_subnet.public",
            "aws_vpc.main",
            "data.aws_availability_zones.available"
          ]
        }
      ]
    },
    {
      "mode": "managed",
      "type": "aws_ecs_task_definition",
      "name": "app",
      "provider": "provider[\"registry.terraform.io/hashicorp/aws\"]",
      "instances": [
        {
          "schema_version": 1,
          "attributes": {
            "arn": "arn:aws:ecs:us-east-1:478806200706:task-definition/proyecto-cicd-dev-task:12",
            "arn_without_revision": "arn:aws:ecs:us-east-1:478806200706:task-definition/proyecto-cicd-dev-task",
            "container_definitions": "[{\"environment\":[{\"name\":\"NODE_ENV\",\"value\":\"dev\"},{\"name\":\"PORT\",\"value\":\"3000\"}],\"essential\":true,\"healthCheck\":{\"command\":[\"CMD-SHELL\",\"curl -f http://localhost:3000/health || exit 1\"],\"interval\":30,\"retries\":3,\"startPeriod\":60,\"timeout\":5},\"image\":\"478806200706.dkr.ecr.us-east-1.amazonaws.com/proyecto-cicd-dev-app:latest\",\"logConfiguration\":{\"logDriver\":\"awslogs\",\"options\":{\"awslogs-group\":\"/ecs/proyecto-cicd-dev\",\"awslogs-region\":\"us-east-1\",\"awslogs-stream-prefix\":\"ecs\"}},\"mountPoints\":[],\"name\":\"proyecto-cicd-dev-container\",\"portMappings\":[{\"containerPort\":3000,\"hostPort\":3000,\"protocol\":\"tcp\"}],\"systemControls\":[],\"volumesFrom\":[]}]",
            "cpu": "256",
            "enable_fault_injection": false,
            "ephemeral_storage": [],
            "execution_role_arn": "arn:aws:iam::478806200706:role/proyecto-cicd-dev-ecs-task-execution-role",
            "family": "proyecto-cicd-dev-task",
            "id": "proyecto-cicd-dev-task",
            "inference_accelerator": [],
            "ipc_mode": "",
            "memory": "512",
            "network_mode": "awsvpc",
            "pid_mode": "",
            "placement_constraints": [],
            "proxy_configuration": [],
            "requires_compatibilities": [
              "FARGATE"
            ],
            "revision": 12,
            "runtime_platform": [],
            "skip_destroy": false,
            "tags": {
              "Name": "proyecto-cicd-dev-task"
            },
            "tags_all": {
              "Environment": "dev",
              "ManagedBy": "Terraform",
              "Name": "proyecto-cicd-dev-task",
              "Project": "proyecto-cicd"
            },
            "task_role_arn": "arn:aws:iam::478806200706:role/proyecto-cicd-dev-ecs-task-role",
            "track_latest": false,
            "volume": []
          },
          "sensitive_attributes": [],
          "private": "eyJzY2hlbWFfdmVyc2lvbiI6IjEifQ==",
          "dependencies": [
            "aws_cloudwatch_log_group.ecs",
            "aws_ecr_repository.app",
            "aws_iam_role.ecs_task_execution_role",
            "aws_iam_role.ecs_task_role"
          ]
        }
      ]
    },
    {
      "mode": "managed",
      "type": "aws_iam_role",
      "name": "ecs_task_execution_role",
      "provider": "provider[\"registry.terraform.io/hashicorp/aws\"]",
      "instances": [
        {
          "schema_version": 0,
          "attributes": {
            "arn": "arn:aws:iam::478806200706:role/proyecto-cicd-dev-ecs-task-execution-role",
            "assume_role_policy": "{\"Statement\":[{\"Action\":\"sts:AssumeRole\",\"Effect\":\"Allow\",\"Principal\":{\"Service\":\"ecs-tasks.amazonaws.com\"}}],\"Version\":\"2012-10-17\"}",
            "create_date": "2025-11-27T02:43:34Z",
            "description": "",
            "force_detach_policies": false,
            "id": "proyecto-cicd-dev-ecs-task-execution-role",
            "inline_policy": [
              {
                "name": "proyecto-cicd-dev-ecs-cloudwatch-policy",
                "policy": "{\"Version\":\"2012-10-17\",\"Statement\":[{\"Action\":[\"logs:CreateLogGroup\",\"logs:CreateLogStream\",\"logs:PutLogEvents\"],\"Effect\":\"Allow\",\"Resource\":\"*\"}]}"
              },
              {
                "name": "proyecto-cicd-dev-ecs-kms-policy",
                "policy": "{\"Version\":\"2012-10-17\",\"Statement\":[{\"Action\":[\"kms:Decrypt\",\"kms:DescribeKey\"],\"Effect\":\"Allow\",\"Resource\":\"*\"}]}"
              },
              {
                "name": "proyecto-cicd-dev-ecs-secrets-policy",
                "policy": "{\"Version\":\"2012-10-17\",\"Statement\":[{\"Action\":[\"secretsmanager:GetSecretValue\",\"secretsmanager:DescribeSecret\"],\"Effect\":\"Allow\",\"Resource\":[\"arn:aws:secretsmanager:us-east-1:*:secret:proyecto-cicd-dev-*\"]}]}"
              }
            ],
            "managed_policy_arns": [
              "arn:aws:iam::aws:policy/service-role/AmazonECSTaskExecutionRolePolicy"
            ],
            "max_session_duration": 3600,
            "name": "proyecto-cicd-dev-ecs-task-execution-role",
            "name_prefix": "",
            "path": "/",
            "permissions_boundary": "",
            "tags": {
              "Name": "proyecto-cicd-dev-ecs-execution-role"
            },
            "tags_all": {
              "Environment": "dev",
              "ManagedBy": "Terraform",
              "Name": "proyecto-cicd-dev-ecs-execution-role",
              "Project": "proyecto-cicd"
            },
            "unique_id": "AROAW66YS2GBOY6K5XQKZ"
          },
          "sensitive_attributes": [],
          "private": "bnVsbA=="
        }
      ]
    },
    {
      "mode": "managed",
      "type": "aws_iam_role",
      "name": "ecs_task_role",
      "provider": "provider[\"registry.terraform.io/hashicorp/aws\"]",
      "instances": [
        {
          "schema_version": 0,
          "attributes": {
            "arn": "arn:aws:iam::478806200706:role/proyecto-cicd-dev-ecs-task-role",
            "assume_role_policy": "{\"Statement\":[{\"Action\":\"sts:AssumeRole\",\"Effect\":\"Allow\",\"Principal\":{\"Service\":\"ecs-tasks.amazonaws.com\"}}],\"Version\":\"2012-10-17\"}",
            "create_date": "2025-11-27T02:43:34Z",
            "description": "",
            "force_detach_policies": false,
            "id": "proyecto-cicd-dev-ecs-task-role",
            "inline_policy": [
              {
                "name": "proyecto-cicd-dev-ecs-task-policy",
                "policy": "{\"Version\":\"2012-10-17\",\"Statement\":[{\"Action\":[\"s3:GetObject\",\"s3:ListBucket\"],\"Effect\":\"Allow\",\"Resource\":\"*\"}]}"
              }
            ],
            "managed_policy_arns": [],
            "max_session_duration": 3600,
            "name": "proyecto-cicd-dev-ecs-task-role",
            "name_prefix": "",
            "path": "/",
            "permissions_boundary": "",
            "tags": {
              "Name": "proyecto-cicd-dev-ecs-task-role"
            },
            "tags_all": {
              "Environment": "dev",
              "ManagedBy": "Terraform",
              "Name": "proyecto-cicd-dev-ecs-task-role",
              "Project": "proyecto-cicd"
            },
            "unique_id": "AROAW66YS2GBDPOZ7T7BV"
          },
          "sensitive_attributes": [],
          "private": "bnVsbA=="
        }
      ]
    },
    {
      "mode": "managed",
      "type": "aws_iam_role",
      "name": "rds_monitoring",
      "provider": "provider[\"registry.terraform.io/hashicorp/aws\"]",
      "instances": [
        {
          "schema_version": 0,
          "attributes": {
            "arn": "arn:aws:iam::478806200706:role/proyecto-cicd-dev-rds-monitoring-role",
            "assume_role_policy": "{\"Statement\":[{\"Action\":\"sts:AssumeRole\",\"Effect\":\"Allow\",\"Principal\":{\"Service\":\"monitoring.rds.amazonaws.com\"}}],\"Version\":\"2012-10-17\"}",
            "create_date": "2025-11-27T02:43:34Z",
            "description": "",
            "force_detach_policies": false,
            "id": "proyecto-cicd-dev-rds-monitoring-role",
            "inline_policy": [],
            "managed_policy_arns": [
              "arn:aws:iam::aws:policy/service-role/AmazonRDSEnhancedMonitoringRole"
            ],
            "max_session_duration": 3600,
            "name": "proyecto-cicd-dev-rds-monitoring-role",
            "name_prefix": "",
            "path": "/",
            "permissions_boundary": "",
            "tags": {
              "Name": "proyecto-cicd-dev-rds-monitoring-role"
            },
            "tags_all": {
              "Environment": "dev",
              "ManagedBy": "Terraform",
              "Name": "proyecto-cicd-dev-rds-monitoring-role",
              "Project": "proyecto-cicd"
            },
            "unique_id": "AROAW66YS2GBMICJJ4ABW"
          },
          "sensitive_attributes": [],
          "private": "bnVsbA=="
        }
      ]
    },
    {
      "mode": "managed",
      "type": "aws_iam_role_policy",
      "name": "ecs_task_execution_cloudwatch",
      "provider": "provider[\"registry.terraform.io/hashicorp/aws\"]",
      "instances": [
        {
          "schema_version": 0,
          "attributes": {
            "id": "proyecto-cicd-dev-ecs-task-execution-role:proyecto-cicd-dev-ecs-cloudwatch-policy",
            "name": "proyecto-cicd-dev-ecs-cloudwatch-policy",
            "name_prefix": "",
            "policy": "{\"Version\":\"2012-10-17\",\"Statement\":[{\"Action\":[\"logs:CreateLogGroup\",\"logs:CreateLogStream\",\"logs:PutLogEvents\"],\"Effect\":\"Allow\",\"Resource\":\"*\"}]}",
            "role": "proyecto-cicd-dev-ecs-task-execution-role"
          },
          "sensitive_attributes": [],
          "private": "bnVsbA==",
          "dependencies": [
            "aws_iam_role.ecs_task_execution_role"
          ]
        }
      ]
    },
    {
      "mode": "managed",
      "type": "aws_iam_role_policy",
      "name": "ecs_task_execution_kms",
      "provider": "provider[\"registry.terraform.io/hashicorp/aws\"]",
      "instances": [
        {
          "schema_version": 0,
          "attributes": {
            "id": "proyecto-cicd-dev-ecs-task-execution-role:proyecto-cicd-dev-ecs-kms-policy",
            "name": "proyecto-cicd-dev-ecs-kms-policy",
            "name_prefix": "",
            "policy": "{\"Version\":\"2012-10-17\",\"Statement\":[{\"Action\":[\"kms:Decrypt\",\"kms:DescribeKey\"],\"Effect\":\"Allow\",\"Resource\":\"*\"}]}",
            "role": "proyecto-cicd-dev-ecs-task-execution-role"
          },
          "sensitive_attributes": [],
          "private": "bnVsbA==",
          "dependencies": [
            "aws_iam_role.ecs_task_execution_role"
          ]
        }
      ]
    },
    {
      "mode": "managed",
      "type": "aws_iam_role_policy",
      "name": "ecs_task_execution_secrets",
      "provider": "provider[\"registry.terraform.io/hashicorp/aws\"]",
      "instances": [
        {
          "schema_version": 0,
          "attributes": {
            "id": "proyecto-cicd-dev-ecs-task-execution-role:proyecto-cicd-dev-ecs-secrets-policy",
            "name": "proyecto-cicd-dev-ecs-secrets-policy",
            "name_prefix": "",
            "policy": "{\"Version\":\"2012-10-17\",\"Statement\":[{\"Action\":[\"secretsmanager:GetSecretValue\",\"secretsmanager:DescribeSecret\"],\"Effect\":\"Allow\",\"Resource\":[\"arn:aws:secretsmanager:us-east-1:*:secret:proyecto-cicd-dev-*\"]}]}",
            "role": "proyecto-cicd-dev-ecs-task-execution-role"
          },
          "sensitive_attributes": [],
          "private": "bnVsbA==",
          "dependencies": [
            "aws_iam_role.ecs_task_execution_role"
          ]
        }
      ]
    },
    {
      "mode": "managed",
      "type": "aws_iam_role_policy",
      "name": "ecs_task_policy",
      "provider": "provider[\"registry.terraform.io/hashicorp/aws\"]",
      "instances": [
        {
          "schema_version": 0,
          "attributes": {
            "id": "proyecto-cicd-dev-ecs-task-role:proyecto-cicd-dev-ecs-task-policy",
            "name": "proyecto-cicd-dev-ecs-task-policy",
            "name_prefix": "",
            "policy": "{\"Version\":\"2012-10-17\",\"Statement\":[{\"Action\":[\"s3:GetObject\",\"s3:ListBucket\"],\"Effect\":\"Allow\",\"Resource\":\"*\"}]}",
            "role": "proyecto-cicd-dev-ecs-task-role"
          },
          "sensitive_attributes": [],
          "private": "bnVsbA==",
          "dependencies": [
            "aws_iam_role.ecs_task_role"
          ]
        }
      ]
    },
    {
      "mode": "managed",
      "type": "aws_iam_role_policy_attachment",
      "name": "ecs_task_execution_role_policy",
      "provider": "provider[\"registry.terraform.io/hashicorp/aws\"]",
      "instances": [
        {
          "schema_version": 0,
          "attributes": {
            "id": "proyecto-cicd-dev-ecs-task-execution-role-20251127024333376900000004",
            "policy_arn": "arn:aws:iam::aws:policy/service-role/AmazonECSTaskExecutionRolePolicy",
            "role": "proyecto-cicd-dev-ecs-task-execution-role"
          },
          "sensitive_attributes": [],
          "private": "bnVsbA==",
          "dependencies": [
            "aws_iam_role.ecs_task_execution_role"
          ]
        }
      ]
    },
    {
      "mode": "managed",
      "type": "aws_iam_role_policy_attachment",
      "name": "rds_monitoring",
      "provider": "provider[\"registry.terraform.io/hashicorp/aws\"]",
      "instances": [
        {
          "schema_version": 0,
          "attributes": {
            "id": "proyecto-cicd-dev-rds-monitoring-role-20251127024333568400000005",
            "policy_arn": "arn:aws:iam::aws:policy/service-role/AmazonRDSEnhancedMonitoringRole",
            "role": "proyecto-cicd-dev-rds-monitoring-role"
          },
          "sensitive_attributes": [],
          "private": "bnVsbA==",
          "dependencies": [
            "aws_iam_role.rds_monitoring"
          ]
        }
      ]
    },
    {
      "mode": "managed",
      "type": "aws_internet_gateway",
      "name": "main",
      "provider": "provider[\"registry.terraform.io/hashicorp/aws\"]",
      "instances": [
        {
          "schema_version": 0,
          "attributes": {
            "arn": "arn:aws:ec2:us-east-1:478806200706:internet-gateway/igw-08547f56ee7d841a3",
            "id": "igw-08547f56ee7d841a3",
            "owner_id": "478806200706",
            "tags": {
              "Name": "proyecto-cicd-dev-igw"
            },
            "tags_all": {
              "Environment": "dev",
              "ManagedBy": "Terraform",
              "Name": "proyecto-cicd-dev-igw",
              "Project": "proyecto-cicd"
            },
            "timeouts": null,
            "vpc_id": "vpc-0e7c23ceb4e54273a"
          },
          "sensitive_attributes": [],
          "private": "eyJlMmJmYjczMC1lY2FhLTExZTYtOGY4OC0zNDM2M2JjN2M0YzAiOnsiY3JlYXRlIjoxMjAwMDAwMDAwMDAwLCJkZWxldGUiOjEyMDAwMDAwMDAwMDAsInVwZGF0ZSI6MTIwMDAwMDAwMDAwMH19",
          "dependencies": [
            "aws_vpc.main"
          ]
        }
      ]
    },
    {
      "mode": "managed",
      "type": "aws_lb",
      "name": "main",
      "provider": "provider[\"registry.terraform.io/hashicorp/aws\"]",
      "instances": [
        {
          "schema_version": 0,
          "attributes": {
            "access_logs": [
              {
                "bucket": "",
                "enabled": false,
                "prefix": ""
              }
            ],
            "arn": "arn:aws:elasticloadbalancing:us-east-1:478806200706:loadbalancer/app/proyecto-cicd-dev-alb/46be597a0d0d7c12",
            "arn_suffix": "app/proyecto-cicd-dev-alb/46be597a0d0d7c12",
            "client_keep_alive": 3600,
            "connection_logs": [
              {
                "bucket": "",
                "enabled": false,
                "prefix": ""
              }
            ],
            "customer_owned_ipv4_pool": "",
            "desync_mitigation_mode": "defensive",
            "dns_name": "proyecto-cicd-dev-alb-925837977.us-east-1.elb.amazonaws.com",
            "dns_record_client_routing_policy": null,
            "drop_invalid_header_fields": false,
            "enable_cross_zone_load_balancing": true,
            "enable_deletion_protection": false,
            "enable_http2": true,
            "enable_tls_version_and_cipher_suite_headers": false,
            "enable_waf_fail_open": false,
            "enable_xff_client_port": false,
            "enable_zonal_shift": false,
            "enforce_security_group_inbound_rules_on_private_link_traffic": "",
            "id": "arn:aws:elasticloadbalancing:us-east-1:478806200706:loadbalancer/app/proyecto-cicd-dev-alb/46be597a0d0d7c12",
            "idle_timeout": 60,
            "internal": false,
            "ip_address_type": "ipv4",
            "ipam_pools": [],
            "load_balancer_type": "application",
            "minimum_load_balancer_capacity": [],
            "name": "proyecto-cicd-dev-alb",
            "name_prefix": "",
            "preserve_host_header": false,
            "security_groups": [
              "sg-090acb1adc23b45c3"
            ],
            "subnet_mapping": [
              {
                "allocation_id": "",
                "ipv6_address": "",
                "outpost_id": "",
                "private_ipv4_address": "",
                "subnet_id": "subnet-03e1e96ee0b1d54b0"
              },
              {
                "allocation_id": "",
                "ipv6_address": "",
                "outpost_id": "",
                "private_ipv4_address": "",
                "subnet_id": "subnet-087b9dde23abbd4a3"
              }
            ],
            "subnets": [
              "subnet-03e1e96ee0b1d54b0",
              "subnet-087b9dde23abbd4a3"
            ],
            "tags": {
              "Name": "proyecto-cicd-dev-alb"
            },
            "tags_all": {
              "Environment": "dev",
              "ManagedBy": "Terraform",
              "Name": "proyecto-cicd-dev-alb",
              "Project": "proyecto-cicd"
            },
            "timeouts": null,
            "vpc_id": "vpc-0e7c23ceb4e54273a",
            "xff_header_processing_mode": "append",
            "zone_id": "Z35SXDOTRQ7X7K"
          },
          "sensitive_attributes": [],
          "private": "eyJlMmJmYjczMC1lY2FhLTExZTYtOGY4OC0zNDM2M2JjN2M0YzAiOnsiY3JlYXRlIjo2MDAwMDAwMDAwMDAsImRlbGV0ZSI6NjAwMDAwMDAwMDAwLCJ1cGRhdGUiOjYwMDAwMDAwMDAwMH19",
          "dependencies": [
            "aws_security_group.alb",
            "aws_subnet.public",
            "aws_vpc.main",
            "data.aws_availability_zones.available"
          ]
        }
      ]
    },
    {
      "mode": "managed",
      "type": "aws_lb_listener",
      "name": "http",
      "provider": "provider[\"registry.terraform.io/hashicorp/aws\"]",
      "instances": [
        {
          "schema_version": 0,
          "attributes": {
            "alpn_policy": null,
            "arn": "arn:aws:elasticloadbalancing:us-east-1:478806200706:listener/app/proyecto-cicd-dev-alb/46be597a0d0d7c12/27c1fc60c6792a8f",
            "certificate_arn": null,
            "default_action": [
              {
                "authenticate_cognito": [],
                "authenticate_oidc": [],
                "fixed_response": [],
                "forward": [],
                "order": 1,
                "redirect": [],
                "target_group_arn": "arn:aws:elasticloadbalancing:us-east-1:478806200706:targetgroup/proyecto-cicd-dev-tg/d51a3e3922227021",
                "type": "forward"
              }
            ],
            "id": "arn:aws:elasticloadbalancing:us-east-1:478806200706:listener/app/proyecto-cicd-dev-alb/46be597a0d0d7c12/27c1fc60c6792a8f",
            "load_balancer_arn": "arn:aws:elasticloadbalancing:us-east-1:478806200706:loadbalancer/app/proyecto-cicd-dev-alb/46be597a0d0d7c12",
            "mutual_authentication": [],
            "port": 80,
            "protocol": "HTTP",
            "routing_http_request_x_amzn_mtls_clientcert_header_name": null,
            "routing_http_request_x_amzn_mtls_clientcert_issuer_header_name": null,
            "routing_http_request_x_amzn_mtls_clientcert_leaf_header_name": null,
            "routing_http_request_x_amzn_mtls_clientcert_serial_number_header_name": null,
            "routing_http_request_x_amzn_mtls_clientcert_subject_header_name": null,
            "routing_http_request_x_amzn_mtls_clientcert_validity_header_name": null,
            "routing_http_request_x_amzn_tls_cipher_suite_header_name": null,
            "routing_http_request_x_amzn_tls_version_header_name": null,
            "routing_http_response_access_control_allow_credentials_header_value": "",
            "routing_http_response_access_control_allow_headers_header_value": "",
            "routing_http_response_access_control_allow_methods_header_value": "",
            "routing_http_response_access_control_allow_origin_header_value": "",
            "routing_http_response_access_control_expose_headers_header_value": "",
            "routing_http_response_access_control_max_age_header_value": "",
            "routing_http_response_content_security_policy_header_value": "",
            "routing_http_response_server_enabled": true,
            "routing_http_response_strict_transport_security_header_value": "",
            "routing_http_response_x_content_type_options_header_value": "",
            "routing_http_response_x_frame_options_header_value": "",
            "ssl_policy": "",
            "tags": {},
            "tags_all": {
              "Environment": "dev",
              "ManagedBy": "Terraform",
              "Project": "proyecto-cicd"
            },
            "tcp_idle_timeout_seconds": null,
            "timeouts": null
          },
          "sensitive_attributes": [],
          "private": "eyJlMmJmYjczMC1lY2FhLTExZTYtOGY4OC0zNDM2M2JjN2M0YzAiOnsiY3JlYXRlIjozMDAwMDAwMDAwMDAsInVwZGF0ZSI6MzAwMDAwMDAwMDAwfX0=",
          "dependencies": [
            "aws_lb.main",
            "aws_lb_target_group.app",
            "aws_security_group.alb",
            "aws_subnet.public",
            "aws_vpc.main",
            "data.aws_availability_zones.available"
          ]
        }
      ]
    },
    {
      "mode": "managed",
      "type": "aws_lb_target_group",
      "name": "app",
      "provider": "provider[\"registry.terraform.io/hashicorp/aws\"]",
      "instances": [
        {
          "schema_version": 0,
          "attributes": {
            "arn": "arn:aws:elasticloadbalancing:us-east-1:478806200706:targetgroup/proyecto-cicd-dev-tg/d51a3e3922227021",
            "arn_suffix": "targetgroup/proyecto-cicd-dev-tg/d51a3e3922227021",
            "connection_termination": null,
            "deregistration_delay": "30",
            "health_check": [
              {
                "enabled": true,
                "healthy_threshold": 2,
                "interval": 30,
                "matcher": "200",
                "path": "/health",
                "port": "traffic-port",
                "protocol": "HTTP",
                "timeout": 5,
                "unhealthy_threshold": 3
              }
            ],
            "id": "arn:aws:elasticloadbalancing:us-east-1:478806200706:targetgroup/proyecto-cicd-dev-tg/d51a3e3922227021",
            "ip_address_type": "ipv4",
            "lambda_multi_value_headers_enabled": false,
            "load_balancer_arns": [
              "arn:aws:elasticloadbalancing:us-east-1:478806200706:loadbalancer/app/proyecto-cicd-dev-alb/46be597a0d0d7c12"
            ],
            "load_balancing_algorithm_type": "round_robin",
            "load_balancing_anomaly_mitigation": "off",
            "load_balancing_cross_zone_enabled": "use_load_balancer_configuration",
            "name": "proyecto-cicd-dev-tg",
            "name_prefix": "",
            "port": 3000,
            "preserve_client_ip": null,
            "protocol": "HTTP",
            "protocol_version": "HTTP1",
            "proxy_protocol_v2": false,
            "slow_start": 0,
            "stickiness": [
              {
                "cookie_duration": 86400,
                "cookie_name": "",
                "enabled": true,
                "type": "lb_cookie"
              }
            ],
            "tags": {
              "Name": "proyecto-cicd-dev-tg"
            },
            "tags_all": {
              "Environment": "dev",
              "ManagedBy": "Terraform",
              "Name": "proyecto-cicd-dev-tg",
              "Project": "proyecto-cicd"
            },
            "target_failover": [
              {
                "on_deregistration": null,
                "on_unhealthy": null
              }
            ],
            "target_group_health": [
              {
                "dns_failover": [
                  {
                    "minimum_healthy_targets_count": "1",
                    "minimum_healthy_targets_percentage": "off"
                  }
                ],
                "unhealthy_state_routing": [
                  {
                    "minimum_healthy_targets_count": 1,
                    "minimum_healthy_targets_percentage": "off"
                  }
                ]
              }
            ],
            "target_health_state": [
              {
                "enable_unhealthy_connection_termination": null,
                "unhealthy_draining_interval": null
              }
            ],
            "target_type": "ip",
            "vpc_id": "vpc-0e7c23ceb4e54273a"
          },
          "sensitive_attributes": [],
          "private": "bnVsbA==",
          "dependencies": [
            "aws_vpc.main"
          ],
          "create_before_destroy": true
        }
      ]
    },
    {
      "mode": "managed",
      "type": "aws_route_table",
      "name": "private",
      "provider": "provider[\"registry.terraform.io/hashicorp/aws\"]",
      "instances": [
        {
          "schema_version": 0,
          "attributes": {
            "arn": "arn:aws:ec2:us-east-1:478806200706:route-table/rtb-0fafeffd48308c000",
            "id": "rtb-0fafeffd48308c000",
            "owner_id": "478806200706",
            "propagating_vgws": [],
            "route": [
              {
                "carrier_gateway_id": "",
                "cidr_block": "0.0.0.0/0",
                "core_network_arn": "",
                "destination_prefix_list_id": "",
                "egress_only_gateway_id": "",
                "gateway_id": "igw-08547f56ee7d841a3",
                "ipv6_cidr_block": "",
                "local_gateway_id": "",
                "nat_gateway_id": "",
                "network_interface_id": "",
                "transit_gateway_id": "",
                "vpc_endpoint_id": "",
                "vpc_peering_connection_id": ""
              }
            ],
            "tags": {
              "Name": "proyecto-cicd-dev-private-rt"
            },
            "tags_all": {
              "Environment": "dev",
              "ManagedBy": "Terraform",
              "Name": "proyecto-cicd-dev-private-rt",
              "Project": "proyecto-cicd"
            },
            "timeouts": null,
            "vpc_id": "vpc-0e7c23ceb4e54273a"
          },
          "sensitive_attributes": [],
          "private": "eyJlMmJmYjczMC1lY2FhLTExZTYtOGY4OC0zNDM2M2JjN2M0YzAiOnsiY3JlYXRlIjozMDAwMDAwMDAwMDAsImRlbGV0ZSI6MzAwMDAwMDAwMDAwLCJ1cGRhdGUiOjEyMDAwMDAwMDAwMH19",
          "dependencies": [
            "aws_internet_gateway.main",
            "aws_vpc.main"
          ]
        }
      ]
    },
    {
      "mode": "managed",
      "type": "aws_route_table",
      "name": "public",
      "provider": "provider[\"registry.terraform.io/hashicorp/aws\"]",
      "instances": [
        {
          "schema_version": 0,
          "attributes": {
            "arn": "arn:aws:ec2:us-east-1:478806200706:route-table/rtb-0286597ba9c535e6b",
            "id": "rtb-0286597ba9c535e6b",
            "owner_id": "478806200706",
            "propagating_vgws": [],
            "route": [
              {
                "carrier_gateway_id": "",
                "cidr_block": "0.0.0.0/0",
                "core_network_arn": "",
                "destination_prefix_list_id": "",
                "egress_only_gateway_id": "",
                "gateway_id": "igw-08547f56ee7d841a3",
                "ipv6_cidr_block": "",
                "local_gateway_id": "",
                "nat_gateway_id": "",
                "network_interface_id": "",
                "transit_gateway_id": "",
                "vpc_endpoint_id": "",
                "vpc_peering_connection_id": ""
              }
            ],
            "tags": {
              "Name": "proyecto-cicd-dev-public-rt"
            },
            "tags_all": {
              "Environment": "dev",
              "ManagedBy": "Terraform",
              "Name": "proyecto-cicd-dev-public-rt",
              "Project": "proyecto-cicd"
            },
            "timeouts": null,
            "vpc_id": "vpc-0e7c23ceb4e54273a"
          },
          "sensitive_attributes": [],
          "private": "eyJlMmJmYjczMC1lY2FhLTExZTYtOGY4OC0zNDM2M2JjN2M0YzAiOnsiY3JlYXRlIjozMDAwMDAwMDAwMDAsImRlbGV0ZSI6MzAwMDAwMDAwMDAwLCJ1cGRhdGUiOjEyMDAwMDAwMDAwMH19",
          "dependencies": [
            "aws_internet_gateway.main",
            "aws_vpc.main"
          ]
        }
      ]
    },
    {
      "mode": "managed",
      "type": "aws_route_table_association",
      "name": "private",
      "provider": "provider[\"registry.terraform.io/hashicorp/aws\"]",
      "instances": [
        {
          "index_key": 0,
          "schema_version": 0,
          "attributes": {
            "gateway_id": "",
            "id": "rtbassoc-0ecab37c3f18146e1",
            "route_table_id": "rtb-0fafeffd48308c000",
            "subnet_id": "subnet-01e15b432201c33c7",
            "timeouts": null
          },
          "sensitive_attributes": [],
          "private": "eyJlMmJmYjczMC1lY2FhLTExZTYtOGY4OC0zNDM2M2JjN2M0YzAiOnsiY3JlYXRlIjozMDAwMDAwMDAwMDAsImRlbGV0ZSI6MzAwMDAwMDAwMDAwLCJ1cGRhdGUiOjEyMDAwMDAwMDAwMH19",
          "dependencies": [
            "aws_internet_gateway.main",
            "aws_route_table.private",
            "aws_subnet.private",
            "aws_vpc.main",
            "data.aws_availability_zones.available"
          ]
        },
        {
          "index_key": 1,
          "schema_version": 0,
          "attributes": {
            "gateway_id": "",
            "id": "rtbassoc-00ff3b197558412d9",
            "route_table_id": "rtb-0fafeffd48308c000",
            "subnet_id": "subnet-00b2fc15abd356e20",
            "timeouts": null
          },
          "sensitive_attributes": [],
          "private": "eyJlMmJmYjczMC1lY2FhLTExZTYtOGY4OC0zNDM2M2JjN2M0YzAiOnsiY3JlYXRlIjozMDAwMDAwMDAwMDAsImRlbGV0ZSI6MzAwMDAwMDAwMDAwLCJ1cGRhdGUiOjEyMDAwMDAwMDAwMH19",
          "dependencies": [
            "aws_internet_gateway.main",
            "aws_route_table.private",
            "aws_subnet.private",
            "aws_vpc.main",
            "data.aws_availability_zones.available"
          ]
        }
      ]
    },
    {
      "mode": "managed",
      "type": "aws_route_table_association",
      "name": "public",
      "provider": "provider[\"registry.terraform.io/hashicorp/aws\"]",
      "instances": [
        {
          "index_key": 0,
          "schema_version": 0,
          "attributes": {
            "gateway_id": "",
            "id": "rtbassoc-0bc8cc1e7d5f1caab",
            "route_table_id": "rtb-0286597ba9c535e6b",
            "subnet_id": "subnet-087b9dde23abbd4a3",
            "timeouts": null
          },
          "sensitive_attributes": [],
          "private": "eyJlMmJmYjczMC1lY2FhLTExZTYtOGY4OC0zNDM2M2JjN2M0YzAiOnsiY3JlYXRlIjozMDAwMDAwMDAwMDAsImRlbGV0ZSI6MzAwMDAwMDAwMDAwLCJ1cGRhdGUiOjEyMDAwMDAwMDAwMH19",
          "dependencies": [
            "aws_internet_gateway.main",
            "aws_route_table.public",
            "aws_subnet.public",
            "aws_vpc.main",
            "data.aws_availability_zones.available"
          ]
        },
        {
          "index_key": 1,
          "schema_version": 0,
          "attributes": {
            "gateway_id": "",
            "id": "rtbassoc-0ab85bc264bd60164",
            "route_table_id": "rtb-0286597ba9c535e6b",
            "subnet_id": "subnet-03e1e96ee0b1d54b0",
            "timeouts": null
          },
          "sensitive_attributes": [],
          "private": "eyJlMmJmYjczMC1lY2FhLTExZTYtOGY4OC0zNDM2M2JjN2M0YzAiOnsiY3JlYXRlIjozMDAwMDAwMDAwMDAsImRlbGV0ZSI6MzAwMDAwMDAwMDAwLCJ1cGRhdGUiOjEyMDAwMDAwMDAwMH19",
          "dependencies": [
            "aws_internet_gateway.main",
            "aws_route_table.public",
            "aws_subnet.public",
            "aws_vpc.main",
            "data.aws_availability_zones.available"
          ]
        }
      ]
    },
    {
      "mode": "managed",
      "type": "aws_secretsmanager_secret",
      "name": "app_config",
      "provider": "provider[\"registry.terraform.io/hashicorp/aws\"]",
      "instances": [
        {
          "schema_version": 0,
          "attributes": {
            "arn": "arn:aws:secretsmanager:us-east-1:478806200706:secret:proyecto-cicd-dev-app-config-irxVbW",
            "description": "Configuración de la aplicación para proyecto-cicd",
            "force_overwrite_replica_secret": false,
            "id": "arn:aws:secretsmanager:us-east-1:478806200706:secret:proyecto-cicd-dev-app-config-irxVbW",
            "kms_key_id": "",
            "name": "proyecto-cicd-dev-app-config",
            "name_prefix": "",
            "policy": "",
            "recovery_window_in_days": 7,
            "replica": [],
            "tags": {
              "Description": "Application configuration",
              "Name": "proyecto-cicd-dev-app-config"
            },
            "tags_all": {
              "Description": "Application configuration",
              "Environment": "dev",
              "ManagedBy": "Terraform",
              "Name": "proyecto-cicd-dev-app-config",
              "Project": "proyecto-cicd"
            }
          },
          "sensitive_attributes": [],
          "private": "bnVsbA=="
        }
      ]
    },
    {
      "mode": "managed",
      "type": "aws_secretsmanager_secret",
      "name": "db_credentials",
      "provider": "provider[\"registry.terraform.io/hashicorp/aws\"]",
      "instances": [
        {
          "schema_version": 0,
          "attributes": {
            "arn": "arn:aws:secretsmanager:us-east-1:478806200706:secret:proyecto-cicd-dev-db-credentials-irxVbW",
            "description": "Credenciales de la base de datos MySQL para proyecto-cicd",
            "force_overwrite_replica_secret": false,
            "id": "arn:aws:secretsmanager:us-east-1:478806200706:secret:proyecto-cicd-dev-db-credentials-irxVbW",
            "kms_key_id": "",
            "name": "proyecto-cicd-dev-db-credentials",
            "name_prefix": "",
            "policy": "",
            "recovery_window_in_days": 7,
            "replica": [],
            "tags": {
              "Description": "Database credentials",
              "Name": "proyecto-cicd-dev-db-credentials"
            },
            "tags_all": {
              "Description": "Database credentials",
              "Environment": "dev",
              "ManagedBy": "Terraform",
              "Name": "proyecto-cicd-dev-db-credentials",
              "Project": "proyecto-cicd"
            }
          },
          "sensitive_attributes": [],
          "private": "bnVsbA=="
        }
      ]
    },
    {
      "mode": "managed",
      "type": "aws_secretsmanager_secret_version",
      "name": "app_config",
      "provider": "provider[\"registry.terraform.io/hashicorp/aws\"]",
      "instances": [
        {
          "schema_version": 0,
          "attributes": {
            "arn": "arn:aws:secretsmanager:us-east-1:478806200706:secret:proyecto-cicd-dev-app-config-irxVbW",
            "has_secret_string_wo": null,
            "id": "arn:aws:secretsmanager:us-east-1:478806200706:secret:proyecto-cicd-dev-app-config-irxVbW|terraform-20251127024333146600000003",
            "secret_binary": "",
            "secret_id": "arn:aws:secretsmanager:us-east-1:478806200706:secret:proyecto-cicd-dev-app-config-irxVbW",
            "secret_string": "{\"app_port\":3000,\"aws_region\":\"us-east-1\",\"db_secret_arn\":\"arn:aws:secretsmanager:us-east-1:478806200706:secret:proyecto-cicd-dev-db-credentials-irxVbW\",\"environment\":\"dev\",\"log_level\":\"info\",\"node_env\":\"development\"}",
            "secret_string_wo": null,
            "secret_string_wo_version": null,
            "version_id": "terraform-20251127024333146600000003",
            "version_stages": [
              "AWSCURRENT"
            ]
          },
          "sensitive_attributes": [
            [
              {
                "type": "get_attr",
                "value": "secret_binary"
              }
            ],
            [
              {
                "type": "get_attr",
                "value": "secret_string"
              }
            ],
            [
              {
                "type": "get_attr",
                "value": "secret_string_wo"
              }
            ]
          ],
          "private": "bnVsbA==",
          "dependencies": [
            "aws_secretsmanager_secret.app_config",
            "aws_secretsmanager_secret.db_credentials"
          ]
        }
      ]
    },
    {
      "mode": "managed",
      "type": "aws_secretsmanager_secret_version",
      "name": "db_credentials",
      "provider": "provider[\"registry.terraform.io/hashicorp/aws\"]",
      "instances": [
        {
          "schema_version": 0,
          "attributes": {
            "arn": "arn:aws:secretsmanager:us-east-1:478806200706:secret:proyecto-cicd-dev-db-credentials-irxVbW",
            "has_secret_string_wo": null,
            "id": "arn:aws:secretsmanager:us-east-1:478806200706:secret:proyecto-cicd-dev-db-credentials-irxVbW|terraform-20251127025959749700000001",
            "secret_binary": "",
            "secret_id": "arn:aws:secretsmanager:us-east-1:478806200706:secret:proyecto-cicd-dev-db-credentials-irxVbW",
            "secret_string": "{\"connection_string\":\"mysql://admin:NXRz1Jw*cfS60L3B@proyecto-cicd-dev-mysql.c6zg8ocuqyw5.us-east-1.rds.amazonaws.com:3306/appdb\",\"dbInstanceIdentifier\":\"proyecto-cicd-dev-mysql\",\"dbname\":\"appdb\",\"engine\":\"mysql\",\"host\":\"proyecto-cicd-dev-mysql.c6zg8ocuqyw5.us-east-1.rds.amazonaws.com\",\"password\":\"NXRz1Jw*cfS60L3B\",\"port\":3306,\"username\":\"admin\"}",
            "secret_string_wo": null,
            "secret_string_wo_version": null,
            "version_id": "terraform-20251127025959749700000001",
            "version_stages": [
              "AWSCURRENT"
            ]
          },
          "sensitive_attributes": [
            [
              {
                "type": "get_attr",
                "value": "secret_string"
              }
            ],
            [
              {
                "type": "get_attr",
                "value": "secret_binary"
              }
            ],
            [
              {
                "type": "get_attr",
                "value": "secret_string_wo"
              }
            ]
          ],
          "private": "bnVsbA==",
          "dependencies": [
            "aws_db_instance.main",
            "aws_db_subnet_group.main",
            "aws_iam_role.rds_monitoring",
            "aws_secretsmanager_secret.db_credentials",
            "aws_security_group.alb",
            "aws_security_group.ecs_tasks",
            "aws_security_group.rds",
            "aws_subnet.private",
            "aws_vpc.main",
            "data.aws_availability_zones.available",
            "random_password.db_password"
          ]
        }
      ]
    },
    {
      "mode": "managed",
      "type": "aws_security_group",
      "name": "alb",
      "provider": "provider[\"registry.terraform.io/hashicorp/aws\"]",
      "instances": [
        {
          "schema_version": 1,
          "attributes": {
            "arn": "arn:aws:ec2:us-east-1:478806200706:security-group/sg-090acb1adc23b45c3",
            "description": "Security group for Application Load Balancer",
            "egress": [
              {
                "cidr_blocks": [
                  "0.0.0.0/0"
                ],
                "description": "Allow all outbound traffic",
                "from_port": 0,
                "ipv6_cidr_blocks": [],
                "prefix_list_ids": [],
                "protocol": "-1",
                "security_groups": [],
                "self": false,
                "to_port": 0
              }
            ],
            "id": "sg-090acb1adc23b45c3",
            "ingress": [
              {
                "cidr_blocks": [
                  "0.0.0.0/0"
                ],
                "description": "HTTP from anywhere",
                "from_port": 80,
                "ipv6_cidr_blocks": [],
                "prefix_list_ids": [],
                "protocol": "tcp",
                "security_groups": [],
                "self": false,
                "to_port": 80
              },
              {
                "cidr_blocks": [
                  "0.0.0.0/0"
                ],
                "description": "HTTPS from anywhere",
                "from_port": 443,
                "ipv6_cidr_blocks": [],
                "prefix_list_ids": [],
                "protocol": "tcp",
                "security_groups": [],
                "self": false,
                "to_port": 443
              }
            ],
            "name": "proyecto-cicd-dev-alb-sg",
            "name_prefix": "",
            "owner_id": "478806200706",
            "revoke_rules_on_delete": false,
            "tags": {
              "Name": "proyecto-cicd-dev-alb-sg"
            },
            "tags_all": {
              "Environment": "dev",
              "ManagedBy": "Terraform",
              "Name": "proyecto-cicd-dev-alb-sg",
              "Project": "proyecto-cicd"
            },
            "timeouts": null,
            "vpc_id": "vpc-0e7c23ceb4e54273a"
          },
          "sensitive_attributes": [],
          "private": "eyJlMmJmYjczMC1lY2FhLTExZTYtOGY4OC0zNDM2M2JjN2M0YzAiOnsiY3JlYXRlIjo2MDAwMDAwMDAwMDAsImRlbGV0ZSI6OTAwMDAwMDAwMDAwfSwic2NoZW1hX3ZlcnNpb24iOiIxIn0=",
          "dependencies": [
            "aws_vpc.main"
          ]
        }
      ]
    },
    {
      "mode": "managed",
      "type": "aws_security_group",
      "name": "ecs_tasks",
      "provider": "provider[\"registry.terraform.io/hashicorp/aws\"]",
      "instances": [
        {
          "schema_version": 1,
          "attributes": {
            "arn": "arn:aws:ec2:us-east-1:478806200706:security-group/sg-0967c740aac36bb09",
            "description": "Security group for ECS tasks",
            "egress": [
              {
                "cidr_blocks": [
                  "0.0.0.0/0"
                ],
                "description": "Allow all outbound traffic",
                "from_port": 0,
                "ipv6_cidr_blocks": [],
                "prefix_list_ids": [],
                "protocol": "-1",
                "security_groups": [],
                "self": false,
                "to_port": 0
              }
            ],
            "id": "sg-0967c740aac36bb09",
            "ingress": [
              {
                "cidr_blocks": [],
                "description": "Allow traffic from ALB",
                "from_port": 3000,
                "ipv6_cidr_blocks": [],
                "prefix_list_ids": [],
                "protocol": "tcp",
                "security_groups": [
                  "sg-090acb1adc23b45c3"
                ],
                "self": false,
                "to_port": 3000
              }
            ],
            "name": "proyecto-cicd-dev-ecs-tasks-sg",
            "name_prefix": "",
            "owner_id": "478806200706",
            "revoke_rules_on_delete": false,
            "tags": {
              "Name": "proyecto-cicd-dev-ecs-tasks-sg"
            },
            "tags_all": {
              "Environment": "dev",
              "ManagedBy": "Terraform",
              "Name": "proyecto-cicd-dev-ecs-tasks-sg",
              "Project": "proyecto-cicd"
            },
            "timeouts": null,
            "vpc_id": "vpc-0e7c23ceb4e54273a"
          },
          "sensitive_attributes": [],
          "private": "eyJlMmJmYjczMC1lY2FhLTExZTYtOGY4OC0zNDM2M2JjN2M0YzAiOnsiY3JlYXRlIjo2MDAwMDAwMDAwMDAsImRlbGV0ZSI6OTAwMDAwMDAwMDAwfSwic2NoZW1hX3ZlcnNpb24iOiIxIn0=",
          "dependencies": [
            "aws_security_group.alb",
            "aws_vpc.main"
          ]
        }
      ]
    },
    {
      "mode": "managed",
      "type": "aws_security_group",
      "name": "rds",
      "provider": "provider[\"registry.terraform.io/hashicorp/aws\"]",
      "instances": [
        {
          "schema_version": 1,
          "attributes": {
            "arn": "arn:aws:ec2:us-east-1:478806200706:security-group/sg-054b36d0201cb3006",
            "description": "Security group for RDS MySQL database",
            "egress": [
              {
                "cidr_blocks": [
                  "0.0.0.0/0"
                ],
                "description": "Allow all outbound traffic",
                "from_port": 0,
                "ipv6_cidr_blocks": [],
                "prefix_list_ids": [],
                "protocol": "-1",
                "security_groups": [],
                "self": false,
                "to_port": 0
              }
            ],
            "id": "sg-054b36d0201cb3006",
            "ingress": [
              {
                "cidr_blocks": [
                  "10.0.10.0/24",
                  "10.0.11.0/24"
                ],
                "description": "MySQL from private subnets",
                "from_port": 3306,
                "ipv6_cidr_blocks": [],
                "prefix_list_ids": [],
                "protocol": "tcp",
                "security_groups": [],
                "self": false,
                "to_port": 3306
              },
              {
                "cidr_blocks": [],
                "description": "MySQL from ECS Tasks",
                "from_port": 3306,
                "ipv6_cidr_blocks": [],
                "prefix_list_ids": [],
                "protocol": "tcp",
                "security_groups": [
                  "sg-0967c740aac36bb09"
                ],
                "self": false,
                "to_port": 3306
              }
            ],
            "name": "proyecto-cicd-dev-rds-sg",
            "name_prefix": "",
            "owner_id": "478806200706",
            "revoke_rules_on_delete": false,
            "tags": {
              "Name": "proyecto-cicd-dev-rds-sg"
            },
            "tags_all": {
              "Environment": "dev",
              "ManagedBy": "Terraform",
              "Name": "proyecto-cicd-dev-rds-sg",
              "Project": "proyecto-cicd"
            },
            "timeouts": null,
            "vpc_id": "vpc-0e7c23ceb4e54273a"
          },
          "sensitive_attributes": [],
          "private": "eyJlMmJmYjczMC1lY2FhLTExZTYtOGY4OC0zNDM2M2JjN2M0YzAiOnsiY3JlYXRlIjo2MDAwMDAwMDAwMDAsImRlbGV0ZSI6OTAwMDAwMDAwMDAwfSwic2NoZW1hX3ZlcnNpb24iOiIxIn0=",
          "dependencies": [
            "aws_security_group.alb",
            "aws_security_group.ecs_tasks",
            "aws_subnet.private",
            "aws_vpc.main",
            "data.aws_availability_zones.available"
          ]
        }
      ]
    },
    {
      "mode": "managed",
      "type": "aws_security_group",
      "name": "vpc_endpoints",
      "provider": "provider[\"registry.terraform.io/hashicorp/aws\"]",
      "instances": [
        {
          "schema_version": 1,
          "attributes": {
            "arn": "arn:aws:ec2:us-east-1:478806200706:security-group/sg-04a9d17b9af47d983",
            "description": "Security group for VPC endpoints",
            "egress": [
              {
                "cidr_blocks": [
                  "0.0.0.0/0"
                ],
                "description": "Allow all outbound traffic",
                "from_port": 0,
                "ipv6_cidr_blocks": [],
                "prefix_list_ids": [],
                "protocol": "-1",
                "security_groups": [],
                "self": false,
                "to_port": 0
              }
            ],
            "id": "sg-04a9d17b9af47d983",
            "ingress": [
              {
                "cidr_blocks": [
                  "10.0.0.0/16"
                ],
                "description": "HTTPS from VPC",
                "from_port": 443,
                "ipv6_cidr_blocks": [],
                "prefix_list_ids": [],
                "protocol": "tcp",
                "security_groups": [],
                "self": false,
                "to_port": 443
              }
            ],
            "name": "proyecto-cicd-dev-vpc-endpoints-sg",
            "name_prefix": "",
            "owner_id": "478806200706",
            "revoke_rules_on_delete": false,
            "tags": {
              "Name": "proyecto-cicd-dev-vpc-endpoints-sg"
            },
            "tags_all": {
              "Environment": "dev",
              "ManagedBy": "Terraform",
              "Name": "proyecto-cicd-dev-vpc-endpoints-sg",
              "Project": "proyecto-cicd"
            },
            "timeouts": null,
            "vpc_id": "vpc-0e7c23ceb4e54273a"
          },
          "sensitive_attributes": [],
          "private": "eyJlMmJmYjczMC1lY2FhLTExZTYtOGY4OC0zNDM2M2JjN2M0YzAiOnsiY3JlYXRlIjo2MDAwMDAwMDAwMDAsImRlbGV0ZSI6OTAwMDAwMDAwMDAwfSwic2NoZW1hX3ZlcnNpb24iOiIxIn0=",
          "dependencies": [
            "aws_vpc.main"
          ]
        }
      ]
    },
    {
      "mode": "managed",
      "type": "aws_subnet",
      "name": "private",
      "provider": "provider[\"registry.terraform.io/hashicorp/aws\"]",
      "instances": [
        {
          "index_key": 0,
          "schema_version": 1,
          "attributes": {
            "arn": "arn:aws:ec2:us-east-1:478806200706:subnet/subnet-01e15b432201c33c7",
            "assign_ipv6_address_on_creation": false,
            "availability_zone": "us-east-1a",
            "availability_zone_id": "use1-az1",
            "cidr_block": "10.0.10.0/24",
            "customer_owned_ipv4_pool": "",
            "enable_dns64": false,
            "enable_lni_at_device_index": 0,
            "enable_resource_name_dns_a_record_on_launch": false,
            "enable_resource_name_dns_aaaa_record_on_launch": false,
            "id": "subnet-01e15b432201c33c7",
            "ipv6_cidr_block": "",
            "ipv6_cidr_block_association_id": "",
            "ipv6_native": false,
            "map_customer_owned_ip_on_launch": false,
            "map_public_ip_on_launch": false,
            "outpost_arn": "",
            "owner_id": "478806200706",
            "private_dns_hostname_type_on_launch": "ip-name",
            "tags": {
              "Name": "proyecto-cicd-dev-private-1",
              "Type": "private"
            },
            "tags_all": {
              "Environment": "dev",
              "ManagedBy": "Terraform",
              "Name": "proyecto-cicd-dev-private-1",
              "Project": "proyecto-cicd",
              "Type": "private"
            },
            "timeouts": null,
            "vpc_id": "vpc-0e7c23ceb4e54273a"
          },
          "sensitive_attributes": [],
          "private": "eyJlMmJmYjczMC1lY2FhLTExZTYtOGY4OC0zNDM2M2JjN2M0YzAiOnsiY3JlYXRlIjo2MDAwMDAwMDAwMDAsImRlbGV0ZSI6MTIwMDAwMDAwMDAwMH0sInNjaGVtYV92ZXJzaW9uIjoiMSJ9",
          "dependencies": [
            "aws_vpc.main",
            "data.aws_availability_zones.available"
          ]
        },
        {
          "index_key": 1,
          "schema_version": 1,
          "attributes": {
            "arn": "arn:aws:ec2:us-east-1:478806200706:subnet/subnet-00b2fc15abd356e20",
            "assign_ipv6_address_on_creation": false,
            "availability_zone": "us-east-1b",
            "availability_zone_id": "use1-az2",
            "cidr_block": "10.0.11.0/24",
            "customer_owned_ipv4_pool": "",
            "enable_dns64": false,
            "enable_lni_at_device_index": 0,
            "enable_resource_name_dns_a_record_on_launch": false,
            "enable_resource_name_dns_aaaa_record_on_launch": false,
            "id": "subnet-00b2fc15abd356e20",
            "ipv6_cidr_block": "",
            "ipv6_cidr_block_association_id": "",
            "ipv6_native": false,
            "map_customer_owned_ip_on_launch": false,
            "map_public_ip_on_launch": false,
            "outpost_arn": "",
            "owner_id": "478806200706",
            "private_dns_hostname_type_on_launch": "ip-name",
            "tags": {
              "Name": "proyecto-cicd-dev-private-2",
              "Type": "private"
            },
            "tags_all": {
              "Environment": "dev",
              "ManagedBy": "Terraform",
              "Name": "proyecto-cicd-dev-private-2",
              "Project": "proyecto-cicd",
              "Type": "private"
            },
            "timeouts": null,
            "vpc_id": "vpc-0e7c23ceb4e54273a"
          },
          "sensitive_attributes": [],
          "private": "eyJlMmJmYjczMC1lY2FhLTExZTYtOGY4OC0zNDM2M2JjN2M0YzAiOnsiY3JlYXRlIjo2MDAwMDAwMDAwMDAsImRlbGV0ZSI6MTIwMDAwMDAwMDAwMH0sInNjaGVtYV92ZXJzaW9uIjoiMSJ9",
          "dependencies": [
            "aws_vpc.main",
            "data.aws_availability_zones.available"
          ]
        }
      ]
    },
    {
      "mode": "managed",
      "type": "aws_subnet",
      "name": "public",
      "provider": "provider[\"registry.terraform.io/hashicorp/aws\"]",
      "instances": [
        {
          "index_key": 0,
          "schema_version": 1,
          "attributes": {
            "arn": "arn:aws:ec2:us-east-1:478806200706:subnet/subnet-087b9dde23abbd4a3",
            "assign_ipv6_address_on_creation": false,
            "availability_zone": "us-east-1a",
            "availability_zone_id": "use1-az1",
            "cidr_block": "10.0.1.0/24",
            "customer_owned_ipv4_pool": "",
            "enable_dns64": false,
            "enable_lni_at_device_index": 0,
            "enable_resource_name_dns_a_record_on_launch": false,
            "enable_resource_name_dns_aaaa_record_on_launch": false,
            "id": "subnet-087b9dde23abbd4a3",
            "ipv6_cidr_block": "",
            "ipv6_cidr_block_association_id": "",
            "ipv6_native": false,
            "map_customer_owned_ip_on_launch": false,
            "map_public_ip_on_launch": true,
            "outpost_arn": "",
            "owner_id": "478806200706",
            "private_dns_hostname_type_on_launch": "ip-name",
            "tags": {
              "Name": "proyecto-cicd-dev-public-1",
              "Type": "public"
            },
            "tags_all": {
              "Environment": "dev",
              "ManagedBy": "Terraform",
              "Name": "proyecto-cicd-dev-public-1",
              "Project": "proyecto-cicd",
              "Type": "public"
            },
            "timeouts": null,
            "vpc_id": "vpc-0e7c23ceb4e54273a"
          },
          "sensitive_attributes": [],
          "private": "eyJlMmJmYjczMC1lY2FhLTExZTYtOGY4OC0zNDM2M2JjN2M0YzAiOnsiY3JlYXRlIjo2MDAwMDAwMDAwMDAsImRlbGV0ZSI6MTIwMDAwMDAwMDAwMH0sInNjaGVtYV92ZXJzaW9uIjoiMSJ9",
          "dependencies": [
            "aws_vpc.main",
            "data.aws_availability_zones.available"
          ]
        },
        {
          "index_key": 1,
          "schema_version": 1,
          "attributes": {
            "arn": "arn:aws:ec2:us-east-1:478806200706:subnet/subnet-03e1e96ee0b1d54b0",
            "assign_ipv6_address_on_creation": false,
            "availability_zone": "us-east-1b",
            "availability_zone_id": "use1-az2",
            "cidr_block": "10.0.2.0/24",
            "customer_owned_ipv4_pool": "",
            "enable_dns64": false,
            "enable_lni_at_device_index": 0,
            "enable_resource_name_dns_a_record_on_launch": false,
            "enable_resource_name_dns_aaaa_record_on_launch": false,
            "id": "subnet-03e1e96ee0b1d54b0",
            "ipv6_cidr_block": "",
            "ipv6_cidr_block_association_id": "",
            "ipv6_native": false,
            "map_customer_owned_ip_on_launch": false,
            "map_public_ip_on_launch": true,
            "outpost_arn": "",
            "owner_id": "478806200706",
            "private_dns_hostname_type_on_launch": "ip-name",
            "tags": {
              "Name": "proyecto-cicd-dev-public-2",
              "Type": "public"
            },
            "tags_all": {
              "Environment": "dev",
              "ManagedBy": "Terraform",
              "Name": "proyecto-cicd-dev-public-2",
              "Project": "proyecto-cicd",
              "Type": "public"
            },
            "timeouts": null,
            "vpc_id": "vpc-0e7c23ceb4e54273a"
          },
          "sensitive_attributes": [],
          "private": "eyJlMmJmYjczMC1lY2FhLTExZTYtOGY4OC0zNDM2M2JjN2M0YzAiOnsiY3JlYXRlIjo2MDAwMDAwMDAwMDAsImRlbGV0ZSI6MTIwMDAwMDAwMDAwMH0sInNjaGVtYV92ZXJzaW9uIjoiMSJ9",
          "dependencies": [
            "aws_vpc.main",
            "data.aws_availability_zones.available"
          ]
        }
      ]
    },
    {
      "mode": "managed",
      "type": "aws_vpc",
      "name": "main",
      "provider": "provider[\"registry.terraform.io/hashicorp/aws\"]",
      "instances": [
        {
          "schema_version": 1,
          "attributes": {
            "arn": "arn:aws:ec2:us-east-1:478806200706:vpc/vpc-0e7c23ceb4e54273a",
            "assign_generated_ipv6_cidr_block": false,
            "cidr_block": "10.0.0.0/16",
            "default_network_acl_id": "acl-0628c3ca7aa2af26f",
            "default_route_table_id": "rtb-028cf2b1b52997c05",
            "default_security_group_id": "sg-0e8fb4643ed003876",
            "dhcp_options_id": "dopt-038630a5f8ce79110",
            "enable_dns_hostnames": true,
            "enable_dns_support": true,
            "enable_network_address_usage_metrics": false,
            "id": "vpc-0e7c23ceb4e54273a",
            "instance_tenancy": "default",
            "ipv4_ipam_pool_id": null,
            "ipv4_netmask_length": null,
            "ipv6_association_id": "",
            "ipv6_cidr_block": "",
            "ipv6_cidr_block_network_border_group": "",
            "ipv6_ipam_pool_id": "",
            "ipv6_netmask_length": 0,
            "main_route_table_id": "rtb-028cf2b1b52997c05",
            "owner_id": "478806200706",
            "tags": {
              "Name": "proyecto-cicd-dev-vpc"
            },
            "tags_all": {
              "Environment": "dev",
              "ManagedBy": "Terraform",
              "Name": "proyecto-cicd-dev-vpc",
              "Project": "proyecto-cicd"
            }
          },
          "sensitive_attributes": [],
          "private": "eyJzY2hlbWFfdmVyc2lvbiI6IjEifQ==",
          "create_before_destroy": true
        }
      ]
    },
    {
      "mode": "managed",
      "type": "random_password",
      "name": "db_password",
      "provider": "provider[\"registry.terraform.io/hashicorp/random\"]",
      "instances": [
        {
          "schema_version": 3,
          "attributes": {
            "bcrypt_hash": "$2a$10$v02QAAh303L5k8NSo.a2D.yOS4n9b03c4qj1VZandD9u82tJ79cF2",
            "id": "none",
            "keepers": null,
            "length": 16,
            "lower": true,
            "min_lower": 0,
            "min_numeric": 0,
            "min_special": 0,
            "min_upper": 0,
            "number": true,
            "numeric": true,
            "override_special": "!#$%\u0026*()-_=+[]{}\u003c\u003e:?",
            "result": "NXRz1Jw*cfS60L3B",
            "special": true,
            "upper": true
          },
          "sensitive_attributes": [
            [
              {
                "type": "get_attr",
                "value": "bcrypt_hash"
              }
            ],
            [
              {
                "type": "get_attr",
                "value": "result"
              }
            ]
          ]
        }
      ]
    },
    {
      "mode": "managed",
      "type": "tls_private_key",
      "name": "self_signed",
      "provider": "provider[\"registry.terraform.io/hashicorp/tls\"]",
      "instances": [
        {
          "index_key": 0,
          "schema_version": 1,
          "attributes": {
            "algorithm": "RSA",
            "ecdsa_curve": "P224",
            "id": "c4c063ba78c77cb70577706ff0e7a8c898dc35de",
            "private_key_openssh": "-----BEGIN OPENSSH PRIVATE KEY-----\nb3BlbnNzaC1rZXktdjEAAAAABG5vbmUAAAAEbm9uZQAAAAAAAAABAAABFwAAAAdz\nc2gtcnNhAAAAAwEAAQAAAQEAxjFY2wJJnFHaQDlMSvrv3lj/xhXpVsTyYRUNElQt\nci0HMHL+TSXLDDxE0H7TRRqXQGB/OZII+CndGIhDzag7NnU9m+FXkOZYC0X11B+Z\neANzhPJnRdOxf42d1NXSmE4D9F7QSIuXDDLUDWx8O1qOLiC+JRu0GP5ZoJjTbDBU\nxPunxEypSSR2cNeiIeLEaQ98npTN/cBnm1wxldJg4CFv6rCCgOrC2LLEZmzlzQ8l\n8OniE/NAb7oykz3frLAWTANGbhht0dx9buNrQJQQqc9UjEnnqKdpmExdtLcUHVWa\ne7iuSuqRLJHFk0tXmcv5tN3AORb+Uq3Uwtdo8CdH2tPTswAAA7jf24V739uFewAA\nAAdzc2gtcnNhAAABAQDGMVjbAkmcUdpAOUxK+u/eWP/GFelWxPJhFQ0SVC1yLQcw\ncv5NJcsMPETQftNFGpdAYH85kgj4Kd0YiEPNqDs2dT2b4VeQ5lgLRfXUH5l4A3OE\n8mdF07F/jZ3U1dKYTgP0XtBIi5cMMtQNbHw7Wo4uIL4lG7QY/lmgmNNsMFTE+6fE\nTKlJJHZw16Ih4sRpD3yelM39wGebXDGV0mDgIW/qsIKA6sLYssRmbOXNDyXw6eIT\n80BvujKTPd+ssBZMA0ZuGG3R3H1u42tAlBCpz1SMSeeop2mYTF20txQdVZp7uK5K\n6pEskcWTS1eZy/m03cA5Fv5SrdTC12jwJ0fa09OzAAAAAwEAAQAAAQArs6fnKvr2\nSCo67SeAhRKtUaycjipUorrbY1vthbg7q+gg68pdUo8SVJvL6ZtGapWdcWm8VRI7\nPmftR+bDi2v7FyENpUO8xL33RmbtbkZV61TmpNjW0dYazSxXSQrV4KYIlXuR843L\n981AZIKER/SAAWJMJm6w8CztN6Wu/n1CreO46cSZpsM8+dT1hYCT/Mt+xnq0wUDy\nsegO1CBzlpP/wn8lIbCdmg6uGTVRTSiIvtPkdweKTxOZP8exAlx5Cg9umprD26sc\nB9OCoz8AL2S3BNTW0kHiSMWMjFpjqkSwye4CH1XMf2wdA2mp6ZTuzXEldy4+0Gwk\n+EmEYdUKxWX5AAAAgHDebdTBnrJ4oS+BouKqzlADfdNS5jx0jWw2fSHW6+7o11ag\nVjeTXDCV2c+YXAkZlCzbf8X0CV7ukp2Zan+1M+TX4fYXTWaEUDY292ACGhMxfq62\nxchFMmkDp53T0JtqRyDhhPAn1yXTtkN040RkBBHqasT2BgT0aOBKIJ1a8TwgAAAA\ngQDkOFvlRRM/6WtykS9knvIMujdsaxLYAO+OaZ5eruV2GWCAREMeqT/4oEMqZWgE\n7DFSILIWipv9LGGCNm+G6OXko49nNtZTg+czqn0osrtbcqpzTiUp9E77Wq7umQGx\nODh7gt9jZytx0XfcqEvF1MYDwNFovtrVajtziR1L5s+sLQAAAIEA3lFLh0gEBGr0\nCyeSTGaMxH0s1Vqy/Kz09X/HiNBeMN62ywaXaznxB0InDLnA7MvU4JoB8EeaSU7H\ng/pnylXxbDIh1ETZt6A2EJrgeWXg64pwtQB6sILeZ05lECJwx8f/jiwgppu640/k\nMPWo03ITYRRe9RRMrsn1yG4MR5XxC18AAAAAAQID\n-----END OPENSSH PRIVATE KEY-----\n",
            "private_key_pem": "-----BEGIN RSA PRIVATE KEY-----\nMIIEogIBAAKCAQEAxjFY2wJJnFHaQDlMSvrv3lj/xhXpVsTyYRUNElQtci0HMHL+\nTSXLDDxE0H7TRRqXQGB/OZII+CndGIhDzag7NnU9m+FXkOZYC0X11B+ZeANzhPJn\nRdOxf42d1NXSmE4D9F7QSIuXDDLUDWx8O1qOLiC+JRu0GP5ZoJjTbDBUxPunxEyp\nSSR2cNeiIeLEaQ98npTN/cBnm1wxldJg4CFv6rCCgOrC2LLEZmzlzQ8l8OniE/NA\nb7oykz3frLAWTANGbhht0dx9buNrQJQQqc9UjEnnqKdpmExdtLcUHVWae7iuSuqR\nLJHFk0tXmcv5tN3AORb+Uq3Uwtdo8CdH2tPTswIDAQABAoIBACuzp+cq+vZIKjrt\nJ4CFEq1RrJyOKlSiuttjW+2FuDur6CDryl1SjxJUm8vpm0ZqlZ1xabxVEjs+Z+1H\n5sOLa/sXIQ2lQ7zEvfdGZu1uRlXrVOak2NbR1hrNLFdJCtXgpgiVe5Hzjcv3zUBk\ngoRH9IABYkwmbrDwLO03pa7+fUKt47jpxJmmwzz51PWFgJP8y37GerTBQPKx6A7U\nIHOWk//CfyUhsJ2aDq4ZNVFNKIi+0+R3B4pPE5k/x7ECXHkKD26amsPbqxwH04Kj\nPwAvZLcE1NbSQeJIxYyMWmOqRLDJ7gIfVcx/bB0DaanplO7NcSV3Lj7QbCT4SYRh\n1QrFZfkCgYEA5Dhb5UUTP+lrcpEvZJ7yDLo3bGsS2ADvjmmeXq7ldhlggERDHqk/\n+KBDKmVoBOwxUiCyFoqb/SxhgjZvhujl5KOPZzbWU4PnM6p9KLK7W3Kqc04lKfRO\n+1qu7pkBsTg4e4LfY2crcdF33KhLxdTGA8DRaL7a1Wo7c4kdS+bPrC0CgYEA3lFL\nh0gEBGr0CyeSTGaMxH0s1Vqy/Kz09X/HiNBeMN62ywaXaznxB0InDLnA7MvU4JoB\n8EeaSU7Hg/pnylXxbDIh1ETZt6A2EJrgeWXg64pwtQB6sILeZ05lECJwx8f/jiwg\nppu640/kMPWo03ITYRRe9RRMrsn1yG4MR5XxC18CgYAx/77yTd3XxLXLlc9CRihV\nbX6y/ApW1G2nT7BoofyXkRu5PjtOPlpLiCDu6uSNH4n2qj8Z/SgLoWuDcZWhgujK\n3KKQRE1UYrOGeDWPcwjlEgwR0u8FcAbVvppQn6jlQKHvPU7fojy8ZN3Ts/NV1jXD\noLzALAAZfXqk50dJ17lryQKBgElX/pfp3VFry4lmi7Bi4KvuM/1LR+NuV/4qIrTz\nMS/kOd/vE8NPQUJIw8NCAPDeKiPTCzKvHKp0sAPNd7Jb+iLcwyZZdI5M76k4vzet\nsa9jY92DA/b5pc/lIBhblGOEir3ntvngRJ67e6ffU8w2RUhwxQcLpGTBwjFWhPyU\n7gn3AoGAcN5t1MGesnihL4Gi4qrOUAN901LmPHSNbDZ9Idbr7ujXVqBWN5NcMJXZ\nz5hcCRmULNt/xfQJXu6SnZlqf7Uz5Nfh9hdNZoRQNjb3YAIaEzF+rrbFyEUyaQOn\nndPQm2pHIOGE8CfXJdO2Q3TjRGQEEepqxPYGBPRo4EognVrxPCA=\n-----END RSA PRIVATE KEY-----\n",
            "private_key_pem_pkcs8": "-----BEGIN PRIVATE KEY-----\nMIIEvAIBADANBgkqhkiG9w0BAQEFAASCBKYwggSiAgEAAoIBAQDGMVjbAkmcUdpA\nOUxK+u/eWP/GFelWxPJhFQ0SVC1yLQcwcv5NJcsMPETQftNFGpdAYH85kgj4Kd0Y\niEPNqDs2dT2b4VeQ5lgLRfXUH5l4A3OE8mdF07F/jZ3U1dKYTgP0XtBIi5cMMtQN\nbHw7Wo4uIL4lG7QY/lmgmNNsMFTE+6fETKlJJHZw16Ih4sRpD3yelM39wGebXDGV\n0mDgIW/qsIKA6sLYssRmbOXNDyXw6eIT80BvujKTPd+ssBZMA0ZuGG3R3H1u42tA\nlBCpz1SMSeeop2mYTF20txQdVZp7uK5K6pEskcWTS1eZy/m03cA5Fv5SrdTC12jw\nJ0fa09OzAgMBAAECggEAK7On5yr69kgqOu0ngIUSrVGsnI4qVKK622Nb7YW4O6vo\nIOvKXVKPElSby+mbRmqVnXFpvFUSOz5n7Ufmw4tr+xchDaVDvMS990Zm7W5GVetU\n5qTY1tHWGs0sV0kK1eCmCJV7kfONy/fNQGSChEf0gAFiTCZusPAs7Telrv59Qq3j\nuOnEmabDPPnU9YWAk/zLfsZ6tMFA8rHoDtQgc5aT/8J/JSGwnZoOrhk1UU0oiL7T\n5HcHik8TmT/HsQJceQoPbpqaw9urHAfTgqM/AC9ktwTU1tJB4kjFjIxaY6pEsMnu\nAh9VzH9sHQNpqemU7s1xJXcuPtBsJPhJhGHVCsVl+QKBgQDkOFvlRRM/6WtykS9k\nnvIMujdsaxLYAO+OaZ5eruV2GWCAREMeqT/4oEMqZWgE7DFSILIWipv9LGGCNm+G\n6OXko49nNtZTg+czqn0osrtbcqpzTiUp9E77Wq7umQGxODh7gt9jZytx0XfcqEvF\n1MYDwNFovtrVajtziR1L5s+sLQKBgQDeUUuHSAQEavQLJ5JMZozEfSzVWrL8rPT1\nf8eI0F4w3rbLBpdrOfEHQicMucDsy9TgmgHwR5pJTseD+mfKVfFsMiHURNm3oDYQ\nmuB5ZeDrinC1AHqwgt5nTmUQInDHx/+OLCCmm7rjT+Qw9ajTchNhFF71FEyuyfXI\nbgxHlfELXwKBgDH/vvJN3dfEtcuVz0JGKFVtfrL8ClbUbadPsGih/JeRG7k+O04+\nWkuIIO7q5I0fifaqPxn9KAuha4NxlaGC6MrcopBETVRis4Z4NY9zCOUSDBHS7wVw\nBtW+mlCfqOVAoe89Tt+iPLxk3dOz81XWNcOgvMAsABl9eqTnR0nXuWvJAoGASVf+\nl+ndUWvLiWaLsGLgq+4z/UtH425X/ioitPMxL+Q53+8Tw09BQkjDw0IA8N4qI9ML\nMq8cqnSwA813slv6ItzDJll0jkzvqTi/N62xr2Nj3YMD9vmlz+UgGFuUY4SKvee2\n+eBEnrt7p99TzDZFSHDFBwukZMHCMVaE/JTuCfcCgYBw3m3UwZ6yeKEvgaLiqs5Q\nA33TUuY8dI1sNn0h1uvu6NdWoFY3k1wwldnPmFwJGZQs23/F9Ale7pKdmWp/tTPk\n1+H2F01mhFA2NvdgAhoTMX6utsXIRTJpA6ed09Cbakcg4YTwJ9cl07ZDdONEZAQR\n6mrE9gYE9GjgSiCdWvE8IA==\n-----END PRIVATE KEY-----\n",
            "public_key_fingerprint_md5": "99:ab:13:37:14:27:95:ad:ea:5d:12:41:66:c9:1f:28",
            "public_key_fingerprint_sha256": "SHA256:nWmosjeVVH4HbrO/yaWD8jHWZXCT1EDcGicphGJT7zA",
            "public_key_openssh": "ssh-rsa AAAAB3NzaC1yc2EAAAADAQABAAABAQDGMVjbAkmcUdpAOUxK+u/eWP/GFelWxPJhFQ0SVC1yLQcwcv5NJcsMPETQftNFGpdAYH85kgj4Kd0YiEPNqDs2dT2b4VeQ5lgLRfXUH5l4A3OE8mdF07F/jZ3U1dKYTgP0XtBIi5cMMtQNbHw7Wo4uIL4lG7QY/lmgmNNsMFTE+6fETKlJJHZw16Ih4sRpD3yelM39wGebXDGV0mDgIW/qsIKA6sLYssRmbOXNDyXw6eIT80BvujKTPd+ssBZMA0ZuGG3R3H1u42tAlBCpz1SMSeeop2mYTF20txQdVZp7uK5K6pEskcWTS1eZy/m03cA5Fv5SrdTC12jwJ0fa09Oz\n",
            "public_key_pem": "-----BEGIN PUBLIC KEY-----\nMIIBIjANBgkqhkiG9w0BAQEFAAOCAQ8AMIIBCgKCAQEAxjFY2wJJnFHaQDlMSvrv\n3lj/xhXpVsTyYRUNElQtci0HMHL+TSXLDDxE0H7TRRqXQGB/OZII+CndGIhDzag7\nNnU9m+FXkOZYC0X11B+ZeANzhPJnRdOxf42d1NXSmE4D9F7QSIuXDDLUDWx8O1qO\nLiC+JRu0GP5ZoJjTbDBUxPunxEypSSR2cNeiIeLEaQ98npTN/cBnm1wxldJg4CFv\n6rCCgOrC2LLEZmzlzQ8l8OniE/NAb7oykz3frLAWTANGbhht0dx9buNrQJQQqc9U\njEnnqKdpmExdtLcUHVWae7iuSuqRLJHFk0tXmcv5tN3AORb+Uq3Uwtdo8CdH2tPT\nswIDAQAB\n-----END PUBLIC KEY-----\n",
            "rsa_bits": 2048
          },
          "sensitive_attributes": [
            [
              {
                "type": "get_attr",
                "value": "private_key_openssh"
              }
            ],
            [
              {
                "type": "get_attr",
                "value": "private_key_pem_pkcs8"
              }
            ],
            [
              {
                "type": "get_attr",
                "value": "private_key_pem"
              }
            ]
          ],
          "create_before_destroy": true
        }
      ]
    },
    {
      "mode": "managed",
      "type": "tls_self_signed_cert",
      "name": "self_signed",
      "provider": "provider[\"registry.terraform.io/hashicorp/tls\"]",
      "instances": [
        {
          "index_key": 0,
          "schema_version": 0,
          "attributes": {
            "allowed_uses": [
              "key_encipherment",
              "digital_signature",
              "server_auth"
            ],
            "cert_pem": "-----BEGIN CERTIFICATE-----\nMIIDiTCCAnGgAwIBAgIQFoqYGeyBbWnwLvePF8UyQjANBgkqhkiG9w0BAQsFADA8\nMRYwFAYDVQQKEw1wcm95ZWN0by1jaWNkMSIwIAYDVQQDDBkqLnByb3llY3RvLWNp\nY2QtZGV2LmxvY2FsMB4XDTI1MTEyODAxNDQxN1oXDTI2MTEyODAxNDQxN1owPDEW\nMBQGA1UEChMNcHJveWVjdG8tY2ljZDEiMCAGA1UEAwwZKi5wcm95ZWN0by1jaWNk\nLWRldi5sb2NhbDCCASIwDQYJKoZIhvcNAQEBBQADggEPADCCAQoCggEBAMYxWNsC\nSZxR2kA5TEr6795Y/8YV6VbE8mEVDRJULXItBzBy/k0lyww8RNB+00Ual0BgfzmS\nCPgp3RiIQ82oOzZ1PZvhV5DmWAtF9dQfmXgDc4TyZ0XTsX+NndTV0phOA/Re0EiL\nlwwy1A1sfDtaji4gviUbtBj+WaCY02wwVMT7p8RMqUkkdnDXoiHixGkPfJ6Uzf3A\nZ5tcMZXSYOAhb+qwgoDqwtiyxGZs5c0PJfDp4hPzQG+6MpM936ywFkwDRm4YbdHc\nfW7ja0CUEKnPVIxJ56inaZhMXbS3FB1Vmnu4rkrqkSyRxZNLV5nL+bTdwDkW/lKt\n1MLXaPAnR9rT07MCAwEAAaOBhjCBgzAOBgNVHQ8BAf8EBAMCBaAwEwYDVR0lBAww\nCgYIKwYBBQUHAwEwDAYDVR0TAQH/BAIwADBOBgNVHREERzBFgglsb2NhbGhvc3SC\nGSoucHJveWVjdG8tY2ljZC1kZXYubG9jYWyCF3Byb3llY3RvLWNpY2QtZGV2Lmxv\nY2FshwR/AAABMA0GCSqGSIb3DQEBCwUAA4IBAQAAosmkpQr6inUvaneVlVMmc3zn\nqhQ54BdfGqC+Z+ijVAIxrH+7WcnTLq0227CsU5aVGLksFukxIAWFBT2nH9YFfEqH\njHnAcTVqGuoMr62ZUiR5xQYqzPb6RXWwgXHN2THx30luZsYI9ncqCoMLmadJA9h/\nglAdMljQjM89gKdVd2Wl1qnr5UI19G60fmMLLLbOn6eFdvajyaknp/DltIRYaMjK\nNwphkUnARNf8BbqBOXzWZAz8RrqXq4shpMFtLGT7Vya/p4gkFF/bVCX1QgOQJL1t\nxh6881NaTlu3FPVzJRg2vPjv3JPlaUILsea+MDJE5vfwq0fMC7/+VdoObAYt\n-----END CERTIFICATE-----\n",
            "dns_names": [
              "localhost",
              "*.proyecto-cicd-dev.local",
              "proyecto-cicd-dev.local"
            ],
            "early_renewal_hours": 0,
            "id": "29962637853904703767863370165793403458",
            "ip_addresses": [
              "127.0.0.1"
            ],
            "is_ca_certificate": false,
            "key_algorithm": "RSA",
            "private_key_pem": "-----BEGIN RSA PRIVATE KEY-----\nMIIEogIBAAKCAQEAxjFY2wJJnFHaQDlMSvrv3lj/xhXpVsTyYRUNElQtci0HMHL+\nTSXLDDxE0H7TRRqXQGB/OZII+CndGIhDzag7NnU9m+FXkOZYC0X11B+ZeANzhPJn\nRdOxf42d1NXSmE4D9F7QSIuXDDLUDWx8O1qOLiC+JRu0GP5ZoJjTbDBUxPunxEyp\nSSR2cNeiIeLEaQ98npTN/cBnm1wxldJg4CFv6rCCgOrC2LLEZmzlzQ8l8OniE/NA\nb7oykz3frLAWTANGbhht0dx9buNrQJQQqc9UjEnnqKdpmExdtLcUHVWae7iuSuqR\nLJHFk0tXmcv5tN3AORb+Uq3Uwtdo8CdH2tPTswIDAQABAoIBACuzp+cq+vZIKjrt\nJ4CFEq1RrJyOKlSiuttjW+2FuDur6CDryl1SjxJUm8vpm0ZqlZ1xabxVEjs+Z+1H\n5sOLa/sXIQ2lQ7zEvfdGZu1uRlXrVOak2NbR1hrNLFdJCtXgpgiVe5Hzjcv3zUBk\ngoRH9IABYkwmbrDwLO03pa7+fUKt47jpxJmmwzz51PWFgJP8y37GerTBQPKx6A7U\nIHOWk//CfyUhsJ2aDq4ZNVFNKIi+0+R3B4pPE5k/x7ECXHkKD26amsPbqxwH04Kj\nPwAvZLcE1NbSQeJIxYyMWmOqRLDJ7gIfVcx/bB0DaanplO7NcSV3Lj7QbCT4SYRh\n1QrFZfkCgYEA5Dhb5UUTP+lrcpEvZJ7yDLo3bGsS2ADvjmmeXq7ldhlggERDHqk/\n+KBDKmVoBOwxUiCyFoqb/SxhgjZvhujl5KOPZzbWU4PnM6p9KLK7W3Kqc04lKfRO\n+1qu7pkBsTg4e4LfY2crcdF33KhLxdTGA8DRaL7a1Wo7c4kdS+bPrC0CgYEA3lFL\nh0gEBGr0CyeSTGaMxH0s1Vqy/Kz09X/HiNBeMN62ywaXaznxB0InDLnA7MvU4JoB\n8EeaSU7Hg/pnylXxbDIh1ETZt6A2EJrgeWXg64pwtQB6sILeZ05lECJwx8f/jiwg\nppu640/kMPWo03ITYRRe9RRMrsn1yG4MR5XxC18CgYAx/77yTd3XxLXLlc9CRihV\nbX6y/ApW1G2nT7BoofyXkRu5PjtOPlpLiCDu6uSNH4n2qj8Z/SgLoWuDcZWhgujK\n3KKQRE1UYrOGeDWPcwjlEgwR0u8FcAbVvppQn6jlQKHvPU7fojy8ZN3Ts/NV1jXD\noLzALAAZfXqk50dJ17lryQKBgElX/pfp3VFry4lmi7Bi4KvuM/1LR+NuV/4qIrTz\nMS/kOd/vE8NPQUJIw8NCAPDeKiPTCzKvHKp0sAPNd7Jb+iLcwyZZdI5M76k4vzet\nsa9jY92DA/b5pc/lIBhblGOEir3ntvngRJ67e6ffU8w2RUhwxQcLpGTBwjFWhPyU\n7gn3AoGAcN5t1MGesnihL4Gi4qrOUAN901LmPHSNbDZ9Idbr7ujXVqBWN5NcMJXZ\nz5hcCRmULNt/xfQJXu6SnZlqf7Uz5Nfh9hdNZoRQNjb3YAIaEzF+rrbFyEUyaQOn\nndPQm2pHIOGE8CfXJdO2Q3TjRGQEEepqxPYGBPRo4EognVrxPCA=\n-----END RSA PRIVATE KEY-----\n",
            "ready_for_renewal": false,
            "set_authority_key_id": false,
            "set_subject_key_id": false,
            "subject": [
              {
                "common_name": "*.proyecto-cicd-dev.local",
                "country": null,
                "email_address": null,
                "locality": null,
                "organization": "proyecto-cicd",
                "organizational_unit": null,
                "postal_code": null,
                "province": null,
                "serial_number": null,
                "street_address": null
              }
            ],
            "uris": null,
            "validity_end_time": "2026-11-27T20:44:17.3036433-05:00",
            "validity_period_hours": 8760,
            "validity_start_time": "2025-11-27T20:44:17.3036433-05:00"
          },
          "sensitive_attributes": [
            [
              {
                "type": "get_attr",
                "value": "private_key_pem"
              }
            ]
          ],
          "dependencies": [
            "tls_private_key.self_signed"
          ],
          "create_before_destroy": true
        }
      ]
    }
  ],
  "check_results": null
}
