{
  "version": 4,
  "terraform_version": "1.11.3",
  "serial": 378,
  "lineage": "954fd31a-8a8c-77fd-957f-c2620f5365ce",
  "outputs": {
    "app_config_secret_arn": {
      "value": "arn:aws:secretsmanager:us-east-1:478806200706:secret:proyecto-cicd-dev-app-config-RDEalD",
      "type": "string"
    },
    "app_config_secret_name": {
      "value": "proyecto-cicd-dev-app-config",
      "type": "string"
    },
    "certificate_arn": {
      "value": "arn:aws:acm:us-east-1:478806200706:certificate/e679c375-b7f8-4ca9-8a4e-140705dfc45b",
      "type": "string"
    },
    "certificate_type": {
      "value": "Self-Signed Certificate",
      "type": "string"
    },
    "certificate_validation_records": {
      "value": [],
      "type": [
        "tuple",
        []
      ]
    },
    "cloudwatch_dashboard_url": {
      "value": "https://console.aws.amazon.com/cloudwatch/home?region=us-east-1#dashboards:name=proyecto-cicd-dev-dashboard",
      "type": "string"
    },
    "cloudwatch_log_group": {
      "value": "/ecs/proyecto-cicd-dev",
      "type": "string"
    },
    "db_credentials_secret_arn": {
      "value": "arn:aws:secretsmanager:us-east-1:478806200706:secret:proyecto-cicd-dev-db-credentials-GDHWME",
      "type": "string"
    },
    "db_credentials_secret_name": {
      "value": "proyecto-cicd-dev-db-credentials",
      "type": "string"
    },
    "ecr_repository_url": {
      "value": "478806200706.dkr.ecr.us-east-1.amazonaws.com/proyecto-cicd-dev-app",
      "type": "string"
    },
    "ecs_cluster_name": {
      "value": "proyecto-cicd-dev-cluster",
      "type": "string"
    },
    "ecs_service_name": {
      "value": "proyecto-cicd-dev-service",
      "type": "string"
    },
    "rds_database_name": {
      "value": "appdb",
      "type": "string"
    },
    "rds_username": {
      "value": "admin",
      "type": "string",
      "sensitive": true
    },
    "secrets_manager_console_url": {
      "value": "https://console.aws.amazon.com/secretsmanager/home?region=us-east-1",
      "type": "string"
    },
    "vpc_id": {
      "value": "vpc-08941713cf00ee2f2",
      "type": "string"
    }
  },
  "resources": [
    {
      "mode": "data",
      "type": "aws_availability_zones",
      "name": "available",
      "provider": "provider[\"registry.terraform.io/hashicorp/aws\"]",
      "instances": [
        {
          "schema_version": 0,
          "attributes": {
            "all_availability_zones": null,
            "exclude_names": null,
            "exclude_zone_ids": null,
            "filter": null,
            "group_names": [
              "us-east-1-zg-1"
            ],
            "id": "us-east-1",
            "names": [
              "us-east-1a",
              "us-east-1b",
              "us-east-1c",
              "us-east-1d",
              "us-east-1e",
              "us-east-1f"
            ],
            "state": "available",
            "timeouts": null,
            "zone_ids": [
              "use1-az1",
              "use1-az2",
              "use1-az4",
              "use1-az6",
              "use1-az3",
              "use1-az5"
            ]
          },
          "sensitive_attributes": []
        }
      ]
    },
    {
      "mode": "data",
      "type": "aws_ec2_managed_prefix_list",
      "name": "cloudfront",
      "provider": "provider[\"registry.terraform.io/hashicorp/aws\"]",
      "instances": [
        {
          "schema_version": 0,
          "attributes": {
            "address_family": "IPv4",
            "arn": "arn:aws:ec2:us-east-1:aws:prefix-list/pl-3b927c52",
            "entries": [
              {
                "cidr": "13.124.199.0/24",
                "description": ""
              },
              {
                "cidr": "130.176.0.0/18",
                "description": ""
              },
              {
                "cidr": "130.176.128.0/21",
                "description": ""
              },
              {
                "cidr": "130.176.136.0/23",
                "description": ""
              },
              {
                "cidr": "130.176.140.0/22",
                "description": ""
              },
              {
                "cidr": "130.176.144.0/20",
                "description": ""
              },
              {
                "cidr": "130.176.160.0/19",
                "description": ""
              },
              {
                "cidr": "130.176.192.0/19",
                "description": ""
              },
              {
                "cidr": "130.176.64.0/21",
                "description": ""
              },
              {
                "cidr": "130.176.72.0/22",
                "description": ""
              },
              {
                "cidr": "130.176.76.0/24",
                "description": ""
              },
              {
                "cidr": "130.176.78.0/23",
                "description": ""
              },
              {
                "cidr": "130.176.80.0/22",
                "description": ""
              },
              {
                "cidr": "130.176.86.0/23",
                "description": ""
              },
              {
                "cidr": "130.176.88.0/21",
                "description": ""
              },
              {
                "cidr": "130.176.96.0/19",
                "description": ""
              },
              {
                "cidr": "15.158.0.0/16",
                "description": ""
              },
              {
                "cidr": "18.68.0.0/16",
                "description": ""
              },
              {
                "cidr": "204.246.166.0/24",
                "description": ""
              },
              {
                "cidr": "205.251.218.0/24",
                "description": ""
              },
              {
                "cidr": "3.172.0.0/18",
                "description": ""
              },
              {
                "cidr": "3.172.64.0/18",
                "description": ""
              },
              {
                "cidr": "3.29.57.0/26",
                "description": ""
              },
              {
                "cidr": "52.46.0.0/18",
                "description": ""
              },
              {
                "cidr": "52.82.128.0/23",
                "description": ""
              },
              {
                "cidr": "52.82.134.0/23",
                "description": ""
              },
              {
                "cidr": "54.182.128.0/20",
                "description": ""
              },
              {
                "cidr": "54.182.144.0/21",
                "description": ""
              },
              {
                "cidr": "54.182.154.0/23",
                "description": ""
              },
              {
                "cidr": "54.182.156.0/22",
                "description": ""
              },
              {
                "cidr": "54.182.160.0/21",
                "description": ""
              },
              {
                "cidr": "54.182.172.0/22",
                "description": ""
              },
              {
                "cidr": "54.182.176.0/21",
                "description": ""
              },
              {
                "cidr": "54.182.184.0/22",
                "description": ""
              },
              {
                "cidr": "54.182.188.0/23",
                "description": ""
              },
              {
                "cidr": "54.182.224.0/21",
                "description": ""
              },
              {
                "cidr": "54.182.240.0/21",
                "description": ""
              },
              {
                "cidr": "54.182.248.0/22",
                "description": ""
              },
              {
                "cidr": "54.239.134.0/23",
                "description": ""
              },
              {
                "cidr": "54.239.170.0/23",
                "description": ""
              },
              {
                "cidr": "54.239.204.0/22",
                "description": ""
              },
              {
                "cidr": "54.239.208.0/21",
                "description": ""
              },
              {
                "cidr": "64.252.128.0/18",
                "description": ""
              },
              {
                "cidr": "64.252.64.0/18",
                "description": ""
              },
              {
                "cidr": "70.132.0.0/18",
                "description": ""
              }
            ],
            "filter": null,
            "id": "pl-3b927c52",
            "max_entries": 0,
            "name": "com.amazonaws.global.cloudfront.origin-facing",
            "owner_id": "AWS",
            "tags": {},
            "timeouts": null,
            "version": 0
          },
          "sensitive_attributes": []
        }
      ]
    },
    {
      "mode": "managed",
      "type": "aws_acm_certificate",
      "name": "main",
      "provider": "provider[\"registry.terraform.io/hashicorp/aws\"]",
      "instances": []
    },
    {
      "mode": "managed",
      "type": "aws_acm_certificate",
      "name": "self_signed",
      "provider": "provider[\"registry.terraform.io/hashicorp/aws\"]",
      "instances": [
        {
          "index_key": 0,
          "schema_version": 0,
          "attributes": {
            "arn": "arn:aws:acm:us-east-1:478806200706:certificate/e679c375-b7f8-4ca9-8a4e-140705dfc45b",
            "certificate_authority_arn": "",
            "certificate_body": "-----BEGIN CERTIFICATE-----\nMIIDiTCCAnGgAwIBAgIQRbXym0XpFOvlnDLilasPLTANBgkqhkiG9w0BAQsFADA8\nMRYwFAYDVQQKEw1wcm95ZWN0by1jaWNkMSIwIAYDVQQDDBkqLnByb3llY3RvLWNp\nY2QtZGV2LmxvY2FsMB4XDTI1MTEyODE0NTQyOFoXDTI2MTEyODE0NTQyOFowPDEW\nMBQGA1UEChMNcHJveWVjdG8tY2ljZDEiMCAGA1UEAwwZKi5wcm95ZWN0by1jaWNk\nLWRldi5sb2NhbDCCASIwDQYJKoZIhvcNAQEBBQADggEPADCCAQoCggEBAO5Sc1Iy\nBSvyArDF3TcwGdWlGec2rK9ke5+0QmSe5H60K8mnG56x2rtZbXZdS2UbVlu9fbxz\nYI95Fk53BVBi1YsdkCXmaAG1W400GiuOIeTIEucGs9ZN8R3gzw5mPOTmGK3y8Gk4\n58h1evL7t1N8C3DvNsUlkpiAkzRMNZj/vDttnfpTpjU5BWg5f+JGHbVr7rD4/7sB\nzPKf5Uk1SyRgQVyzzOx36GaGHr12PM4Fz6JTl3A7Ny4YY58+nmhP/ZaSmhgA6Jv+\na2IJJm0/5C3flzDHCX6hGXbW8RAZXU9tlI0glVpyYnIpvyQf0X+azEP3Hh1wSm9s\nsAg6G5DgRjh6DUUCAwEAAaOBhjCBgzAOBgNVHQ8BAf8EBAMCBaAwEwYDVR0lBAww\nCgYIKwYBBQUHAwEwDAYDVR0TAQH/BAIwADBOBgNVHREERzBFgglsb2NhbGhvc3SC\nGSoucHJveWVjdG8tY2ljZC1kZXYubG9jYWyCF3Byb3llY3RvLWNpY2QtZGV2Lmxv\nY2FshwR/AAABMA0GCSqGSIb3DQEBCwUAA4IBAQA/dzag3YwgD8InEAkvkcbRhN9o\nTbF++D1wf91zGr7/qZqG+fz4Fl+vdVkQDubJhOm/CNCVdCOEZ1qDG8vn/sgqfOVs\nlwk1WyD4bP+FOIvVPKPy5yDw2idzg49orjYK9SecBmoAMab5bwNMNTdjTKMNJCck\nEmIa3b6ML+WXLVYNZREwOISiOqMGGCzvcvnY+B9n7IDr4WC1L8hb8QgbosdtPYky\nlwY9RVGZvT5CDDgDPdjE49CR+L5gu5s5Bi6XZ3+j5jYQpHnlanUNtn1GrPCViyk4\n0i6Pn096cqf5ffMWViHQlB/EC+Xt3tuzvzQigYcg99RBt/6AQrFcqrESzB1A\n-----END CERTIFICATE-----\n",
            "certificate_chain": null,
            "domain_name": "*.proyecto-cicd-dev.local",
            "domain_validation_options": [],
            "early_renewal_duration": "",
            "id": "arn:aws:acm:us-east-1:478806200706:certificate/e679c375-b7f8-4ca9-8a4e-140705dfc45b",
            "key_algorithm": "RSA_2048",
            "not_after": "2026-11-28T14:54:28Z",
            "not_before": "2025-11-28T14:54:28Z",
            "options": [
              {
                "certificate_transparency_logging_preference": "DISABLED"
              }
            ],
            "pending_renewal": false,
            "private_key": "-----BEGIN RSA PRIVATE KEY-----\nMIIEowIBAAKCAQEA7lJzUjIFK/ICsMXdNzAZ1aUZ5zasr2R7n7RCZJ7kfrQryacb\nnrHau1ltdl1LZRtWW719vHNgj3kWTncFUGLVix2QJeZoAbVbjTQaK44h5MgS5waz\n1k3xHeDPDmY85OYYrfLwaTjnyHV68vu3U3wLcO82xSWSmICTNEw1mP+8O22d+lOm\nNTkFaDl/4kYdtWvusPj/uwHM8p/lSTVLJGBBXLPM7HfoZoYevXY8zgXPolOXcDs3\nLhhjnz6eaE/9lpKaGADom/5rYgkmbT/kLd+XMMcJfqEZdtbxEBldT22UjSCVWnJi\ncim/JB/Rf5rMQ/ceHXBKb2ywCDobkOBGOHoNRQIDAQABAoIBACl02b8nWNt1YI7w\nCGRwf1n4+5nLGrxy4gdcs7ztn+lDfad5JHaVUSuMaZxwq6wVlo7kVlI5Dse+ZEk3\nbor2eleWB6x0GU0Mx3V3ZgMEGTTDMfiSo6dojQQpxlLmqXqW5R2jODtRjQ5Dk2Tf\nsRr6ZcIaNqCSQd855IFxLVSlTdDXUXfZddd+GwEwzgDqq0L4FJehgIltI/ijIgSf\ntUm608RFnLWbbPUNf6eyJfOUnKBA4rQiAX/zY1VUvVjbdpCT2XljCkIuNm8AokMI\nZdjfJscYMgFpIGUqgW4a7pv+HrkjKQfu472aLt/OdA6UiicC7ny7iWJHRa5tVLG3\nmj9y1JkCgYEA9tLgARRAHwvq/3s1O+ohIKxm5tRxwHjIJt2U/e9bb2p8fDOrMywa\ni3wjlWGRIc+nXtVQYCN1mNCpdD11jIDVaCRTVelbwAMlxu1VKjgCkICHocUDxrWZ\nZyoqUKmZ0vlwOBQMJ8YEfzF90gbUyG/PY8+rVxl2nqLGZJT6G9sqtWkCgYEA9y6p\nXxoXPjvuDNoi01/eMOb0hyAzzaCpHebUYkK7JKjIgLL1SKlHdM0KbA6YaZsPohtj\nE2c+2kNEJXdkWtd4sWkR+X6rCBXPdF5TRXimlazF9Qk700AvNEW10P2LhdEQFVjz\nES4huYucM6tOyX5RC9HY6TZikxWcVZZPBd4HkX0CgYEArPkLUrZGWXuYrIJDxEFI\nBgXL92hab3A1lEck6vCbO3F82+25xJrb33SX21AMzY0g1izXrwgqmXVhy7xmbJi8\n9ca/QC3RxrZt+wLH9FZcNbhdVNkk1FTftJSwIuc4jcmRAzvJaPY0oI6mhlGTPQRe\naqxWfyuxHWslbceZn3vwakECgYBBW9w7Iln9Abm7Oj61J4dH5PnJdRFdkNrG5k9I\nQB7d3adOqINFGEWls8XKtr1ER1UF5zn2Wnl7Gwg84+nsP0dRmde/4ed1dtbpDTv1\nhaZ+szWQykVAYZtZtgkSXshytMoM6v0ykMEoH6tI2kY17ymc93rkh5XfEHrLAriY\nc5IKvQKBgGaDUfk/THtn+xX/3JA/uFq2EFbyAJQAvpnntnbBYO2niJjsMFi7iCEu\nsN3qbOrKNrtBPc/PIBbt+2argZ+NN/7Z8Vu2ZKz6/ROPR3qb2NDNOOsZmuvQoCs4\n8a1NLbKuo6Jib+lhNwmSardTqxNFLSi/7ZCEYjoFPKvkPqE7jJrW\n-----END RSA PRIVATE KEY-----\n",
            "renewal_eligibility": "INELIGIBLE",
            "renewal_summary": [],
            "status": "ISSUED",
            "subject_alternative_names": [
              "*.proyecto-cicd-dev.local",
              "localhost",
              "proyecto-cicd-dev.local"
            ],
            "tags": {
              "Environment": "dev",
              "Name": "proyecto-cicd-dev-self-signed-cert",
              "Type": "Self-Signed"
            },
            "tags_all": {
              "Environment": "dev",
              "ManagedBy": "Terraform",
              "Name": "proyecto-cicd-dev-self-signed-cert",
              "Project": "proyecto-cicd",
              "Type": "Self-Signed"
            },
            "type": "IMPORTED",
            "validation_emails": [],
            "validation_method": "NONE",
            "validation_option": []
          },
          "sensitive_attributes": [
            [
              {
                "type": "get_attr",
                "value": "private_key"
              }
            ]
          ],
          "private": "bnVsbA==",
          "dependencies": [
            "tls_private_key.self_signed",
            "tls_self_signed_cert.self_signed"
          ],
          "create_before_destroy": true
        }
      ]
    },
    {
      "mode": "managed",
      "type": "aws_cloudwatch_dashboard",
      "name": "main",
      "provider": "provider[\"registry.terraform.io/hashicorp/aws\"]",
      "instances": [
        {
          "schema_version": 0,
          "attributes": {
            "dashboard_arn": "arn:aws:cloudwatch::478806200706:dashboard/proyecto-cicd-dev-dashboard",
            "dashboard_body": "{\"widgets\":[{\"properties\":{\"metrics\":[[\"AWS/ECS\",\"CPUUtilization\",{\"stat\":\"Average\"}],[\".\",\"MemoryUtilization\",{\"stat\":\"Average\"}]],\"period\":300,\"region\":\"us-east-1\",\"stat\":\"Average\",\"title\":\"ECS Cluster Metrics\"},\"type\":\"metric\"},{\"properties\":{\"metrics\":[[\"AWS/ApplicationELB\",\"TargetResponseTime\",{\"stat\":\"Average\"}],[\".\",\"RequestCount\",{\"stat\":\"Sum\"}]],\"period\":300,\"region\":\"us-east-1\",\"stat\":\"Average\",\"title\":\"ALB Metrics\"},\"type\":\"metric\"}]}",
            "dashboard_name": "proyecto-cicd-dev-dashboard",
            "id": "proyecto-cicd-dev-dashboard"
          },
          "sensitive_attributes": [],
          "private": "bnVsbA=="
        }
      ]
    },
    {
      "mode": "managed",
      "type": "aws_cloudwatch_log_group",
      "name": "ecs",
      "provider": "provider[\"registry.terraform.io/hashicorp/aws\"]",
      "instances": [
        {
          "schema_version": 0,
          "attributes": {
            "arn": "arn:aws:logs:us-east-1:478806200706:log-group:/ecs/proyecto-cicd-dev",
            "id": "/ecs/proyecto-cicd-dev",
            "kms_key_id": "",
            "log_group_class": "STANDARD",
            "name": "/ecs/proyecto-cicd-dev",
            "name_prefix": "",
            "retention_in_days": 7,
            "skip_destroy": false,
            "tags": {
              "Name": "proyecto-cicd-dev-ecs-logs"
            },
            "tags_all": {
              "Environment": "dev",
              "ManagedBy": "Terraform",
              "Name": "proyecto-cicd-dev-ecs-logs",
              "Project": "proyecto-cicd"
            }
          },
          "sensitive_attributes": [],
          "private": "bnVsbA=="
        }
      ]
    },
    {
      "mode": "managed",
      "type": "aws_db_subnet_group",
      "name": "main",
      "provider": "provider[\"registry.terraform.io/hashicorp/aws\"]",
      "instances": [
        {
          "schema_version": 0,
          "attributes": {
            "arn": "arn:aws:rds:us-east-1:478806200706:subgrp:proyecto-cicd-dev-db-subnet-group",
            "description": "Managed by Terraform",
            "id": "proyecto-cicd-dev-db-subnet-group",
            "name": "proyecto-cicd-dev-db-subnet-group",
            "name_prefix": "",
            "subnet_ids": [
              "subnet-02e55911b32252109",
              "subnet-0915aaf4c5bce59ff"
            ],
            "supported_network_types": [
              "IPV4"
            ],
            "tags": {
              "Name": "proyecto-cicd-dev-db-subnet-group"
            },
            "tags_all": {
              "Environment": "dev",
              "ManagedBy": "Terraform",
              "Name": "proyecto-cicd-dev-db-subnet-group",
              "Project": "proyecto-cicd"
            },
            "vpc_id": "vpc-08941713cf00ee2f2"
          },
          "sensitive_attributes": [],
          "private": "bnVsbA==",
          "dependencies": [
            "aws_subnet.private",
            "aws_vpc.main",
            "data.aws_availability_zones.available"
          ]
        }
      ]
    },
    {
      "mode": "managed",
      "type": "aws_ecr_lifecycle_policy",
      "name": "app",
      "provider": "provider[\"registry.terraform.io/hashicorp/aws\"]",
      "instances": [
        {
          "schema_version": 0,
          "attributes": {
            "id": "proyecto-cicd-dev-app",
            "policy": "{\"rules\":[{\"action\":{\"type\":\"expire\"},\"description\":\"Keep last 10 tagged images\",\"rulePriority\":1,\"selection\":{\"countNumber\":10,\"countType\":\"imageCountMoreThan\",\"tagPrefixList\":[\"v\",\"latest\"],\"tagStatus\":\"tagged\"}},{\"action\":{\"type\":\"expire\"},\"description\":\"Remove untagged images older than 7 days\",\"rulePriority\":2,\"selection\":{\"countNumber\":7,\"countType\":\"sinceImagePushed\",\"countUnit\":\"days\",\"tagStatus\":\"untagged\"}}]}",
            "registry_id": "478806200706",
            "repository": "proyecto-cicd-dev-app"
          },
          "sensitive_attributes": [],
          "private": "bnVsbA==",
          "dependencies": [
            "aws_ecr_repository.app"
          ]
        }
      ]
    },
    {
      "mode": "managed",
      "type": "aws_ecr_repository",
      "name": "app",
      "provider": "provider[\"registry.terraform.io/hashicorp/aws\"]",
      "instances": [
        {
          "schema_version": 0,
          "attributes": {
            "arn": "arn:aws:ecr:us-east-1:478806200706:repository/proyecto-cicd-dev-app",
            "encryption_configuration": [
              {
                "encryption_type": "AES256",
                "kms_key": ""
              }
            ],
            "force_delete": true,
            "id": "proyecto-cicd-dev-app",
            "image_scanning_configuration": [
              {
                "scan_on_push": true
              }
            ],
            "image_tag_mutability": "MUTABLE",
            "name": "proyecto-cicd-dev-app",
            "registry_id": "478806200706",
            "repository_url": "478806200706.dkr.ecr.us-east-1.amazonaws.com/proyecto-cicd-dev-app",
            "tags": {
              "Name": "proyecto-cicd-dev-ecr"
            },
            "tags_all": {
              "Environment": "dev",
              "ManagedBy": "Terraform",
              "Name": "proyecto-cicd-dev-ecr",
              "Project": "proyecto-cicd"
            },
            "timeouts": null
          },
          "sensitive_attributes": [],
          "private": "eyJlMmJmYjczMC1lY2FhLTExZTYtOGY4OC0zNDM2M2JjN2M0YzAiOnsiZGVsZXRlIjoxMjAwMDAwMDAwMDAwfX0="
        }
      ]
    },
    {
      "mode": "managed",
      "type": "aws_ecs_cluster",
      "name": "main",
      "provider": "provider[\"registry.terraform.io/hashicorp/aws\"]",
      "instances": [
        {
          "schema_version": 0,
          "attributes": {
            "arn": "arn:aws:ecs:us-east-1:478806200706:cluster/proyecto-cicd-dev-cluster",
            "configuration": [],
            "id": "arn:aws:ecs:us-east-1:478806200706:cluster/proyecto-cicd-dev-cluster",
            "name": "proyecto-cicd-dev-cluster",
            "service_connect_defaults": [],
            "setting": [
              {
                "name": "containerInsights",
                "value": "enabled"
              }
            ],
            "tags": {
              "Name": "proyecto-cicd-dev-cluster"
            },
            "tags_all": {
              "Environment": "dev",
              "ManagedBy": "Terraform",
              "Name": "proyecto-cicd-dev-cluster",
              "Project": "proyecto-cicd"
            }
          },
          "sensitive_attributes": [],
          "private": "bnVsbA=="
        }
      ]
    },
    {
      "mode": "managed",
      "type": "aws_ecs_task_definition",
      "name": "app",
      "provider": "provider[\"registry.terraform.io/hashicorp/aws\"]",
      "instances": [
        {
          "schema_version": 1,
          "attributes": {
            "arn": "arn:aws:ecs:us-east-1:478806200706:task-definition/proyecto-cicd-dev-task:24",
            "arn_without_revision": "arn:aws:ecs:us-east-1:478806200706:task-definition/proyecto-cicd-dev-task",
            "container_definitions": "[{\"environment\":[{\"name\":\"NODE_ENV\",\"value\":\"dev\"},{\"name\":\"PORT\",\"value\":\"3000\"}],\"essential\":true,\"healthCheck\":{\"command\":[\"CMD-SHELL\",\"curl -f http://localhost:3000/health || exit 1\"],\"interval\":30,\"retries\":3,\"startPeriod\":60,\"timeout\":5},\"image\":\"478806200706.dkr.ecr.us-east-1.amazonaws.com/proyecto-cicd-dev-app:latest\",\"logConfiguration\":{\"logDriver\":\"awslogs\",\"options\":{\"awslogs-stream-prefix\":\"ecs\",\"awslogs-group\":\"/ecs/proyecto-cicd-dev\",\"awslogs-region\":\"us-east-1\"}},\"mountPoints\":[],\"name\":\"proyecto-cicd-dev-container\",\"portMappings\":[{\"containerPort\":3000,\"hostPort\":3000,\"protocol\":\"tcp\"}],\"systemControls\":[],\"volumesFrom\":[]}]",
            "cpu": "256",
            "enable_fault_injection": false,
            "ephemeral_storage": [],
            "execution_role_arn": "arn:aws:iam::478806200706:role/proyecto-cicd-dev-ecs-task-execution-role",
            "family": "proyecto-cicd-dev-task",
            "id": "proyecto-cicd-dev-task",
            "inference_accelerator": [],
            "ipc_mode": "",
            "memory": "512",
            "network_mode": "awsvpc",
            "pid_mode": "",
            "placement_constraints": [],
            "proxy_configuration": [],
            "requires_compatibilities": [
              "FARGATE"
            ],
            "revision": 24,
            "runtime_platform": [],
            "skip_destroy": false,
            "tags": {
              "Name": "proyecto-cicd-dev-task"
            },
            "tags_all": {
              "Environment": "dev",
              "ManagedBy": "Terraform",
              "Name": "proyecto-cicd-dev-task",
              "Project": "proyecto-cicd"
            },
            "task_role_arn": "arn:aws:iam::478806200706:role/proyecto-cicd-dev-ecs-task-role",
            "track_latest": false,
            "volume": []
          },
          "sensitive_attributes": [],
          "private": "eyJzY2hlbWFfdmVyc2lvbiI6IjEifQ==",
          "dependencies": [
            "aws_cloudwatch_log_group.ecs",
            "aws_ecr_repository.app",
            "aws_iam_role.ecs_task_execution_role",
            "aws_iam_role.ecs_task_role"
          ]
        }
      ]
    },
    {
      "mode": "managed",
      "type": "aws_iam_role",
      "name": "ecs_task_execution_role",
      "provider": "provider[\"registry.terraform.io/hashicorp/aws\"]",
      "instances": [
        {
          "schema_version": 0,
          "attributes": {
            "arn": "arn:aws:iam::478806200706:role/proyecto-cicd-dev-ecs-task-execution-role",
            "assume_role_policy": "{\"Statement\":[{\"Action\":\"sts:AssumeRole\",\"Effect\":\"Allow\",\"Principal\":{\"Service\":\"ecs-tasks.amazonaws.com\"}}],\"Version\":\"2012-10-17\"}",
            "create_date": "2025-11-28T14:54:28Z",
            "description": "",
            "force_detach_policies": false,
            "id": "proyecto-cicd-dev-ecs-task-execution-role",
            "inline_policy": [
              {
                "name": "proyecto-cicd-dev-ecs-cloudwatch-policy",
                "policy": "{\"Version\":\"2012-10-17\",\"Statement\":[{\"Action\":[\"logs:CreateLogGroup\",\"logs:CreateLogStream\",\"logs:PutLogEvents\"],\"Effect\":\"Allow\",\"Resource\":\"*\"}]}"
              },
              {
                "name": "proyecto-cicd-dev-ecs-kms-policy",
                "policy": "{\"Version\":\"2012-10-17\",\"Statement\":[{\"Action\":[\"kms:Decrypt\",\"kms:DescribeKey\"],\"Effect\":\"Allow\",\"Resource\":\"*\"}]}"
              },
              {
                "name": "proyecto-cicd-dev-ecs-secrets-policy",
                "policy": "{\"Version\":\"2012-10-17\",\"Statement\":[{\"Action\":[\"secretsmanager:GetSecretValue\",\"secretsmanager:DescribeSecret\"],\"Effect\":\"Allow\",\"Resource\":[\"arn:aws:secretsmanager:us-east-1:*:secret:proyecto-cicd-dev-*\"]}]}"
              }
            ],
            "managed_policy_arns": [
              "arn:aws:iam::aws:policy/service-role/AmazonECSTaskExecutionRolePolicy"
            ],
            "max_session_duration": 3600,
            "name": "proyecto-cicd-dev-ecs-task-execution-role",
            "name_prefix": "",
            "path": "/",
            "permissions_boundary": "",
            "tags": {
              "Name": "proyecto-cicd-dev-ecs-execution-role"
            },
            "tags_all": {
              "Environment": "dev",
              "ManagedBy": "Terraform",
              "Name": "proyecto-cicd-dev-ecs-execution-role",
              "Project": "proyecto-cicd"
            },
            "unique_id": "AROAW66YS2GBIJL3TNNEC"
          },
          "sensitive_attributes": [],
          "private": "bnVsbA=="
        }
      ]
    },
    {
      "mode": "managed",
      "type": "aws_iam_role",
      "name": "ecs_task_role",
      "provider": "provider[\"registry.terraform.io/hashicorp/aws\"]",
      "instances": [
        {
          "schema_version": 0,
          "attributes": {
            "arn": "arn:aws:iam::478806200706:role/proyecto-cicd-dev-ecs-task-role",
            "assume_role_policy": "{\"Statement\":[{\"Action\":\"sts:AssumeRole\",\"Effect\":\"Allow\",\"Principal\":{\"Service\":\"ecs-tasks.amazonaws.com\"}}],\"Version\":\"2012-10-17\"}",
            "create_date": "2025-11-28T14:54:28Z",
            "description": "",
            "force_detach_policies": false,
            "id": "proyecto-cicd-dev-ecs-task-role",
            "inline_policy": [
              {
                "name": "proyecto-cicd-dev-ecs-task-policy",
                "policy": "{\"Version\":\"2012-10-17\",\"Statement\":[{\"Action\":[\"s3:GetObject\",\"s3:ListBucket\"],\"Effect\":\"Allow\",\"Resource\":\"*\"}]}"
              }
            ],
            "managed_policy_arns": [],
            "max_session_duration": 3600,
            "name": "proyecto-cicd-dev-ecs-task-role",
            "name_prefix": "",
            "path": "/",
            "permissions_boundary": "",
            "tags": {
              "Name": "proyecto-cicd-dev-ecs-task-role"
            },
            "tags_all": {
              "Environment": "dev",
              "ManagedBy": "Terraform",
              "Name": "proyecto-cicd-dev-ecs-task-role",
              "Project": "proyecto-cicd"
            },
            "unique_id": "AROAW66YS2GBKVEQ4QOEX"
          },
          "sensitive_attributes": [],
          "private": "bnVsbA=="
        }
      ]
    },
    {
      "mode": "managed",
      "type": "aws_iam_role",
      "name": "rds_monitoring",
      "provider": "provider[\"registry.terraform.io/hashicorp/aws\"]",
      "instances": [
        {
          "schema_version": 0,
          "attributes": {
            "arn": "arn:aws:iam::478806200706:role/proyecto-cicd-dev-rds-monitoring-role",
            "assume_role_policy": "{\"Statement\":[{\"Action\":\"sts:AssumeRole\",\"Effect\":\"Allow\",\"Principal\":{\"Service\":\"monitoring.rds.amazonaws.com\"}}],\"Version\":\"2012-10-17\"}",
            "create_date": "2025-11-28T14:54:28Z",
            "description": "",
            "force_detach_policies": false,
            "id": "proyecto-cicd-dev-rds-monitoring-role",
            "inline_policy": [],
            "managed_policy_arns": [
              "arn:aws:iam::aws:policy/service-role/AmazonRDSEnhancedMonitoringRole"
            ],
            "max_session_duration": 3600,
            "name": "proyecto-cicd-dev-rds-monitoring-role",
            "name_prefix": "",
            "path": "/",
            "permissions_boundary": "",
            "tags": {
              "Name": "proyecto-cicd-dev-rds-monitoring-role"
            },
            "tags_all": {
              "Environment": "dev",
              "ManagedBy": "Terraform",
              "Name": "proyecto-cicd-dev-rds-monitoring-role",
              "Project": "proyecto-cicd"
            },
            "unique_id": "AROAW66YS2GBI76BNQHAH"
          },
          "sensitive_attributes": [],
          "private": "bnVsbA=="
        }
      ]
    },
    {
      "mode": "managed",
      "type": "aws_iam_role_policy",
      "name": "ecs_task_execution_cloudwatch",
      "provider": "provider[\"registry.terraform.io/hashicorp/aws\"]",
      "instances": [
        {
          "schema_version": 0,
          "attributes": {
            "id": "proyecto-cicd-dev-ecs-task-execution-role:proyecto-cicd-dev-ecs-cloudwatch-policy",
            "name": "proyecto-cicd-dev-ecs-cloudwatch-policy",
            "name_prefix": "",
            "policy": "{\"Version\":\"2012-10-17\",\"Statement\":[{\"Action\":[\"logs:CreateLogGroup\",\"logs:CreateLogStream\",\"logs:PutLogEvents\"],\"Effect\":\"Allow\",\"Resource\":\"*\"}]}",
            "role": "proyecto-cicd-dev-ecs-task-execution-role"
          },
          "sensitive_attributes": [],
          "private": "bnVsbA==",
          "dependencies": [
            "aws_iam_role.ecs_task_execution_role"
          ]
        }
      ]
    },
    {
      "mode": "managed",
      "type": "aws_iam_role_policy",
      "name": "ecs_task_execution_kms",
      "provider": "provider[\"registry.terraform.io/hashicorp/aws\"]",
      "instances": [
        {
          "schema_version": 0,
          "attributes": {
            "id": "proyecto-cicd-dev-ecs-task-execution-role:proyecto-cicd-dev-ecs-kms-policy",
            "name": "proyecto-cicd-dev-ecs-kms-policy",
            "name_prefix": "",
            "policy": "{\"Version\":\"2012-10-17\",\"Statement\":[{\"Action\":[\"kms:Decrypt\",\"kms:DescribeKey\"],\"Effect\":\"Allow\",\"Resource\":\"*\"}]}",
            "role": "proyecto-cicd-dev-ecs-task-execution-role"
          },
          "sensitive_attributes": [],
          "private": "bnVsbA==",
          "dependencies": [
            "aws_iam_role.ecs_task_execution_role"
          ]
        }
      ]
    },
    {
      "mode": "managed",
      "type": "aws_iam_role_policy",
      "name": "ecs_task_execution_secrets",
      "provider": "provider[\"registry.terraform.io/hashicorp/aws\"]",
      "instances": [
        {
          "schema_version": 0,
          "attributes": {
            "id": "proyecto-cicd-dev-ecs-task-execution-role:proyecto-cicd-dev-ecs-secrets-policy",
            "name": "proyecto-cicd-dev-ecs-secrets-policy",
            "name_prefix": "",
            "policy": "{\"Version\":\"2012-10-17\",\"Statement\":[{\"Action\":[\"secretsmanager:GetSecretValue\",\"secretsmanager:DescribeSecret\"],\"Effect\":\"Allow\",\"Resource\":[\"arn:aws:secretsmanager:us-east-1:*:secret:proyecto-cicd-dev-*\"]}]}",
            "role": "proyecto-cicd-dev-ecs-task-execution-role"
          },
          "sensitive_attributes": [],
          "private": "bnVsbA==",
          "dependencies": [
            "aws_iam_role.ecs_task_execution_role"
          ]
        }
      ]
    },
    {
      "mode": "managed",
      "type": "aws_iam_role_policy",
      "name": "ecs_task_policy",
      "provider": "provider[\"registry.terraform.io/hashicorp/aws\"]",
      "instances": [
        {
          "schema_version": 0,
          "attributes": {
            "id": "proyecto-cicd-dev-ecs-task-role:proyecto-cicd-dev-ecs-task-policy",
            "name": "proyecto-cicd-dev-ecs-task-policy",
            "name_prefix": "",
            "policy": "{\"Version\":\"2012-10-17\",\"Statement\":[{\"Action\":[\"s3:GetObject\",\"s3:ListBucket\"],\"Effect\":\"Allow\",\"Resource\":\"*\"}]}",
            "role": "proyecto-cicd-dev-ecs-task-role"
          },
          "sensitive_attributes": [],
          "private": "bnVsbA==",
          "dependencies": [
            "aws_iam_role.ecs_task_role"
          ]
        }
      ]
    },
    {
      "mode": "managed",
      "type": "aws_iam_role_policy_attachment",
      "name": "ecs_task_execution_role_policy",
      "provider": "provider[\"registry.terraform.io/hashicorp/aws\"]",
      "instances": [
        {
          "schema_version": 0,
          "attributes": {
            "id": "proyecto-cicd-dev-ecs-task-execution-role-20251128145429896100000004",
            "policy_arn": "arn:aws:iam::aws:policy/service-role/AmazonECSTaskExecutionRolePolicy",
            "role": "proyecto-cicd-dev-ecs-task-execution-role"
          },
          "sensitive_attributes": [],
          "private": "bnVsbA==",
          "dependencies": [
            "aws_iam_role.ecs_task_execution_role"
          ]
        }
      ]
    },
    {
      "mode": "managed",
      "type": "aws_iam_role_policy_attachment",
      "name": "rds_monitoring",
      "provider": "provider[\"registry.terraform.io/hashicorp/aws\"]",
      "instances": [
        {
          "schema_version": 0,
          "attributes": {
            "id": "proyecto-cicd-dev-rds-monitoring-role-20251128145429875700000003",
            "policy_arn": "arn:aws:iam::aws:policy/service-role/AmazonRDSEnhancedMonitoringRole",
            "role": "proyecto-cicd-dev-rds-monitoring-role"
          },
          "sensitive_attributes": [],
          "private": "bnVsbA==",
          "dependencies": [
            "aws_iam_role.rds_monitoring"
          ]
        }
      ]
    },
    {
      "mode": "managed",
      "type": "aws_internet_gateway",
      "name": "main",
      "provider": "provider[\"registry.terraform.io/hashicorp/aws\"]",
      "instances": [
        {
          "schema_version": 0,
          "attributes": {
            "arn": "arn:aws:ec2:us-east-1:478806200706:internet-gateway/igw-02dd0ee5db0e32c37",
            "id": "igw-02dd0ee5db0e32c37",
            "owner_id": "478806200706",
            "tags": {
              "Name": "proyecto-cicd-dev-igw"
            },
            "tags_all": {
              "Environment": "dev",
              "ManagedBy": "Terraform",
              "Name": "proyecto-cicd-dev-igw",
              "Project": "proyecto-cicd"
            },
            "timeouts": null,
            "vpc_id": "vpc-08941713cf00ee2f2"
          },
          "sensitive_attributes": [],
          "private": "eyJlMmJmYjczMC1lY2FhLTExZTYtOGY4OC0zNDM2M2JjN2M0YzAiOnsiY3JlYXRlIjoxMjAwMDAwMDAwMDAwLCJkZWxldGUiOjEyMDAwMDAwMDAwMDAsInVwZGF0ZSI6MTIwMDAwMDAwMDAwMH19",
          "dependencies": [
            "aws_vpc.main"
          ]
        }
      ]
    },
    {
      "mode": "managed",
      "type": "aws_lb_target_group",
      "name": "app",
      "provider": "provider[\"registry.terraform.io/hashicorp/aws\"]",
      "instances": [
        {
          "schema_version": 0,
          "attributes": {
            "arn": "arn:aws:elasticloadbalancing:us-east-1:478806200706:targetgroup/proyecto-cicd-dev-tg/110cb1492ce44696",
            "arn_suffix": "targetgroup/proyecto-cicd-dev-tg/110cb1492ce44696",
            "connection_termination": null,
            "deregistration_delay": "30",
            "health_check": [
              {
                "enabled": true,
                "healthy_threshold": 2,
                "interval": 30,
                "matcher": "200",
                "path": "/health",
                "port": "traffic-port",
                "protocol": "HTTP",
                "timeout": 5,
                "unhealthy_threshold": 3
              }
            ],
            "id": "arn:aws:elasticloadbalancing:us-east-1:478806200706:targetgroup/proyecto-cicd-dev-tg/110cb1492ce44696",
            "ip_address_type": "ipv4",
            "lambda_multi_value_headers_enabled": false,
            "load_balancer_arns": [],
            "load_balancing_algorithm_type": "round_robin",
            "load_balancing_anomaly_mitigation": "off",
            "load_balancing_cross_zone_enabled": "use_load_balancer_configuration",
            "name": "proyecto-cicd-dev-tg",
            "name_prefix": "",
            "port": 3000,
            "preserve_client_ip": null,
            "protocol": "HTTP",
            "protocol_version": "HTTP1",
            "proxy_protocol_v2": false,
            "slow_start": 0,
            "stickiness": [
              {
                "cookie_duration": 86400,
                "cookie_name": "",
                "enabled": true,
                "type": "lb_cookie"
              }
            ],
            "tags": {
              "Name": "proyecto-cicd-dev-tg"
            },
            "tags_all": {
              "Environment": "dev",
              "ManagedBy": "Terraform",
              "Name": "proyecto-cicd-dev-tg",
              "Project": "proyecto-cicd"
            },
            "target_failover": [
              {
                "on_deregistration": null,
                "on_unhealthy": null
              }
            ],
            "target_group_health": [
              {
                "dns_failover": [
                  {
                    "minimum_healthy_targets_count": "1",
                    "minimum_healthy_targets_percentage": "off"
                  }
                ],
                "unhealthy_state_routing": [
                  {
                    "minimum_healthy_targets_count": 1,
                    "minimum_healthy_targets_percentage": "off"
                  }
                ]
              }
            ],
            "target_health_state": [
              {
                "enable_unhealthy_connection_termination": null,
                "unhealthy_draining_interval": null
              }
            ],
            "target_type": "ip",
            "vpc_id": "vpc-08941713cf00ee2f2"
          },
          "sensitive_attributes": [],
          "private": "bnVsbA==",
          "dependencies": [
            "aws_vpc.main"
          ],
          "create_before_destroy": true
        }
      ]
    },
    {
      "mode": "managed",
      "type": "aws_route_table",
      "name": "private",
      "provider": "provider[\"registry.terraform.io/hashicorp/aws\"]",
      "instances": [
        {
          "schema_version": 0,
          "attributes": {
            "arn": "arn:aws:ec2:us-east-1:478806200706:route-table/rtb-0c15fec7ae2f93010",
            "id": "rtb-0c15fec7ae2f93010",
            "owner_id": "478806200706",
            "propagating_vgws": [],
            "route": [
              {
                "carrier_gateway_id": "",
                "cidr_block": "0.0.0.0/0",
                "core_network_arn": "",
                "destination_prefix_list_id": "",
                "egress_only_gateway_id": "",
                "gateway_id": "igw-02dd0ee5db0e32c37",
                "ipv6_cidr_block": "",
                "local_gateway_id": "",
                "nat_gateway_id": "",
                "network_interface_id": "",
                "transit_gateway_id": "",
                "vpc_endpoint_id": "",
                "vpc_peering_connection_id": ""
              }
            ],
            "tags": {
              "Name": "proyecto-cicd-dev-private-rt"
            },
            "tags_all": {
              "Environment": "dev",
              "ManagedBy": "Terraform",
              "Name": "proyecto-cicd-dev-private-rt",
              "Project": "proyecto-cicd"
            },
            "timeouts": null,
            "vpc_id": "vpc-08941713cf00ee2f2"
          },
          "sensitive_attributes": [],
          "private": "eyJlMmJmYjczMC1lY2FhLTExZTYtOGY4OC0zNDM2M2JjN2M0YzAiOnsiY3JlYXRlIjozMDAwMDAwMDAwMDAsImRlbGV0ZSI6MzAwMDAwMDAwMDAwLCJ1cGRhdGUiOjEyMDAwMDAwMDAwMH19",
          "dependencies": [
            "aws_internet_gateway.main",
            "aws_vpc.main"
          ]
        }
      ]
    },
    {
      "mode": "managed",
      "type": "aws_route_table",
      "name": "public",
      "provider": "provider[\"registry.terraform.io/hashicorp/aws\"]",
      "instances": [
        {
          "schema_version": 0,
          "attributes": {
            "arn": "arn:aws:ec2:us-east-1:478806200706:route-table/rtb-00dbce98dd454b046",
            "id": "rtb-00dbce98dd454b046",
            "owner_id": "478806200706",
            "propagating_vgws": [],
            "route": [
              {
                "carrier_gateway_id": "",
                "cidr_block": "0.0.0.0/0",
                "core_network_arn": "",
                "destination_prefix_list_id": "",
                "egress_only_gateway_id": "",
                "gateway_id": "igw-02dd0ee5db0e32c37",
                "ipv6_cidr_block": "",
                "local_gateway_id": "",
                "nat_gateway_id": "",
                "network_interface_id": "",
                "transit_gateway_id": "",
                "vpc_endpoint_id": "",
                "vpc_peering_connection_id": ""
              }
            ],
            "tags": {
              "Name": "proyecto-cicd-dev-public-rt"
            },
            "tags_all": {
              "Environment": "dev",
              "ManagedBy": "Terraform",
              "Name": "proyecto-cicd-dev-public-rt",
              "Project": "proyecto-cicd"
            },
            "timeouts": null,
            "vpc_id": "vpc-08941713cf00ee2f2"
          },
          "sensitive_attributes": [],
          "private": "eyJlMmJmYjczMC1lY2FhLTExZTYtOGY4OC0zNDM2M2JjN2M0YzAiOnsiY3JlYXRlIjozMDAwMDAwMDAwMDAsImRlbGV0ZSI6MzAwMDAwMDAwMDAwLCJ1cGRhdGUiOjEyMDAwMDAwMDAwMH19",
          "dependencies": [
            "aws_internet_gateway.main",
            "aws_vpc.main"
          ]
        }
      ]
    },
    {
      "mode": "managed",
      "type": "aws_route_table_association",
      "name": "private",
      "provider": "provider[\"registry.terraform.io/hashicorp/aws\"]",
      "instances": [
        {
          "index_key": 0,
          "schema_version": 0,
          "attributes": {
            "gateway_id": "",
            "id": "rtbassoc-08d013c541c457900",
            "route_table_id": "rtb-0c15fec7ae2f93010",
            "subnet_id": "subnet-0915aaf4c5bce59ff",
            "timeouts": null
          },
          "sensitive_attributes": [],
          "private": "eyJlMmJmYjczMC1lY2FhLTExZTYtOGY4OC0zNDM2M2JjN2M0YzAiOnsiY3JlYXRlIjozMDAwMDAwMDAwMDAsImRlbGV0ZSI6MzAwMDAwMDAwMDAwLCJ1cGRhdGUiOjEyMDAwMDAwMDAwMH19",
          "dependencies": [
            "aws_internet_gateway.main",
            "aws_route_table.private",
            "aws_subnet.private",
            "aws_vpc.main",
            "data.aws_availability_zones.available"
          ]
        },
        {
          "index_key": 1,
          "schema_version": 0,
          "attributes": {
            "gateway_id": "",
            "id": "rtbassoc-020d2fc1251084d4e",
            "route_table_id": "rtb-0c15fec7ae2f93010",
            "subnet_id": "subnet-02e55911b32252109",
            "timeouts": null
          },
          "sensitive_attributes": [],
          "private": "eyJlMmJmYjczMC1lY2FhLTExZTYtOGY4OC0zNDM2M2JjN2M0YzAiOnsiY3JlYXRlIjozMDAwMDAwMDAwMDAsImRlbGV0ZSI6MzAwMDAwMDAwMDAwLCJ1cGRhdGUiOjEyMDAwMDAwMDAwMH19",
          "dependencies": [
            "aws_internet_gateway.main",
            "aws_route_table.private",
            "aws_subnet.private",
            "aws_vpc.main",
            "data.aws_availability_zones.available"
          ]
        }
      ]
    },
    {
      "mode": "managed",
      "type": "aws_route_table_association",
      "name": "public",
      "provider": "provider[\"registry.terraform.io/hashicorp/aws\"]",
      "instances": [
        {
          "index_key": 0,
          "schema_version": 0,
          "attributes": {
            "gateway_id": "",
            "id": "rtbassoc-05bf90107ac0feadd",
            "route_table_id": "rtb-00dbce98dd454b046",
            "subnet_id": "subnet-0d9f0473982e2c101",
            "timeouts": null
          },
          "sensitive_attributes": [],
          "private": "eyJlMmJmYjczMC1lY2FhLTExZTYtOGY4OC0zNDM2M2JjN2M0YzAiOnsiY3JlYXRlIjozMDAwMDAwMDAwMDAsImRlbGV0ZSI6MzAwMDAwMDAwMDAwLCJ1cGRhdGUiOjEyMDAwMDAwMDAwMH19",
          "dependencies": [
            "aws_internet_gateway.main",
            "aws_route_table.public",
            "aws_subnet.public",
            "aws_vpc.main",
            "data.aws_availability_zones.available"
          ]
        },
        {
          "index_key": 1,
          "schema_version": 0,
          "attributes": {
            "gateway_id": "",
            "id": "rtbassoc-0de84257f5aea7eef",
            "route_table_id": "rtb-00dbce98dd454b046",
            "subnet_id": "subnet-0915ac3657f735b48",
            "timeouts": null
          },
          "sensitive_attributes": [],
          "private": "eyJlMmJmYjczMC1lY2FhLTExZTYtOGY4OC0zNDM2M2JjN2M0YzAiOnsiY3JlYXRlIjozMDAwMDAwMDAwMDAsImRlbGV0ZSI6MzAwMDAwMDAwMDAwLCJ1cGRhdGUiOjEyMDAwMDAwMDAwMH19",
          "dependencies": [
            "aws_internet_gateway.main",
            "aws_route_table.public",
            "aws_subnet.public",
            "aws_vpc.main",
            "data.aws_availability_zones.available"
          ]
        }
      ]
    },
    {
      "mode": "managed",
      "type": "aws_secretsmanager_secret",
      "name": "app_config",
      "provider": "provider[\"registry.terraform.io/hashicorp/aws\"]",
      "instances": [
        {
          "schema_version": 0,
          "attributes": {
            "arn": "arn:aws:secretsmanager:us-east-1:478806200706:secret:proyecto-cicd-dev-app-config-RDEalD",
            "description": "Configuración de la aplicación para proyecto-cicd",
            "force_overwrite_replica_secret": false,
            "id": "arn:aws:secretsmanager:us-east-1:478806200706:secret:proyecto-cicd-dev-app-config-RDEalD",
            "kms_key_id": "",
            "name": "proyecto-cicd-dev-app-config",
            "name_prefix": "",
            "policy": "",
            "recovery_window_in_days": 7,
            "replica": [],
            "tags": {
              "Description": "Application configuration",
              "Name": "proyecto-cicd-dev-app-config"
            },
            "tags_all": {
              "Description": "Application configuration",
              "Environment": "dev",
              "ManagedBy": "Terraform",
              "Name": "proyecto-cicd-dev-app-config",
              "Project": "proyecto-cicd"
            }
          },
          "sensitive_attributes": [],
          "private": "bnVsbA=="
        }
      ]
    },
    {
      "mode": "managed",
      "type": "aws_secretsmanager_secret",
      "name": "db_credentials",
      "provider": "provider[\"registry.terraform.io/hashicorp/aws\"]",
      "instances": [
        {
          "schema_version": 0,
          "attributes": {
            "arn": "arn:aws:secretsmanager:us-east-1:478806200706:secret:proyecto-cicd-dev-db-credentials-GDHWME",
            "description": "Credenciales de la base de datos MySQL para proyecto-cicd",
            "force_overwrite_replica_secret": false,
            "id": "arn:aws:secretsmanager:us-east-1:478806200706:secret:proyecto-cicd-dev-db-credentials-GDHWME",
            "kms_key_id": "",
            "name": "proyecto-cicd-dev-db-credentials",
            "name_prefix": "",
            "policy": "",
            "recovery_window_in_days": 7,
            "replica": [],
            "tags": {
              "Description": "Database credentials",
              "Name": "proyecto-cicd-dev-db-credentials"
            },
            "tags_all": {
              "Description": "Database credentials",
              "Environment": "dev",
              "ManagedBy": "Terraform",
              "Name": "proyecto-cicd-dev-db-credentials",
              "Project": "proyecto-cicd"
            }
          },
          "sensitive_attributes": [],
          "private": "bnVsbA=="
        }
      ]
    },
    {
      "mode": "managed",
      "type": "aws_secretsmanager_secret_version",
      "name": "app_config",
      "provider": "provider[\"registry.terraform.io/hashicorp/aws\"]",
      "instances": [
        {
          "schema_version": 0,
          "attributes": {
            "arn": "arn:aws:secretsmanager:us-east-1:478806200706:secret:proyecto-cicd-dev-app-config-RDEalD",
            "has_secret_string_wo": null,
            "id": "arn:aws:secretsmanager:us-east-1:478806200706:secret:proyecto-cicd-dev-app-config-RDEalD|terraform-20251128150658851100000003",
            "secret_binary": "",
            "secret_id": "arn:aws:secretsmanager:us-east-1:478806200706:secret:proyecto-cicd-dev-app-config-RDEalD",
            "secret_string": "{\"app_port\":3000,\"aws_region\":\"us-east-1\",\"db_secret_arn\":\"arn:aws:secretsmanager:us-east-1:478806200706:secret:proyecto-cicd-dev-db-credentials-GDHWME\",\"environment\":\"dev\",\"log_level\":\"info\",\"node_env\":\"development\"}",
            "secret_string_wo": null,
            "secret_string_wo_version": null,
            "version_id": "terraform-20251128150658851100000003",
            "version_stages": [
              "AWSCURRENT"
            ]
          },
          "sensitive_attributes": [
            [
              {
                "type": "get_attr",
                "value": "secret_string_wo"
              }
            ],
            [
              {
                "type": "get_attr",
                "value": "secret_string"
              }
            ],
            [
              {
                "type": "get_attr",
                "value": "secret_binary"
              }
            ]
          ],
          "private": "bnVsbA==",
          "dependencies": [
            "aws_secretsmanager_secret.app_config",
            "aws_secretsmanager_secret.db_credentials"
          ]
        }
      ]
    },
    {
      "mode": "managed",
      "type": "aws_security_group",
      "name": "alb",
      "provider": "provider[\"registry.terraform.io/hashicorp/aws\"]",
      "instances": [
        {
          "status": "tainted",
          "schema_version": 1,
          "attributes": {
            "arn": null,
            "description": "Security group for Application Load Balancer",
            "egress": [
              {
                "cidr_blocks": [
                  "0.0.0.0/0"
                ],
                "description": "Allow all outbound traffic",
                "from_port": 0,
                "ipv6_cidr_blocks": [],
                "prefix_list_ids": [],
                "protocol": "-1",
                "security_groups": [],
                "self": false,
                "to_port": 0
              }
            ],
            "id": "sg-0547acb24e3f989c8",
            "ingress": [
              {
                "cidr_blocks": [],
                "description": "HTTP from CloudFront",
                "from_port": 80,
                "ipv6_cidr_blocks": [],
                "prefix_list_ids": [
                  "pl-3b927c52"
                ],
                "protocol": "tcp",
                "security_groups": [],
                "self": false,
                "to_port": 80
              },
              {
                "cidr_blocks": [],
                "description": "HTTPS from CloudFront",
                "from_port": 443,
                "ipv6_cidr_blocks": [],
                "prefix_list_ids": [
                  "pl-3b927c52"
                ],
                "protocol": "tcp",
                "security_groups": [],
                "self": false,
                "to_port": 443
              }
            ],
            "name": "proyecto-cicd-dev-alb-sg",
            "name_prefix": null,
            "owner_id": null,
            "revoke_rules_on_delete": false,
            "tags": {
              "Name": "proyecto-cicd-dev-alb-sg"
            },
            "tags_all": {
              "Environment": "dev",
              "ManagedBy": "Terraform",
              "Name": "proyecto-cicd-dev-alb-sg",
              "Project": "proyecto-cicd"
            },
            "timeouts": null,
            "vpc_id": "vpc-08941713cf00ee2f2"
          },
          "sensitive_attributes": [],
          "private": "eyJlMmJmYjczMC1lY2FhLTExZTYtOGY4OC0zNDM2M2JjN2M0YzAiOnsiY3JlYXRlIjo2MDAwMDAwMDAwMDAsImRlbGV0ZSI6OTAwMDAwMDAwMDAwfSwic2NoZW1hX3ZlcnNpb24iOiIxIn0=",
          "dependencies": [
            "aws_vpc.main",
            "data.aws_ec2_managed_prefix_list.cloudfront"
          ],
          "create_before_destroy": true
        }
      ]
    },
    {
      "mode": "managed",
      "type": "aws_security_group",
      "name": "vpc_endpoints",
      "provider": "provider[\"registry.terraform.io/hashicorp/aws\"]",
      "instances": [
        {
          "schema_version": 1,
          "attributes": {
            "arn": "arn:aws:ec2:us-east-1:478806200706:security-group/sg-0457fd5d04f4a2bb9",
            "description": "Security group for VPC endpoints",
            "egress": [
              {
                "cidr_blocks": [
                  "0.0.0.0/0"
                ],
                "description": "Allow all outbound traffic",
                "from_port": 0,
                "ipv6_cidr_blocks": [],
                "prefix_list_ids": [],
                "protocol": "-1",
                "security_groups": [],
                "self": false,
                "to_port": 0
              }
            ],
            "id": "sg-0457fd5d04f4a2bb9",
            "ingress": [
              {
                "cidr_blocks": [
                  "10.0.0.0/16"
                ],
                "description": "HTTPS from VPC",
                "from_port": 443,
                "ipv6_cidr_blocks": [],
                "prefix_list_ids": [],
                "protocol": "tcp",
                "security_groups": [],
                "self": false,
                "to_port": 443
              }
            ],
            "name": "proyecto-cicd-dev-vpc-endpoints-sg",
            "name_prefix": "",
            "owner_id": "478806200706",
            "revoke_rules_on_delete": false,
            "tags": {
              "Name": "proyecto-cicd-dev-vpc-endpoints-sg"
            },
            "tags_all": {
              "Environment": "dev",
              "ManagedBy": "Terraform",
              "Name": "proyecto-cicd-dev-vpc-endpoints-sg",
              "Project": "proyecto-cicd"
            },
            "timeouts": null,
            "vpc_id": "vpc-08941713cf00ee2f2"
          },
          "sensitive_attributes": [],
          "private": "eyJlMmJmYjczMC1lY2FhLTExZTYtOGY4OC0zNDM2M2JjN2M0YzAiOnsiY3JlYXRlIjo2MDAwMDAwMDAwMDAsImRlbGV0ZSI6OTAwMDAwMDAwMDAwfSwic2NoZW1hX3ZlcnNpb24iOiIxIn0=",
          "dependencies": [
            "aws_vpc.main"
          ]
        }
      ]
    },
    {
      "mode": "managed",
      "type": "aws_subnet",
      "name": "private",
      "provider": "provider[\"registry.terraform.io/hashicorp/aws\"]",
      "instances": [
        {
          "index_key": 0,
          "schema_version": 1,
          "attributes": {
            "arn": "arn:aws:ec2:us-east-1:478806200706:subnet/subnet-0915aaf4c5bce59ff",
            "assign_ipv6_address_on_creation": false,
            "availability_zone": "us-east-1a",
            "availability_zone_id": "use1-az1",
            "cidr_block": "10.0.10.0/24",
            "customer_owned_ipv4_pool": "",
            "enable_dns64": false,
            "enable_lni_at_device_index": 0,
            "enable_resource_name_dns_a_record_on_launch": false,
            "enable_resource_name_dns_aaaa_record_on_launch": false,
            "id": "subnet-0915aaf4c5bce59ff",
            "ipv6_cidr_block": "",
            "ipv6_cidr_block_association_id": "",
            "ipv6_native": false,
            "map_customer_owned_ip_on_launch": false,
            "map_public_ip_on_launch": false,
            "outpost_arn": "",
            "owner_id": "478806200706",
            "private_dns_hostname_type_on_launch": "ip-name",
            "tags": {
              "Name": "proyecto-cicd-dev-private-1",
              "Type": "private"
            },
            "tags_all": {
              "Environment": "dev",
              "ManagedBy": "Terraform",
              "Name": "proyecto-cicd-dev-private-1",
              "Project": "proyecto-cicd",
              "Type": "private"
            },
            "timeouts": null,
            "vpc_id": "vpc-08941713cf00ee2f2"
          },
          "sensitive_attributes": [],
          "private": "eyJlMmJmYjczMC1lY2FhLTExZTYtOGY4OC0zNDM2M2JjN2M0YzAiOnsiY3JlYXRlIjo2MDAwMDAwMDAwMDAsImRlbGV0ZSI6MTIwMDAwMDAwMDAwMH0sInNjaGVtYV92ZXJzaW9uIjoiMSJ9",
          "dependencies": [
            "aws_vpc.main",
            "data.aws_availability_zones.available"
          ]
        },
        {
          "index_key": 1,
          "schema_version": 1,
          "attributes": {
            "arn": "arn:aws:ec2:us-east-1:478806200706:subnet/subnet-02e55911b32252109",
            "assign_ipv6_address_on_creation": false,
            "availability_zone": "us-east-1b",
            "availability_zone_id": "use1-az2",
            "cidr_block": "10.0.11.0/24",
            "customer_owned_ipv4_pool": "",
            "enable_dns64": false,
            "enable_lni_at_device_index": 0,
            "enable_resource_name_dns_a_record_on_launch": false,
            "enable_resource_name_dns_aaaa_record_on_launch": false,
            "id": "subnet-02e55911b32252109",
            "ipv6_cidr_block": "",
            "ipv6_cidr_block_association_id": "",
            "ipv6_native": false,
            "map_customer_owned_ip_on_launch": false,
            "map_public_ip_on_launch": false,
            "outpost_arn": "",
            "owner_id": "478806200706",
            "private_dns_hostname_type_on_launch": "ip-name",
            "tags": {
              "Name": "proyecto-cicd-dev-private-2",
              "Type": "private"
            },
            "tags_all": {
              "Environment": "dev",
              "ManagedBy": "Terraform",
              "Name": "proyecto-cicd-dev-private-2",
              "Project": "proyecto-cicd",
              "Type": "private"
            },
            "timeouts": null,
            "vpc_id": "vpc-08941713cf00ee2f2"
          },
          "sensitive_attributes": [],
          "private": "eyJlMmJmYjczMC1lY2FhLTExZTYtOGY4OC0zNDM2M2JjN2M0YzAiOnsiY3JlYXRlIjo2MDAwMDAwMDAwMDAsImRlbGV0ZSI6MTIwMDAwMDAwMDAwMH0sInNjaGVtYV92ZXJzaW9uIjoiMSJ9",
          "dependencies": [
            "aws_vpc.main",
            "data.aws_availability_zones.available"
          ]
        }
      ]
    },
    {
      "mode": "managed",
      "type": "aws_subnet",
      "name": "public",
      "provider": "provider[\"registry.terraform.io/hashicorp/aws\"]",
      "instances": [
        {
          "index_key": 0,
          "schema_version": 1,
          "attributes": {
            "arn": "arn:aws:ec2:us-east-1:478806200706:subnet/subnet-0d9f0473982e2c101",
            "assign_ipv6_address_on_creation": false,
            "availability_zone": "us-east-1a",
            "availability_zone_id": "use1-az1",
            "cidr_block": "10.0.1.0/24",
            "customer_owned_ipv4_pool": "",
            "enable_dns64": false,
            "enable_lni_at_device_index": 0,
            "enable_resource_name_dns_a_record_on_launch": false,
            "enable_resource_name_dns_aaaa_record_on_launch": false,
            "id": "subnet-0d9f0473982e2c101",
            "ipv6_cidr_block": "",
            "ipv6_cidr_block_association_id": "",
            "ipv6_native": false,
            "map_customer_owned_ip_on_launch": false,
            "map_public_ip_on_launch": true,
            "outpost_arn": "",
            "owner_id": "478806200706",
            "private_dns_hostname_type_on_launch": "ip-name",
            "tags": {
              "Name": "proyecto-cicd-dev-public-1",
              "Type": "public"
            },
            "tags_all": {
              "Environment": "dev",
              "ManagedBy": "Terraform",
              "Name": "proyecto-cicd-dev-public-1",
              "Project": "proyecto-cicd",
              "Type": "public"
            },
            "timeouts": null,
            "vpc_id": "vpc-08941713cf00ee2f2"
          },
          "sensitive_attributes": [],
          "private": "eyJlMmJmYjczMC1lY2FhLTExZTYtOGY4OC0zNDM2M2JjN2M0YzAiOnsiY3JlYXRlIjo2MDAwMDAwMDAwMDAsImRlbGV0ZSI6MTIwMDAwMDAwMDAwMH0sInNjaGVtYV92ZXJzaW9uIjoiMSJ9",
          "dependencies": [
            "aws_vpc.main",
            "data.aws_availability_zones.available"
          ]
        },
        {
          "index_key": 1,
          "schema_version": 1,
          "attributes": {
            "arn": "arn:aws:ec2:us-east-1:478806200706:subnet/subnet-0915ac3657f735b48",
            "assign_ipv6_address_on_creation": false,
            "availability_zone": "us-east-1b",
            "availability_zone_id": "use1-az2",
            "cidr_block": "10.0.2.0/24",
            "customer_owned_ipv4_pool": "",
            "enable_dns64": false,
            "enable_lni_at_device_index": 0,
            "enable_resource_name_dns_a_record_on_launch": false,
            "enable_resource_name_dns_aaaa_record_on_launch": false,
            "id": "subnet-0915ac3657f735b48",
            "ipv6_cidr_block": "",
            "ipv6_cidr_block_association_id": "",
            "ipv6_native": false,
            "map_customer_owned_ip_on_launch": false,
            "map_public_ip_on_launch": true,
            "outpost_arn": "",
            "owner_id": "478806200706",
            "private_dns_hostname_type_on_launch": "ip-name",
            "tags": {
              "Name": "proyecto-cicd-dev-public-2",
              "Type": "public"
            },
            "tags_all": {
              "Environment": "dev",
              "ManagedBy": "Terraform",
              "Name": "proyecto-cicd-dev-public-2",
              "Project": "proyecto-cicd",
              "Type": "public"
            },
            "timeouts": null,
            "vpc_id": "vpc-08941713cf00ee2f2"
          },
          "sensitive_attributes": [],
          "private": "eyJlMmJmYjczMC1lY2FhLTExZTYtOGY4OC0zNDM2M2JjN2M0YzAiOnsiY3JlYXRlIjo2MDAwMDAwMDAwMDAsImRlbGV0ZSI6MTIwMDAwMDAwMDAwMH0sInNjaGVtYV92ZXJzaW9uIjoiMSJ9",
          "dependencies": [
            "aws_vpc.main",
            "data.aws_availability_zones.available"
          ]
        }
      ]
    },
    {
      "mode": "managed",
      "type": "aws_vpc",
      "name": "main",
      "provider": "provider[\"registry.terraform.io/hashicorp/aws\"]",
      "instances": [
        {
          "schema_version": 1,
          "attributes": {
            "arn": "arn:aws:ec2:us-east-1:478806200706:vpc/vpc-08941713cf00ee2f2",
            "assign_generated_ipv6_cidr_block": false,
            "cidr_block": "10.0.0.0/16",
            "default_network_acl_id": "acl-0b81ae1f4b5bfcc91",
            "default_route_table_id": "rtb-0a7b49dc625553e66",
            "default_security_group_id": "sg-0c4d3294c32a0992a",
            "dhcp_options_id": "dopt-038630a5f8ce79110",
            "enable_dns_hostnames": true,
            "enable_dns_support": true,
            "enable_network_address_usage_metrics": false,
            "id": "vpc-08941713cf00ee2f2",
            "instance_tenancy": "default",
            "ipv4_ipam_pool_id": null,
            "ipv4_netmask_length": null,
            "ipv6_association_id": "",
            "ipv6_cidr_block": "",
            "ipv6_cidr_block_network_border_group": "",
            "ipv6_ipam_pool_id": "",
            "ipv6_netmask_length": 0,
            "main_route_table_id": "rtb-0a7b49dc625553e66",
            "owner_id": "478806200706",
            "tags": {
              "Name": "proyecto-cicd-dev-vpc"
            },
            "tags_all": {
              "Environment": "dev",
              "ManagedBy": "Terraform",
              "Name": "proyecto-cicd-dev-vpc",
              "Project": "proyecto-cicd"
            }
          },
          "sensitive_attributes": [],
          "private": "eyJzY2hlbWFfdmVyc2lvbiI6IjEifQ==",
          "create_before_destroy": true
        }
      ]
    },
    {
      "mode": "managed",
      "type": "aws_wafv2_web_acl",
      "name": "main",
      "provider": "provider[\"registry.terraform.io/hashicorp/aws\"]",
      "instances": []
    },
    {
      "mode": "managed",
      "type": "random_password",
      "name": "db_password",
      "provider": "provider[\"registry.terraform.io/hashicorp/random\"]",
      "instances": [
        {
          "schema_version": 3,
          "attributes": {
            "bcrypt_hash": "$2a$10$QUccfbk0Y3Ast/0Z5m6c1Ocen2e46f2oKCsNXUbG7HHb3JT9tRgGa",
            "id": "none",
            "keepers": null,
            "length": 16,
            "lower": true,
            "min_lower": 0,
            "min_numeric": 0,
            "min_special": 0,
            "min_upper": 0,
            "number": true,
            "numeric": true,
            "override_special": "!#$%\u0026*()-_=+[]{}\u003c\u003e:?",
            "result": "ZUjLTSFtJ\u003cMbE[]:",
            "special": true,
            "upper": true
          },
          "sensitive_attributes": [
            [
              {
                "type": "get_attr",
                "value": "result"
              }
            ],
            [
              {
                "type": "get_attr",
                "value": "bcrypt_hash"
              }
            ]
          ]
        }
      ]
    },
    {
      "mode": "managed",
      "type": "tls_private_key",
      "name": "self_signed",
      "provider": "provider[\"registry.terraform.io/hashicorp/tls\"]",
      "instances": [
        {
          "index_key": 0,
          "schema_version": 1,
          "attributes": {
            "algorithm": "RSA",
            "ecdsa_curve": "P224",
            "id": "35cbae0b0c247947597965f1c85266a4574d44a2",
            "private_key_openssh": "-----BEGIN OPENSSH PRIVATE KEY-----\nb3BlbnNzaC1rZXktdjEAAAAABG5vbmUAAAAEbm9uZQAAAAAAAAABAAABFwAAAAdz\nc2gtcnNhAAAAAwEAAQAAAQEA7lJzUjIFK/ICsMXdNzAZ1aUZ5zasr2R7n7RCZJ7k\nfrQryacbnrHau1ltdl1LZRtWW719vHNgj3kWTncFUGLVix2QJeZoAbVbjTQaK44h\n5MgS5waz1k3xHeDPDmY85OYYrfLwaTjnyHV68vu3U3wLcO82xSWSmICTNEw1mP+8\nO22d+lOmNTkFaDl/4kYdtWvusPj/uwHM8p/lSTVLJGBBXLPM7HfoZoYevXY8zgXP\nolOXcDs3Lhhjnz6eaE/9lpKaGADom/5rYgkmbT/kLd+XMMcJfqEZdtbxEBldT22U\njSCVWnJicim/JB/Rf5rMQ/ceHXBKb2ywCDobkOBGOHoNRQAAA7jNwgvUzcIL1AAA\nAAdzc2gtcnNhAAABAQDuUnNSMgUr8gKwxd03MBnVpRnnNqyvZHuftEJknuR+tCvJ\npxuesdq7WW12XUtlG1ZbvX28c2CPeRZOdwVQYtWLHZAl5mgBtVuNNBorjiHkyBLn\nBrPWTfEd4M8OZjzk5hit8vBpOOfIdXry+7dTfAtw7zbFJZKYgJM0TDWY/7w7bZ36\nU6Y1OQVoOX/iRh21a+6w+P+7Aczyn+VJNUskYEFcs8zsd+hmhh69djzOBc+iU5dw\nOzcuGGOfPp5oT/2WkpoYAOib/mtiCSZtP+Qt35cwxwl+oRl21vEQGV1PbZSNIJVa\ncmJyKb8kH9F/msxD9x4dcEpvbLAIOhuQ4EY4eg1FAAAAAwEAAQAAAQApdNm/J1jb\ndWCO8AhkcH9Z+PuZyxq8cuIHXLO87Z/pQ32neSR2lVErjGmccKusFZaO5FZSOQ7H\nvmRJN26K9npXlgesdBlNDMd1d2YDBBk0wzH4kqOnaI0EKcZS5ql6luUdozg7UY0O\nQ5Nk37Ea+mXCGjagkkHfOeSBcS1UpU3Q11F32XXXfhsBMM4A6qtC+BSXoYCJbSP4\noyIEn7VJutPERZy1m2z1DX+nsiXzlJygQOK0IgF/82NVVL1Y23aQk9l5YwpCLjZv\nAKJDCGXY3ybHGDIBaSBlKoFuGu6b/h65IykH7uO9mi7fznQOlIonAu58u4liR0Wu\nbVSxt5o/ctSZAAAAgGaDUfk/THtn+xX/3JA/uFq2EFbyAJQAvpnntnbBYO2niJjs\nMFi7iCEusN3qbOrKNrtBPc/PIBbt+2argZ+NN/7Z8Vu2ZKz6/ROPR3qb2NDNOOsZ\nmuvQoCs48a1NLbKuo6Jib+lhNwmSardTqxNFLSi/7ZCEYjoFPKvkPqE7jJrWAAAA\ngQD20uABFEAfC+r/ezU76iEgrGbm1HHAeMgm3ZT971tvanx8M6szLBqLfCOVYZEh\nz6de1VBgI3WY0Kl0PXWMgNVoJFNV6VvAAyXG7VUqOAKQgIehxQPGtZlnKipQqZnS\n+XA4FAwnxgR/MX3SBtTIb89jz6tXGXaeosZklPob2yq1aQAAAIEA9y6pXxoXPjvu\nDNoi01/eMOb0hyAzzaCpHebUYkK7JKjIgLL1SKlHdM0KbA6YaZsPohtjE2c+2kNE\nJXdkWtd4sWkR+X6rCBXPdF5TRXimlazF9Qk700AvNEW10P2LhdEQFVjzES4huYuc\nM6tOyX5RC9HY6TZikxWcVZZPBd4HkX0AAAAAAQID\n-----END OPENSSH PRIVATE KEY-----\n",
            "private_key_pem": "-----BEGIN RSA PRIVATE KEY-----\nMIIEowIBAAKCAQEA7lJzUjIFK/ICsMXdNzAZ1aUZ5zasr2R7n7RCZJ7kfrQryacb\nnrHau1ltdl1LZRtWW719vHNgj3kWTncFUGLVix2QJeZoAbVbjTQaK44h5MgS5waz\n1k3xHeDPDmY85OYYrfLwaTjnyHV68vu3U3wLcO82xSWSmICTNEw1mP+8O22d+lOm\nNTkFaDl/4kYdtWvusPj/uwHM8p/lSTVLJGBBXLPM7HfoZoYevXY8zgXPolOXcDs3\nLhhjnz6eaE/9lpKaGADom/5rYgkmbT/kLd+XMMcJfqEZdtbxEBldT22UjSCVWnJi\ncim/JB/Rf5rMQ/ceHXBKb2ywCDobkOBGOHoNRQIDAQABAoIBACl02b8nWNt1YI7w\nCGRwf1n4+5nLGrxy4gdcs7ztn+lDfad5JHaVUSuMaZxwq6wVlo7kVlI5Dse+ZEk3\nbor2eleWB6x0GU0Mx3V3ZgMEGTTDMfiSo6dojQQpxlLmqXqW5R2jODtRjQ5Dk2Tf\nsRr6ZcIaNqCSQd855IFxLVSlTdDXUXfZddd+GwEwzgDqq0L4FJehgIltI/ijIgSf\ntUm608RFnLWbbPUNf6eyJfOUnKBA4rQiAX/zY1VUvVjbdpCT2XljCkIuNm8AokMI\nZdjfJscYMgFpIGUqgW4a7pv+HrkjKQfu472aLt/OdA6UiicC7ny7iWJHRa5tVLG3\nmj9y1JkCgYEA9tLgARRAHwvq/3s1O+ohIKxm5tRxwHjIJt2U/e9bb2p8fDOrMywa\ni3wjlWGRIc+nXtVQYCN1mNCpdD11jIDVaCRTVelbwAMlxu1VKjgCkICHocUDxrWZ\nZyoqUKmZ0vlwOBQMJ8YEfzF90gbUyG/PY8+rVxl2nqLGZJT6G9sqtWkCgYEA9y6p\nXxoXPjvuDNoi01/eMOb0hyAzzaCpHebUYkK7JKjIgLL1SKlHdM0KbA6YaZsPohtj\nE2c+2kNEJXdkWtd4sWkR+X6rCBXPdF5TRXimlazF9Qk700AvNEW10P2LhdEQFVjz\nES4huYucM6tOyX5RC9HY6TZikxWcVZZPBd4HkX0CgYEArPkLUrZGWXuYrIJDxEFI\nBgXL92hab3A1lEck6vCbO3F82+25xJrb33SX21AMzY0g1izXrwgqmXVhy7xmbJi8\n9ca/QC3RxrZt+wLH9FZcNbhdVNkk1FTftJSwIuc4jcmRAzvJaPY0oI6mhlGTPQRe\naqxWfyuxHWslbceZn3vwakECgYBBW9w7Iln9Abm7Oj61J4dH5PnJdRFdkNrG5k9I\nQB7d3adOqINFGEWls8XKtr1ER1UF5zn2Wnl7Gwg84+nsP0dRmde/4ed1dtbpDTv1\nhaZ+szWQykVAYZtZtgkSXshytMoM6v0ykMEoH6tI2kY17ymc93rkh5XfEHrLAriY\nc5IKvQKBgGaDUfk/THtn+xX/3JA/uFq2EFbyAJQAvpnntnbBYO2niJjsMFi7iCEu\nsN3qbOrKNrtBPc/PIBbt+2argZ+NN/7Z8Vu2ZKz6/ROPR3qb2NDNOOsZmuvQoCs4\n8a1NLbKuo6Jib+lhNwmSardTqxNFLSi/7ZCEYjoFPKvkPqE7jJrW\n-----END RSA PRIVATE KEY-----\n",
            "private_key_pem_pkcs8": "-----BEGIN PRIVATE KEY-----\nMIIEvQIBADANBgkqhkiG9w0BAQEFAASCBKcwggSjAgEAAoIBAQDuUnNSMgUr8gKw\nxd03MBnVpRnnNqyvZHuftEJknuR+tCvJpxuesdq7WW12XUtlG1ZbvX28c2CPeRZO\ndwVQYtWLHZAl5mgBtVuNNBorjiHkyBLnBrPWTfEd4M8OZjzk5hit8vBpOOfIdXry\n+7dTfAtw7zbFJZKYgJM0TDWY/7w7bZ36U6Y1OQVoOX/iRh21a+6w+P+7Aczyn+VJ\nNUskYEFcs8zsd+hmhh69djzOBc+iU5dwOzcuGGOfPp5oT/2WkpoYAOib/mtiCSZt\nP+Qt35cwxwl+oRl21vEQGV1PbZSNIJVacmJyKb8kH9F/msxD9x4dcEpvbLAIOhuQ\n4EY4eg1FAgMBAAECggEAKXTZvydY23VgjvAIZHB/Wfj7mcsavHLiB1yzvO2f6UN9\np3kkdpVRK4xpnHCrrBWWjuRWUjkOx75kSTduivZ6V5YHrHQZTQzHdXdmAwQZNMMx\n+JKjp2iNBCnGUuapepblHaM4O1GNDkOTZN+xGvplwho2oJJB3znkgXEtVKVN0NdR\nd9l1134bATDOAOqrQvgUl6GAiW0j+KMiBJ+1SbrTxEWctZts9Q1/p7Il85ScoEDi\ntCIBf/NjVVS9WNt2kJPZeWMKQi42bwCiQwhl2N8mxxgyAWkgZSqBbhrum/4euSMp\nB+7jvZou3850DpSKJwLufLuJYkdFrm1UsbeaP3LUmQKBgQD20uABFEAfC+r/ezU7\n6iEgrGbm1HHAeMgm3ZT971tvanx8M6szLBqLfCOVYZEhz6de1VBgI3WY0Kl0PXWM\ngNVoJFNV6VvAAyXG7VUqOAKQgIehxQPGtZlnKipQqZnS+XA4FAwnxgR/MX3SBtTI\nb89jz6tXGXaeosZklPob2yq1aQKBgQD3LqlfGhc+O+4M2iLTX94w5vSHIDPNoKkd\n5tRiQrskqMiAsvVIqUd0zQpsDphpmw+iG2MTZz7aQ0Qld2Ra13ixaRH5fqsIFc90\nXlNFeKaVrMX1CTvTQC80RbXQ/YuF0RAVWPMRLiG5i5wzq07JflEL0djpNmKTFZxV\nlk8F3geRfQKBgQCs+QtStkZZe5isgkPEQUgGBcv3aFpvcDWURyTq8Js7cXzb7bnE\nmtvfdJfbUAzNjSDWLNevCCqZdWHLvGZsmLz1xr9ALdHGtm37Asf0Vlw1uF1U2STU\nVN+0lLAi5ziNyZEDO8lo9jSgjqaGUZM9BF5qrFZ/K7EdayVtx5mfe/BqQQKBgEFb\n3DsiWf0Bubs6PrUnh0fk+cl1EV2Q2sbmT0hAHt3dp06og0UYRaWzxcq2vURHVQXn\nOfZaeXsbCDzj6ew/R1GZ17/h53V21ukNO/WFpn6zNZDKRUBhm1m2CRJeyHK0ygzq\n/TKQwSgfq0jaRjXvKZz3euSHld8QessCuJhzkgq9AoGAZoNR+T9Me2f7Ff/ckD+4\nWrYQVvIAlAC+mee2dsFg7aeImOwwWLuIIS6w3eps6so2u0E9z88gFu37ZquBn403\n/tnxW7ZkrPr9E49HepvY0M046xma69CgKzjxrU0tsq6jomJv6WE3CZJqt1OrE0Ut\nKL/tkIRiOgU8q+Q+oTuMmtY=\n-----END PRIVATE KEY-----\n",
            "public_key_fingerprint_md5": "24:32:5e:64:ed:4b:ee:bb:e6:34:6b:c7:19:dc:7e:3f",
            "public_key_fingerprint_sha256": "SHA256:Tq5mo+ddfqBcA7YHZzyXlFvKG1xRO3Wtimbk1r0/4nU",
            "public_key_openssh": "ssh-rsa AAAAB3NzaC1yc2EAAAADAQABAAABAQDuUnNSMgUr8gKwxd03MBnVpRnnNqyvZHuftEJknuR+tCvJpxuesdq7WW12XUtlG1ZbvX28c2CPeRZOdwVQYtWLHZAl5mgBtVuNNBorjiHkyBLnBrPWTfEd4M8OZjzk5hit8vBpOOfIdXry+7dTfAtw7zbFJZKYgJM0TDWY/7w7bZ36U6Y1OQVoOX/iRh21a+6w+P+7Aczyn+VJNUskYEFcs8zsd+hmhh69djzOBc+iU5dwOzcuGGOfPp5oT/2WkpoYAOib/mtiCSZtP+Qt35cwxwl+oRl21vEQGV1PbZSNIJVacmJyKb8kH9F/msxD9x4dcEpvbLAIOhuQ4EY4eg1F\n",
            "public_key_pem": "-----BEGIN PUBLIC KEY-----\nMIIBIjANBgkqhkiG9w0BAQEFAAOCAQ8AMIIBCgKCAQEA7lJzUjIFK/ICsMXdNzAZ\n1aUZ5zasr2R7n7RCZJ7kfrQryacbnrHau1ltdl1LZRtWW719vHNgj3kWTncFUGLV\nix2QJeZoAbVbjTQaK44h5MgS5waz1k3xHeDPDmY85OYYrfLwaTjnyHV68vu3U3wL\ncO82xSWSmICTNEw1mP+8O22d+lOmNTkFaDl/4kYdtWvusPj/uwHM8p/lSTVLJGBB\nXLPM7HfoZoYevXY8zgXPolOXcDs3Lhhjnz6eaE/9lpKaGADom/5rYgkmbT/kLd+X\nMMcJfqEZdtbxEBldT22UjSCVWnJicim/JB/Rf5rMQ/ceHXBKb2ywCDobkOBGOHoN\nRQIDAQAB\n-----END PUBLIC KEY-----\n",
            "rsa_bits": 2048
          },
          "sensitive_attributes": [
            [
              {
                "type": "get_attr",
                "value": "private_key_pem"
              }
            ],
            [
              {
                "type": "get_attr",
                "value": "private_key_pem_pkcs8"
              }
            ],
            [
              {
                "type": "get_attr",
                "value": "private_key_openssh"
              }
            ]
          ],
          "create_before_destroy": true
        }
      ]
    },
    {
      "mode": "managed",
      "type": "tls_self_signed_cert",
      "name": "self_signed",
      "provider": "provider[\"registry.terraform.io/hashicorp/tls\"]",
      "instances": [
        {
          "index_key": 0,
          "schema_version": 0,
          "attributes": {
            "allowed_uses": [
              "key_encipherment",
              "digital_signature",
              "server_auth"
            ],
            "cert_pem": "-----BEGIN CERTIFICATE-----\nMIIDiTCCAnGgAwIBAgIQRbXym0XpFOvlnDLilasPLTANBgkqhkiG9w0BAQsFADA8\nMRYwFAYDVQQKEw1wcm95ZWN0by1jaWNkMSIwIAYDVQQDDBkqLnByb3llY3RvLWNp\nY2QtZGV2LmxvY2FsMB4XDTI1MTEyODE0NTQyOFoXDTI2MTEyODE0NTQyOFowPDEW\nMBQGA1UEChMNcHJveWVjdG8tY2ljZDEiMCAGA1UEAwwZKi5wcm95ZWN0by1jaWNk\nLWRldi5sb2NhbDCCASIwDQYJKoZIhvcNAQEBBQADggEPADCCAQoCggEBAO5Sc1Iy\nBSvyArDF3TcwGdWlGec2rK9ke5+0QmSe5H60K8mnG56x2rtZbXZdS2UbVlu9fbxz\nYI95Fk53BVBi1YsdkCXmaAG1W400GiuOIeTIEucGs9ZN8R3gzw5mPOTmGK3y8Gk4\n58h1evL7t1N8C3DvNsUlkpiAkzRMNZj/vDttnfpTpjU5BWg5f+JGHbVr7rD4/7sB\nzPKf5Uk1SyRgQVyzzOx36GaGHr12PM4Fz6JTl3A7Ny4YY58+nmhP/ZaSmhgA6Jv+\na2IJJm0/5C3flzDHCX6hGXbW8RAZXU9tlI0glVpyYnIpvyQf0X+azEP3Hh1wSm9s\nsAg6G5DgRjh6DUUCAwEAAaOBhjCBgzAOBgNVHQ8BAf8EBAMCBaAwEwYDVR0lBAww\nCgYIKwYBBQUHAwEwDAYDVR0TAQH/BAIwADBOBgNVHREERzBFgglsb2NhbGhvc3SC\nGSoucHJveWVjdG8tY2ljZC1kZXYubG9jYWyCF3Byb3llY3RvLWNpY2QtZGV2Lmxv\nY2FshwR/AAABMA0GCSqGSIb3DQEBCwUAA4IBAQA/dzag3YwgD8InEAkvkcbRhN9o\nTbF++D1wf91zGr7/qZqG+fz4Fl+vdVkQDubJhOm/CNCVdCOEZ1qDG8vn/sgqfOVs\nlwk1WyD4bP+FOIvVPKPy5yDw2idzg49orjYK9SecBmoAMab5bwNMNTdjTKMNJCck\nEmIa3b6ML+WXLVYNZREwOISiOqMGGCzvcvnY+B9n7IDr4WC1L8hb8QgbosdtPYky\nlwY9RVGZvT5CDDgDPdjE49CR+L5gu5s5Bi6XZ3+j5jYQpHnlanUNtn1GrPCViyk4\n0i6Pn096cqf5ffMWViHQlB/EC+Xt3tuzvzQigYcg99RBt/6AQrFcqrESzB1A\n-----END CERTIFICATE-----\n",
            "dns_names": [
              "localhost",
              "*.proyecto-cicd-dev.local",
              "proyecto-cicd-dev.local"
            ],
            "early_renewal_hours": 0,
            "id": "92661458085679516638844317363228839725",
            "ip_addresses": [
              "127.0.0.1"
            ],
            "is_ca_certificate": false,
            "key_algorithm": "RSA",
            "private_key_pem": "-----BEGIN RSA PRIVATE KEY-----\nMIIEowIBAAKCAQEA7lJzUjIFK/ICsMXdNzAZ1aUZ5zasr2R7n7RCZJ7kfrQryacb\nnrHau1ltdl1LZRtWW719vHNgj3kWTncFUGLVix2QJeZoAbVbjTQaK44h5MgS5waz\n1k3xHeDPDmY85OYYrfLwaTjnyHV68vu3U3wLcO82xSWSmICTNEw1mP+8O22d+lOm\nNTkFaDl/4kYdtWvusPj/uwHM8p/lSTVLJGBBXLPM7HfoZoYevXY8zgXPolOXcDs3\nLhhjnz6eaE/9lpKaGADom/5rYgkmbT/kLd+XMMcJfqEZdtbxEBldT22UjSCVWnJi\ncim/JB/Rf5rMQ/ceHXBKb2ywCDobkOBGOHoNRQIDAQABAoIBACl02b8nWNt1YI7w\nCGRwf1n4+5nLGrxy4gdcs7ztn+lDfad5JHaVUSuMaZxwq6wVlo7kVlI5Dse+ZEk3\nbor2eleWB6x0GU0Mx3V3ZgMEGTTDMfiSo6dojQQpxlLmqXqW5R2jODtRjQ5Dk2Tf\nsRr6ZcIaNqCSQd855IFxLVSlTdDXUXfZddd+GwEwzgDqq0L4FJehgIltI/ijIgSf\ntUm608RFnLWbbPUNf6eyJfOUnKBA4rQiAX/zY1VUvVjbdpCT2XljCkIuNm8AokMI\nZdjfJscYMgFpIGUqgW4a7pv+HrkjKQfu472aLt/OdA6UiicC7ny7iWJHRa5tVLG3\nmj9y1JkCgYEA9tLgARRAHwvq/3s1O+ohIKxm5tRxwHjIJt2U/e9bb2p8fDOrMywa\ni3wjlWGRIc+nXtVQYCN1mNCpdD11jIDVaCRTVelbwAMlxu1VKjgCkICHocUDxrWZ\nZyoqUKmZ0vlwOBQMJ8YEfzF90gbUyG/PY8+rVxl2nqLGZJT6G9sqtWkCgYEA9y6p\nXxoXPjvuDNoi01/eMOb0hyAzzaCpHebUYkK7JKjIgLL1SKlHdM0KbA6YaZsPohtj\nE2c+2kNEJXdkWtd4sWkR+X6rCBXPdF5TRXimlazF9Qk700AvNEW10P2LhdEQFVjz\nES4huYucM6tOyX5RC9HY6TZikxWcVZZPBd4HkX0CgYEArPkLUrZGWXuYrIJDxEFI\nBgXL92hab3A1lEck6vCbO3F82+25xJrb33SX21AMzY0g1izXrwgqmXVhy7xmbJi8\n9ca/QC3RxrZt+wLH9FZcNbhdVNkk1FTftJSwIuc4jcmRAzvJaPY0oI6mhlGTPQRe\naqxWfyuxHWslbceZn3vwakECgYBBW9w7Iln9Abm7Oj61J4dH5PnJdRFdkNrG5k9I\nQB7d3adOqINFGEWls8XKtr1ER1UF5zn2Wnl7Gwg84+nsP0dRmde/4ed1dtbpDTv1\nhaZ+szWQykVAYZtZtgkSXshytMoM6v0ykMEoH6tI2kY17ymc93rkh5XfEHrLAriY\nc5IKvQKBgGaDUfk/THtn+xX/3JA/uFq2EFbyAJQAvpnntnbBYO2niJjsMFi7iCEu\nsN3qbOrKNrtBPc/PIBbt+2argZ+NN/7Z8Vu2ZKz6/ROPR3qb2NDNOOsZmuvQoCs4\n8a1NLbKuo6Jib+lhNwmSardTqxNFLSi/7ZCEYjoFPKvkPqE7jJrW\n-----END RSA PRIVATE KEY-----\n",
            "ready_for_renewal": false,
            "set_authority_key_id": false,
            "set_subject_key_id": false,
            "subject": [
              {
                "common_name": "*.proyecto-cicd-dev.local",
                "country": null,
                "email_address": null,
                "locality": null,
                "organization": "proyecto-cicd",
                "organizational_unit": null,
                "postal_code": null,
                "province": null,
                "serial_number": null,
                "street_address": null
              }
            ],
            "uris": null,
            "validity_end_time": "2026-11-28T09:54:28.5187971-05:00",
            "validity_period_hours": 8760,
            "validity_start_time": "2025-11-28T09:54:28.5187971-05:00"
          },
          "sensitive_attributes": [
            [
              {
                "type": "get_attr",
                "value": "private_key_pem"
              }
            ]
          ],
          "dependencies": [
            "tls_private_key.self_signed"
          ],
          "create_before_destroy": true
        }
      ]
    }
  ],
  "check_results": null
}
