{
  "version": 4,
  "terraform_version": "1.11.3",
  "serial": 405,
  "lineage": "954fd31a-8a8c-77fd-957f-c2620f5365ce",
  "outputs": {
    "alb_dns_name": {
      "value": "proyecto-cicd-dev-alb-403301360.us-east-1.elb.amazonaws.com",
      "type": "string"
    },
    "alb_https_url": {
      "value": "https://proyecto-cicd-dev-alb-403301360.us-east-1.elb.amazonaws.com",
      "type": "string"
    },
    "alb_url": {
      "value": "https://proyecto-cicd-dev-alb-403301360.us-east-1.elb.amazonaws.com",
      "type": "string"
    },
    "app_config_secret_arn": {
      "value": "arn:aws:secretsmanager:us-east-1:478806200706:secret:proyecto-cicd-dev-app-config-RDEalD",
      "type": "string"
    },
    "app_config_secret_name": {
      "value": "proyecto-cicd-dev-app-config",
      "type": "string"
    },
    "application_url": {
      "value": "https://d37iwcrb7wdn09.cloudfront.net",
      "type": "string"
    },
    "certificate_arn": {
      "value": "arn:aws:acm:us-east-1:478806200706:certificate/e679c375-b7f8-4ca9-8a4e-140705dfc45b",
      "type": "string"
    },
    "certificate_type": {
      "value": "Self-Signed Certificate",
      "type": "string"
    },
    "certificate_validation_records": {
      "value": [],
      "type": [
        "tuple",
        []
      ]
    },
    "cloudfront_domain_name": {
      "value": "d37iwcrb7wdn09.cloudfront.net",
      "type": "string"
    },
    "cloudfront_url": {
      "value": "https://d37iwcrb7wdn09.cloudfront.net",
      "type": "string"
    },
    "cloudwatch_dashboard_url": {
      "value": "https://console.aws.amazon.com/cloudwatch/home?region=us-east-1#dashboards:name=proyecto-cicd-dev-dashboard",
      "type": "string"
    },
    "cloudwatch_log_group": {
      "value": "/ecs/proyecto-cicd-dev",
      "type": "string"
    },
    "db_credentials_secret_arn": {
      "value": "arn:aws:secretsmanager:us-east-1:478806200706:secret:proyecto-cicd-dev-db-credentials-GDHWME",
      "type": "string"
    },
    "db_credentials_secret_name": {
      "value": "proyecto-cicd-dev-db-credentials",
      "type": "string"
    },
    "ecr_repository_url": {
      "value": "478806200706.dkr.ecr.us-east-1.amazonaws.com/proyecto-cicd-dev-app",
      "type": "string"
    },
    "ecs_cluster_name": {
      "value": "proyecto-cicd-dev-cluster",
      "type": "string"
    },
    "ecs_service_name": {
      "value": "proyecto-cicd-dev-service",
      "type": "string"
    },
    "rds_address": {
      "value": "proyecto-cicd-dev-mysql.c6zg8ocuqyw5.us-east-1.rds.amazonaws.com",
      "type": "string"
    },
    "rds_database_name": {
      "value": "appdb",
      "type": "string"
    },
    "rds_endpoint": {
      "value": "proyecto-cicd-dev-mysql.c6zg8ocuqyw5.us-east-1.rds.amazonaws.com:3306",
      "type": "string"
    },
    "rds_port": {
      "value": 3306,
      "type": "number"
    },
    "rds_username": {
      "value": "admin",
      "type": "string",
      "sensitive": true
    },
    "secrets_manager_console_url": {
      "value": "https://console.aws.amazon.com/secretsmanager/home?region=us-east-1",
      "type": "string"
    },
    "vpc_id": {
      "value": "vpc-08941713cf00ee2f2",
      "type": "string"
    }
  },
  "resources": [
    {
      "mode": "data",
      "type": "aws_availability_zones",
      "name": "available",
      "provider": "provider[\"registry.terraform.io/hashicorp/aws\"]",
      "instances": [
        {
          "schema_version": 0,
          "attributes": {
            "all_availability_zones": null,
            "exclude_names": null,
            "exclude_zone_ids": null,
            "filter": null,
            "group_names": [
              "us-east-1-zg-1"
            ],
            "id": "us-east-1",
            "names": [
              "us-east-1a",
              "us-east-1b",
              "us-east-1c",
              "us-east-1d",
              "us-east-1e",
              "us-east-1f"
            ],
            "state": "available",
            "timeouts": null,
            "zone_ids": [
              "use1-az1",
              "use1-az2",
              "use1-az4",
              "use1-az6",
              "use1-az3",
              "use1-az5"
            ]
          },
          "sensitive_attributes": []
        }
      ]
    },
    {
      "mode": "managed",
      "type": "aws_acm_certificate",
      "name": "self_signed",
      "provider": "provider[\"registry.terraform.io/hashicorp/aws\"]",
      "instances": [
        {
          "index_key": 0,
          "schema_version": 0,
          "attributes": {
            "arn": "arn:aws:acm:us-east-1:478806200706:certificate/e679c375-b7f8-4ca9-8a4e-140705dfc45b",
            "certificate_authority_arn": "",
            "certificate_body": "-----BEGIN CERTIFICATE-----\nMIIDiTCCAnGgAwIBAgIQRbXym0XpFOvlnDLilasPLTANBgkqhkiG9w0BAQsFADA8\nMRYwFAYDVQQKEw1wcm95ZWN0by1jaWNkMSIwIAYDVQQDDBkqLnByb3llY3RvLWNp\nY2QtZGV2LmxvY2FsMB4XDTI1MTEyODE0NTQyOFoXDTI2MTEyODE0NTQyOFowPDEW\nMBQGA1UEChMNcHJveWVjdG8tY2ljZDEiMCAGA1UEAwwZKi5wcm95ZWN0by1jaWNk\nLWRldi5sb2NhbDCCASIwDQYJKoZIhvcNAQEBBQADggEPADCCAQoCggEBAO5Sc1Iy\nBSvyArDF3TcwGdWlGec2rK9ke5+0QmSe5H60K8mnG56x2rtZbXZdS2UbVlu9fbxz\nYI95Fk53BVBi1YsdkCXmaAG1W400GiuOIeTIEucGs9ZN8R3gzw5mPOTmGK3y8Gk4\n58h1evL7t1N8C3DvNsUlkpiAkzRMNZj/vDttnfpTpjU5BWg5f+JGHbVr7rD4/7sB\nzPKf5Uk1SyRgQVyzzOx36GaGHr12PM4Fz6JTl3A7Ny4YY58+nmhP/ZaSmhgA6Jv+\na2IJJm0/5C3flzDHCX6hGXbW8RAZXU9tlI0glVpyYnIpvyQf0X+azEP3Hh1wSm9s\nsAg6G5DgRjh6DUUCAwEAAaOBhjCBgzAOBgNVHQ8BAf8EBAMCBaAwEwYDVR0lBAww\nCgYIKwYBBQUHAwEwDAYDVR0TAQH/BAIwADBOBgNVHREERzBFgglsb2NhbGhvc3SC\nGSoucHJveWVjdG8tY2ljZC1kZXYubG9jYWyCF3Byb3llY3RvLWNpY2QtZGV2Lmxv\nY2FshwR/AAABMA0GCSqGSIb3DQEBCwUAA4IBAQA/dzag3YwgD8InEAkvkcbRhN9o\nTbF++D1wf91zGr7/qZqG+fz4Fl+vdVkQDubJhOm/CNCVdCOEZ1qDG8vn/sgqfOVs\nlwk1WyD4bP+FOIvVPKPy5yDw2idzg49orjYK9SecBmoAMab5bwNMNTdjTKMNJCck\nEmIa3b6ML+WXLVYNZREwOISiOqMGGCzvcvnY+B9n7IDr4WC1L8hb8QgbosdtPYky\nlwY9RVGZvT5CDDgDPdjE49CR+L5gu5s5Bi6XZ3+j5jYQpHnlanUNtn1GrPCViyk4\n0i6Pn096cqf5ffMWViHQlB/EC+Xt3tuzvzQigYcg99RBt/6AQrFcqrESzB1A\n-----END CERTIFICATE-----\n",
            "certificate_chain": null,
            "domain_name": "*.proyecto-cicd-dev.local",
            "domain_validation_options": [],
            "early_renewal_duration": "",
            "id": "arn:aws:acm:us-east-1:478806200706:certificate/e679c375-b7f8-4ca9-8a4e-140705dfc45b",
            "key_algorithm": "RSA_2048",
            "not_after": "2026-11-28T14:54:28Z",
            "not_before": "2025-11-28T14:54:28Z",
            "options": [
              {
                "certificate_transparency_logging_preference": "DISABLED"
              }
            ],
            "pending_renewal": false,
            "private_key": "-----BEGIN RSA PRIVATE KEY-----\nMIIEowIBAAKCAQEA7lJzUjIFK/ICsMXdNzAZ1aUZ5zasr2R7n7RCZJ7kfrQryacb\nnrHau1ltdl1LZRtWW719vHNgj3kWTncFUGLVix2QJeZoAbVbjTQaK44h5MgS5waz\n1k3xHeDPDmY85OYYrfLwaTjnyHV68vu3U3wLcO82xSWSmICTNEw1mP+8O22d+lOm\nNTkFaDl/4kYdtWvusPj/uwHM8p/lSTVLJGBBXLPM7HfoZoYevXY8zgXPolOXcDs3\nLhhjnz6eaE/9lpKaGADom/5rYgkmbT/kLd+XMMcJfqEZdtbxEBldT22UjSCVWnJi\ncim/JB/Rf5rMQ/ceHXBKb2ywCDobkOBGOHoNRQIDAQABAoIBACl02b8nWNt1YI7w\nCGRwf1n4+5nLGrxy4gdcs7ztn+lDfad5JHaVUSuMaZxwq6wVlo7kVlI5Dse+ZEk3\nbor2eleWB6x0GU0Mx3V3ZgMEGTTDMfiSo6dojQQpxlLmqXqW5R2jODtRjQ5Dk2Tf\nsRr6ZcIaNqCSQd855IFxLVSlTdDXUXfZddd+GwEwzgDqq0L4FJehgIltI/ijIgSf\ntUm608RFnLWbbPUNf6eyJfOUnKBA4rQiAX/zY1VUvVjbdpCT2XljCkIuNm8AokMI\nZdjfJscYMgFpIGUqgW4a7pv+HrkjKQfu472aLt/OdA6UiicC7ny7iWJHRa5tVLG3\nmj9y1JkCgYEA9tLgARRAHwvq/3s1O+ohIKxm5tRxwHjIJt2U/e9bb2p8fDOrMywa\ni3wjlWGRIc+nXtVQYCN1mNCpdD11jIDVaCRTVelbwAMlxu1VKjgCkICHocUDxrWZ\nZyoqUKmZ0vlwOBQMJ8YEfzF90gbUyG/PY8+rVxl2nqLGZJT6G9sqtWkCgYEA9y6p\nXxoXPjvuDNoi01/eMOb0hyAzzaCpHebUYkK7JKjIgLL1SKlHdM0KbA6YaZsPohtj\nE2c+2kNEJXdkWtd4sWkR+X6rCBXPdF5TRXimlazF9Qk700AvNEW10P2LhdEQFVjz\nES4huYucM6tOyX5RC9HY6TZikxWcVZZPBd4HkX0CgYEArPkLUrZGWXuYrIJDxEFI\nBgXL92hab3A1lEck6vCbO3F82+25xJrb33SX21AMzY0g1izXrwgqmXVhy7xmbJi8\n9ca/QC3RxrZt+wLH9FZcNbhdVNkk1FTftJSwIuc4jcmRAzvJaPY0oI6mhlGTPQRe\naqxWfyuxHWslbceZn3vwakECgYBBW9w7Iln9Abm7Oj61J4dH5PnJdRFdkNrG5k9I\nQB7d3adOqINFGEWls8XKtr1ER1UF5zn2Wnl7Gwg84+nsP0dRmde/4ed1dtbpDTv1\nhaZ+szWQykVAYZtZtgkSXshytMoM6v0ykMEoH6tI2kY17ymc93rkh5XfEHrLAriY\nc5IKvQKBgGaDUfk/THtn+xX/3JA/uFq2EFbyAJQAvpnntnbBYO2niJjsMFi7iCEu\nsN3qbOrKNrtBPc/PIBbt+2argZ+NN/7Z8Vu2ZKz6/ROPR3qb2NDNOOsZmuvQoCs4\n8a1NLbKuo6Jib+lhNwmSardTqxNFLSi/7ZCEYjoFPKvkPqE7jJrW\n-----END RSA PRIVATE KEY-----\n",
            "renewal_eligibility": "INELIGIBLE",
            "renewal_summary": [],
            "status": "ISSUED",
            "subject_alternative_names": [
              "*.proyecto-cicd-dev.local",
              "localhost",
              "proyecto-cicd-dev.local"
            ],
            "tags": {
              "Environment": "dev",
              "Name": "proyecto-cicd-dev-self-signed-cert",
              "Type": "Self-Signed"
            },
            "tags_all": {
              "Environment": "dev",
              "ManagedBy": "Terraform",
              "Name": "proyecto-cicd-dev-self-signed-cert",
              "Project": "proyecto-cicd",
              "Type": "Self-Signed"
            },
            "type": "IMPORTED",
            "validation_emails": [],
            "validation_method": "NONE",
            "validation_option": []
          },
          "sensitive_attributes": [
            [
              {
                "type": "get_attr",
                "value": "private_key"
              }
            ]
          ],
          "private": "bnVsbA==",
          "dependencies": [
            "tls_private_key.self_signed",
            "tls_self_signed_cert.self_signed"
          ],
          "create_before_destroy": true
        }
      ]
    },
    {
      "mode": "managed",
      "type": "aws_cloudfront_distribution",
      "name": "main",
      "provider": "provider[\"registry.terraform.io/hashicorp/aws\"]",
      "instances": [
        {
          "index_key": 0,
          "schema_version": 1,
          "attributes": {
            "aliases": [],
            "arn": "arn:aws:cloudfront::478806200706:distribution/E1SH57PELQM8OH",
            "caller_reference": "terraform-20251128151227233800000001",
            "comment": "proyecto-cicd-dev CloudFront Distribution",
            "continuous_deployment_policy_id": "",
            "custom_error_response": [],
            "default_cache_behavior": [
              {
                "allowed_methods": [
                  "DELETE",
                  "GET",
                  "HEAD",
                  "OPTIONS",
                  "PATCH",
                  "POST",
                  "PUT"
                ],
                "cache_policy_id": "",
                "cached_methods": [
                  "GET",
                  "HEAD",
                  "OPTIONS"
                ],
                "compress": true,
                "default_ttl": 0,
                "field_level_encryption_id": "",
                "forwarded_values": [
                  {
                    "cookies": [
                      {
                        "forward": "all",
                        "whitelisted_names": []
                      }
                    ],
                    "headers": [
                      "Accept",
                      "Accept-Language",
                      "Authorization",
                      "Content-Type",
                      "Host"
                    ],
                    "query_string": true,
                    "query_string_cache_keys": []
                  }
                ],
                "function_association": [],
                "grpc_config": [
                  {
                    "enabled": false
                  }
                ],
                "lambda_function_association": [],
                "max_ttl": 0,
                "min_ttl": 0,
                "origin_request_policy_id": "",
                "realtime_log_config_arn": "",
                "response_headers_policy_id": "",
                "smooth_streaming": false,
                "target_origin_id": "ALB-proyecto-cicd-dev",
                "trusted_key_groups": [],
                "trusted_signers": [],
                "viewer_protocol_policy": "redirect-to-https"
              }
            ],
            "default_root_object": "",
            "domain_name": "d37iwcrb7wdn09.cloudfront.net",
            "enabled": true,
            "etag": "EF913THYTOMDW",
            "hosted_zone_id": "Z2FDTNDATAQYW2",
            "http_version": "http2",
            "id": "E1SH57PELQM8OH",
            "in_progress_validation_batches": 0,
            "is_ipv6_enabled": true,
            "last_modified_time": "2025-11-28 15:50:04.343 +0000 UTC",
            "logging_config": [],
            "ordered_cache_behavior": [
              {
                "allowed_methods": [
                  "GET",
                  "HEAD",
                  "OPTIONS"
                ],
                "cache_policy_id": "",
                "cached_methods": [
                  "GET",
                  "HEAD",
                  "OPTIONS"
                ],
                "compress": true,
                "default_ttl": 86400,
                "field_level_encryption_id": "",
                "forwarded_values": [
                  {
                    "cookies": [
                      {
                        "forward": "none",
                        "whitelisted_names": []
                      }
                    ],
                    "headers": [
                      "Origin"
                    ],
                    "query_string": false,
                    "query_string_cache_keys": []
                  }
                ],
                "function_association": [],
                "grpc_config": [
                  {
                    "enabled": false
                  }
                ],
                "lambda_function_association": [],
                "max_ttl": 31536000,
                "min_ttl": 0,
                "origin_request_policy_id": "",
                "path_pattern": "/static/*",
                "realtime_log_config_arn": "",
                "response_headers_policy_id": "",
                "smooth_streaming": false,
                "target_origin_id": "ALB-proyecto-cicd-dev",
                "trusted_key_groups": [],
                "trusted_signers": [],
                "viewer_protocol_policy": "redirect-to-https"
              }
            ],
            "origin": [
              {
                "connection_attempts": 3,
                "connection_timeout": 10,
                "custom_header": [
                  {
                    "name": "X-Custom-Header",
                    "value": "CloudFront-Secret-Header-Value-Change-This"
                  }
                ],
                "custom_origin_config": [
                  {
                    "http_port": 80,
                    "https_port": 443,
                    "origin_keepalive_timeout": 5,
                    "origin_protocol_policy": "http-only",
                    "origin_read_timeout": 30,
                    "origin_ssl_protocols": [
                      "TLSv1.2"
                    ]
                  }
                ],
                "domain_name": "proyecto-cicd-dev-alb-403301360.us-east-1.elb.amazonaws.com",
                "origin_access_control_id": "",
                "origin_id": "ALB-proyecto-cicd-dev",
                "origin_path": "",
                "origin_shield": [],
                "s3_origin_config": [],
                "vpc_origin_config": []
              }
            ],
            "origin_group": [],
            "price_class": "PriceClass_100",
            "restrictions": [
              {
                "geo_restriction": [
                  {
                    "locations": [],
                    "restriction_type": "none"
                  }
                ]
              }
            ],
            "retain_on_delete": false,
            "staging": false,
            "status": "Deployed",
            "tags": {
              "Environment": "dev",
              "Name": "proyecto-cicd-dev-cloudfront"
            },
            "tags_all": {
              "Environment": "dev",
              "ManagedBy": "Terraform",
              "Name": "proyecto-cicd-dev-cloudfront",
              "Project": "proyecto-cicd"
            },
            "trusted_key_groups": [
              {
                "enabled": false,
                "items": []
              }
            ],
            "trusted_signers": [
              {
                "enabled": false,
                "items": []
              }
            ],
            "viewer_certificate": [
              {
                "acm_certificate_arn": "",
                "cloudfront_default_certificate": true,
                "iam_certificate_id": "",
                "minimum_protocol_version": "TLSv1",
                "ssl_support_method": ""
              }
            ],
            "wait_for_deployment": true,
            "web_acl_id": ""
          },
          "sensitive_attributes": [
            [
              {
                "type": "get_attr",
                "value": "origin"
              }
            ]
          ],
          "private": "eyJzY2hlbWFfdmVyc2lvbiI6IjEifQ==",
          "dependencies": [
            "aws_acm_certificate.main",
            "aws_lb.main",
            "aws_security_group.alb",
            "aws_subnet.public",
            "aws_vpc.main",
            "aws_wafv2_web_acl.main",
            "data.aws_availability_zones.available"
          ]
        }
      ]
    },
    {
      "mode": "managed",
      "type": "aws_cloudwatch_dashboard",
      "name": "main",
      "provider": "provider[\"registry.terraform.io/hashicorp/aws\"]",
      "instances": [
        {
          "schema_version": 0,
          "attributes": {
            "dashboard_arn": "arn:aws:cloudwatch::478806200706:dashboard/proyecto-cicd-dev-dashboard",
            "dashboard_body": "{\"widgets\":[{\"properties\":{\"metrics\":[[\"AWS/ECS\",\"CPUUtilization\",{\"stat\":\"Average\"}],[\".\",\"MemoryUtilization\",{\"stat\":\"Average\"}]],\"period\":300,\"region\":\"us-east-1\",\"stat\":\"Average\",\"title\":\"ECS Cluster Metrics\"},\"type\":\"metric\"},{\"properties\":{\"metrics\":[[\"AWS/ApplicationELB\",\"TargetResponseTime\",{\"stat\":\"Average\"}],[\".\",\"RequestCount\",{\"stat\":\"Sum\"}]],\"period\":300,\"region\":\"us-east-1\",\"stat\":\"Average\",\"title\":\"ALB Metrics\"},\"type\":\"metric\"}]}",
            "dashboard_name": "proyecto-cicd-dev-dashboard",
            "id": "proyecto-cicd-dev-dashboard"
          },
          "sensitive_attributes": [],
          "private": "bnVsbA=="
        }
      ]
    },
    {
      "mode": "managed",
      "type": "aws_cloudwatch_log_group",
      "name": "ecs",
      "provider": "provider[\"registry.terraform.io/hashicorp/aws\"]",
      "instances": [
        {
          "schema_version": 0,
          "attributes": {
            "arn": "arn:aws:logs:us-east-1:478806200706:log-group:/ecs/proyecto-cicd-dev",
            "id": "/ecs/proyecto-cicd-dev",
            "kms_key_id": "",
            "log_group_class": "STANDARD",
            "name": "/ecs/proyecto-cicd-dev",
            "name_prefix": "",
            "retention_in_days": 7,
            "skip_destroy": false,
            "tags": {
              "Name": "proyecto-cicd-dev-ecs-logs"
            },
            "tags_all": {
              "Environment": "dev",
              "ManagedBy": "Terraform",
              "Name": "proyecto-cicd-dev-ecs-logs",
              "Project": "proyecto-cicd"
            }
          },
          "sensitive_attributes": [],
          "private": "bnVsbA=="
        }
      ]
    },
    {
      "mode": "managed",
      "type": "aws_cloudwatch_metric_alarm",
      "name": "alb_target_response_time",
      "provider": "provider[\"registry.terraform.io/hashicorp/aws\"]",
      "instances": [
        {
          "schema_version": 1,
          "attributes": {
            "actions_enabled": true,
            "alarm_actions": [],
            "alarm_description": "Alert when response time is too high",
            "alarm_name": "proyecto-cicd-dev-alb-response-time",
            "arn": "arn:aws:cloudwatch:us-east-1:478806200706:alarm:proyecto-cicd-dev-alb-response-time",
            "comparison_operator": "GreaterThanThreshold",
            "datapoints_to_alarm": 0,
            "dimensions": {
              "LoadBalancer": "app/proyecto-cicd-dev-alb/eaeae6f8359a9a2c"
            },
            "evaluate_low_sample_count_percentiles": "",
            "evaluation_periods": 2,
            "extended_statistic": "",
            "id": "proyecto-cicd-dev-alb-response-time",
            "insufficient_data_actions": [],
            "metric_name": "TargetResponseTime",
            "metric_query": [],
            "namespace": "AWS/ApplicationELB",
            "ok_actions": [],
            "period": 60,
            "statistic": "Average",
            "tags": {},
            "tags_all": {
              "Environment": "dev",
              "ManagedBy": "Terraform",
              "Project": "proyecto-cicd"
            },
            "threshold": 1,
            "threshold_metric_id": "",
            "treat_missing_data": "missing",
            "unit": ""
          },
          "sensitive_attributes": [],
          "private": "eyJzY2hlbWFfdmVyc2lvbiI6IjEifQ==",
          "dependencies": [
            "aws_lb.main",
            "aws_security_group.alb",
            "aws_subnet.public",
            "aws_vpc.main",
            "data.aws_availability_zones.available"
          ]
        }
      ]
    },
    {
      "mode": "managed",
      "type": "aws_cloudwatch_metric_alarm",
      "name": "cloudfront_cache_hit_rate",
      "provider": "provider[\"registry.terraform.io/hashicorp/aws\"]",
      "instances": [
        {
          "index_key": 0,
          "schema_version": 1,
          "attributes": {
            "actions_enabled": true,
            "alarm_actions": [],
            "alarm_description": "Alert when CloudFront cache hit rate is too low",
            "alarm_name": "proyecto-cicd-dev-cloudfront-cache-hit-rate",
            "arn": "arn:aws:cloudwatch:us-east-1:478806200706:alarm:proyecto-cicd-dev-cloudfront-cache-hit-rate",
            "comparison_operator": "LessThanThreshold",
            "datapoints_to_alarm": 0,
            "dimensions": {
              "DistributionId": "E1SH57PELQM8OH"
            },
            "evaluate_low_sample_count_percentiles": "",
            "evaluation_periods": 2,
            "extended_statistic": "",
            "id": "proyecto-cicd-dev-cloudfront-cache-hit-rate",
            "insufficient_data_actions": [],
            "metric_name": "CacheHitRate",
            "metric_query": [],
            "namespace": "AWS/CloudFront",
            "ok_actions": [],
            "period": 300,
            "statistic": "Average",
            "tags": {},
            "tags_all": {
              "Environment": "dev",
              "ManagedBy": "Terraform",
              "Project": "proyecto-cicd"
            },
            "threshold": 50,
            "threshold_metric_id": "",
            "treat_missing_data": "missing",
            "unit": ""
          },
          "sensitive_attributes": [],
          "private": "eyJzY2hlbWFfdmVyc2lvbiI6IjEifQ==",
          "dependencies": [
            "aws_acm_certificate.main",
            "aws_cloudfront_distribution.main",
            "aws_lb.main",
            "aws_security_group.alb",
            "aws_subnet.public",
            "aws_vpc.main",
            "aws_wafv2_web_acl.main",
            "data.aws_availability_zones.available"
          ]
        }
      ]
    },
    {
      "mode": "managed",
      "type": "aws_cloudwatch_metric_alarm",
      "name": "cloudfront_error_rate",
      "provider": "provider[\"registry.terraform.io/hashicorp/aws\"]",
      "instances": [
        {
          "index_key": 0,
          "schema_version": 1,
          "attributes": {
            "actions_enabled": true,
            "alarm_actions": [],
            "alarm_description": "Alert when CloudFront 5xx error rate is too high",
            "alarm_name": "proyecto-cicd-dev-cloudfront-error-rate",
            "arn": "arn:aws:cloudwatch:us-east-1:478806200706:alarm:proyecto-cicd-dev-cloudfront-error-rate",
            "comparison_operator": "GreaterThanThreshold",
            "datapoints_to_alarm": 0,
            "dimensions": {
              "DistributionId": "E1SH57PELQM8OH"
            },
            "evaluate_low_sample_count_percentiles": "",
            "evaluation_periods": 2,
            "extended_statistic": "",
            "id": "proyecto-cicd-dev-cloudfront-error-rate",
            "insufficient_data_actions": [],
            "metric_name": "5xxErrorRate",
            "metric_query": [],
            "namespace": "AWS/CloudFront",
            "ok_actions": [],
            "period": 300,
            "statistic": "Average",
            "tags": {},
            "tags_all": {
              "Environment": "dev",
              "ManagedBy": "Terraform",
              "Project": "proyecto-cicd"
            },
            "threshold": 5,
            "threshold_metric_id": "",
            "treat_missing_data": "missing",
            "unit": ""
          },
          "sensitive_attributes": [],
          "private": "eyJzY2hlbWFfdmVyc2lvbiI6IjEifQ==",
          "dependencies": [
            "aws_acm_certificate.main",
            "aws_cloudfront_distribution.main",
            "aws_lb.main",
            "aws_security_group.alb",
            "aws_subnet.public",
            "aws_vpc.main",
            "aws_wafv2_web_acl.main",
            "data.aws_availability_zones.available"
          ]
        }
      ]
    },
    {
      "mode": "managed",
      "type": "aws_cloudwatch_metric_alarm",
      "name": "ecs_cpu_high",
      "provider": "provider[\"registry.terraform.io/hashicorp/aws\"]",
      "instances": [
        {
          "schema_version": 1,
          "attributes": {
            "actions_enabled": true,
            "alarm_actions": [],
            "alarm_description": "Alert when ECS CPU is too high",
            "alarm_name": "proyecto-cicd-dev-ecs-cpu-high",
            "arn": "arn:aws:cloudwatch:us-east-1:478806200706:alarm:proyecto-cicd-dev-ecs-cpu-high",
            "comparison_operator": "GreaterThanThreshold",
            "datapoints_to_alarm": 0,
            "dimensions": {
              "ClusterName": "proyecto-cicd-dev-cluster",
              "ServiceName": "proyecto-cicd-dev-service"
            },
            "evaluate_low_sample_count_percentiles": "",
            "evaluation_periods": 2,
            "extended_statistic": "",
            "id": "proyecto-cicd-dev-ecs-cpu-high",
            "insufficient_data_actions": [],
            "metric_name": "CPUUtilization",
            "metric_query": [],
            "namespace": "AWS/ECS",
            "ok_actions": [],
            "period": 300,
            "statistic": "Average",
            "tags": {},
            "tags_all": {
              "Environment": "dev",
              "ManagedBy": "Terraform",
              "Project": "proyecto-cicd"
            },
            "threshold": 80,
            "threshold_metric_id": "",
            "treat_missing_data": "missing",
            "unit": ""
          },
          "sensitive_attributes": [],
          "private": "eyJzY2hlbWFfdmVyc2lvbiI6IjEifQ==",
          "dependencies": [
            "aws_cloudwatch_log_group.ecs",
            "aws_ecr_repository.app",
            "aws_ecs_cluster.main",
            "aws_ecs_service.app",
            "aws_ecs_task_definition.app",
            "aws_iam_role.ecs_task_execution_role",
            "aws_iam_role.ecs_task_role",
            "aws_iam_role_policy_attachment.ecs_task_execution_role_policy",
            "aws_lb.main",
            "aws_lb_listener.http",
            "aws_lb_target_group.app",
            "aws_security_group.alb",
            "aws_security_group.ecs_tasks",
            "aws_subnet.private",
            "aws_subnet.public",
            "aws_vpc.main",
            "data.aws_availability_zones.available"
          ]
        }
      ]
    },
    {
      "mode": "managed",
      "type": "aws_cloudwatch_metric_alarm",
      "name": "ecs_memory_high",
      "provider": "provider[\"registry.terraform.io/hashicorp/aws\"]",
      "instances": [
        {
          "schema_version": 1,
          "attributes": {
            "actions_enabled": true,
            "alarm_actions": [],
            "alarm_description": "Alert when ECS Memory is too high",
            "alarm_name": "proyecto-cicd-dev-ecs-memory-high",
            "arn": "arn:aws:cloudwatch:us-east-1:478806200706:alarm:proyecto-cicd-dev-ecs-memory-high",
            "comparison_operator": "GreaterThanThreshold",
            "datapoints_to_alarm": 0,
            "dimensions": {
              "ClusterName": "proyecto-cicd-dev-cluster",
              "ServiceName": "proyecto-cicd-dev-service"
            },
            "evaluate_low_sample_count_percentiles": "",
            "evaluation_periods": 2,
            "extended_statistic": "",
            "id": "proyecto-cicd-dev-ecs-memory-high",
            "insufficient_data_actions": [],
            "metric_name": "MemoryUtilization",
            "metric_query": [],
            "namespace": "AWS/ECS",
            "ok_actions": [],
            "period": 300,
            "statistic": "Average",
            "tags": {},
            "tags_all": {
              "Environment": "dev",
              "ManagedBy": "Terraform",
              "Project": "proyecto-cicd"
            },
            "threshold": 80,
            "threshold_metric_id": "",
            "treat_missing_data": "missing",
            "unit": ""
          },
          "sensitive_attributes": [],
          "private": "eyJzY2hlbWFfdmVyc2lvbiI6IjEifQ==",
          "dependencies": [
            "aws_cloudwatch_log_group.ecs",
            "aws_ecr_repository.app",
            "aws_ecs_cluster.main",
            "aws_ecs_service.app",
            "aws_ecs_task_definition.app",
            "aws_iam_role.ecs_task_execution_role",
            "aws_iam_role.ecs_task_role",
            "aws_iam_role_policy_attachment.ecs_task_execution_role_policy",
            "aws_lb.main",
            "aws_lb_listener.http",
            "aws_lb_target_group.app",
            "aws_security_group.alb",
            "aws_security_group.ecs_tasks",
            "aws_subnet.private",
            "aws_subnet.public",
            "aws_vpc.main",
            "data.aws_availability_zones.available"
          ]
        }
      ]
    },
    {
      "mode": "managed",
      "type": "aws_db_instance",
      "name": "main",
      "provider": "provider[\"registry.terraform.io/hashicorp/aws\"]",
      "instances": [
        {
          "schema_version": 2,
          "attributes": {
            "address": "proyecto-cicd-dev-mysql.c6zg8ocuqyw5.us-east-1.rds.amazonaws.com",
            "allocated_storage": 20,
            "allow_major_version_upgrade": null,
            "apply_immediately": false,
            "arn": "arn:aws:rds:us-east-1:478806200706:db:proyecto-cicd-dev-mysql",
            "auto_minor_version_upgrade": true,
            "availability_zone": "us-east-1a",
            "backup_retention_period": 7,
            "backup_target": "region",
            "backup_window": "03:00-04:00",
            "blue_green_update": [],
            "ca_cert_identifier": "rds-ca-rsa2048-g1",
            "character_set_name": "",
            "copy_tags_to_snapshot": false,
            "custom_iam_instance_profile": "",
            "customer_owned_ip_enabled": false,
            "database_insights_mode": "standard",
            "db_name": "appdb",
            "db_subnet_group_name": "proyecto-cicd-dev-db-subnet-group",
            "dedicated_log_volume": false,
            "delete_automated_backups": true,
            "deletion_protection": false,
            "domain": "",
            "domain_auth_secret_arn": "",
            "domain_dns_ips": [],
            "domain_fqdn": "",
            "domain_iam_role_name": "",
            "domain_ou": "",
            "enabled_cloudwatch_logs_exports": [
              "error",
              "general",
              "slowquery"
            ],
            "endpoint": "proyecto-cicd-dev-mysql.c6zg8ocuqyw5.us-east-1.rds.amazonaws.com:3306",
            "engine": "mysql",
            "engine_lifecycle_support": "open-source-rds-extended-support",
            "engine_version": "8.0.39",
            "engine_version_actual": "8.0.39",
            "final_snapshot_identifier": "proyecto-cicd-dev-final-snapshot-2025-11-28-1546",
            "hosted_zone_id": "Z2R2ITUGPM61AM",
            "iam_database_authentication_enabled": false,
            "id": "db-3NFS3PSLP4PDLCQCVPQ5ZIWZZA",
            "identifier": "proyecto-cicd-dev-mysql",
            "identifier_prefix": "",
            "instance_class": "db.t3.micro",
            "iops": 0,
            "kms_key_id": "arn:aws:kms:us-east-1:478806200706:key/a4ae4fcb-ed50-4e14-bbe8-f1d6f1101917",
            "latest_restorable_time": "2025-11-28T15:40:00Z",
            "license_model": "general-public-license",
            "listener_endpoint": [],
            "maintenance_window": "mon:04:00-mon:05:00",
            "manage_master_user_password": null,
            "master_user_secret": [],
            "master_user_secret_kms_key_id": null,
            "max_allocated_storage": 0,
            "monitoring_interval": 60,
            "monitoring_role_arn": "arn:aws:iam::478806200706:role/proyecto-cicd-dev-rds-monitoring-role",
            "multi_az": false,
            "nchar_character_set_name": "",
            "network_type": "IPV4",
            "option_group_name": "default:mysql-8-0",
            "parameter_group_name": "default.mysql8.0",
            "password": "ZUjLTSFtJ\u003cMbE[]:",
            "password_wo": null,
            "password_wo_version": null,
            "performance_insights_enabled": false,
            "performance_insights_kms_key_id": "",
            "performance_insights_retention_period": 0,
            "port": 3306,
            "publicly_accessible": false,
            "replica_mode": "",
            "replicas": [],
            "replicate_source_db": "",
            "resource_id": "db-3NFS3PSLP4PDLCQCVPQ5ZIWZZA",
            "restore_to_point_in_time": [],
            "s3_import": [],
            "skip_final_snapshot": true,
            "snapshot_identifier": null,
            "status": "available",
            "storage_encrypted": true,
            "storage_throughput": 0,
            "storage_type": "gp2",
            "tags": {
              "Name": "proyecto-cicd-dev-mysql"
            },
            "tags_all": {
              "Environment": "dev",
              "ManagedBy": "Terraform",
              "Name": "proyecto-cicd-dev-mysql",
              "Project": "proyecto-cicd"
            },
            "timeouts": null,
            "timezone": "",
            "upgrade_storage_config": null,
            "username": "admin",
            "vpc_security_group_ids": [
              "sg-0a5332419bb92b1f7"
            ]
          },
          "sensitive_attributes": [
            [
              {
                "type": "get_attr",
                "value": "password_wo"
              }
            ],
            [
              {
                "type": "get_attr",
                "value": "password"
              }
            ]
          ],
          "private": "eyJlMmJmYjczMC1lY2FhLTExZTYtOGY4OC0zNDM2M2JjN2M0YzAiOnsiY3JlYXRlIjozMDAwMDAwMDAwMDAwLCJkZWxldGUiOjM2MDAwMDAwMDAwMDAsInVwZGF0ZSI6NDgwMDAwMDAwMDAwMH0sInNjaGVtYV92ZXJzaW9uIjoiMiJ9",
          "dependencies": [
            "aws_db_subnet_group.main",
            "aws_iam_role.rds_monitoring",
            "aws_security_group.alb",
            "aws_security_group.ecs_tasks",
            "aws_security_group.rds",
            "aws_subnet.private",
            "aws_vpc.main",
            "data.aws_availability_zones.available",
            "random_password.db_password"
          ]
        }
      ]
    },
    {
      "mode": "managed",
      "type": "aws_db_subnet_group",
      "name": "main",
      "provider": "provider[\"registry.terraform.io/hashicorp/aws\"]",
      "instances": [
        {
          "schema_version": 0,
          "attributes": {
            "arn": "arn:aws:rds:us-east-1:478806200706:subgrp:proyecto-cicd-dev-db-subnet-group",
            "description": "Managed by Terraform",
            "id": "proyecto-cicd-dev-db-subnet-group",
            "name": "proyecto-cicd-dev-db-subnet-group",
            "name_prefix": "",
            "subnet_ids": [
              "subnet-02e55911b32252109",
              "subnet-0915aaf4c5bce59ff"
            ],
            "supported_network_types": [
              "IPV4"
            ],
            "tags": {
              "Name": "proyecto-cicd-dev-db-subnet-group"
            },
            "tags_all": {
              "Environment": "dev",
              "ManagedBy": "Terraform",
              "Name": "proyecto-cicd-dev-db-subnet-group",
              "Project": "proyecto-cicd"
            },
            "vpc_id": "vpc-08941713cf00ee2f2"
          },
          "sensitive_attributes": [],
          "private": "bnVsbA==",
          "dependencies": [
            "aws_subnet.private",
            "aws_vpc.main",
            "data.aws_availability_zones.available"
          ]
        }
      ]
    },
    {
      "mode": "managed",
      "type": "aws_ecr_lifecycle_policy",
      "name": "app",
      "provider": "provider[\"registry.terraform.io/hashicorp/aws\"]",
      "instances": [
        {
          "schema_version": 0,
          "attributes": {
            "id": "proyecto-cicd-dev-app",
            "policy": "{\"rules\":[{\"action\":{\"type\":\"expire\"},\"description\":\"Keep last 10 tagged images\",\"rulePriority\":1,\"selection\":{\"countNumber\":10,\"countType\":\"imageCountMoreThan\",\"tagPrefixList\":[\"v\",\"latest\"],\"tagStatus\":\"tagged\"}},{\"action\":{\"type\":\"expire\"},\"description\":\"Remove untagged images older than 7 days\",\"rulePriority\":2,\"selection\":{\"countNumber\":7,\"countType\":\"sinceImagePushed\",\"countUnit\":\"days\",\"tagStatus\":\"untagged\"}}]}",
            "registry_id": "478806200706",
            "repository": "proyecto-cicd-dev-app"
          },
          "sensitive_attributes": [],
          "private": "bnVsbA==",
          "dependencies": [
            "aws_ecr_repository.app"
          ]
        }
      ]
    },
    {
      "mode": "managed",
      "type": "aws_ecr_repository",
      "name": "app",
      "provider": "provider[\"registry.terraform.io/hashicorp/aws\"]",
      "instances": [
        {
          "schema_version": 0,
          "attributes": {
            "arn": "arn:aws:ecr:us-east-1:478806200706:repository/proyecto-cicd-dev-app",
            "encryption_configuration": [
              {
                "encryption_type": "AES256",
                "kms_key": ""
              }
            ],
            "force_delete": true,
            "id": "proyecto-cicd-dev-app",
            "image_scanning_configuration": [
              {
                "scan_on_push": true
              }
            ],
            "image_tag_mutability": "MUTABLE",
            "name": "proyecto-cicd-dev-app",
            "registry_id": "478806200706",
            "repository_url": "478806200706.dkr.ecr.us-east-1.amazonaws.com/proyecto-cicd-dev-app",
            "tags": {
              "Name": "proyecto-cicd-dev-ecr"
            },
            "tags_all": {
              "Environment": "dev",
              "ManagedBy": "Terraform",
              "Name": "proyecto-cicd-dev-ecr",
              "Project": "proyecto-cicd"
            },
            "timeouts": null
          },
          "sensitive_attributes": [],
          "private": "eyJlMmJmYjczMC1lY2FhLTExZTYtOGY4OC0zNDM2M2JjN2M0YzAiOnsiZGVsZXRlIjoxMjAwMDAwMDAwMDAwfX0="
        }
      ]
    },
    {
      "mode": "managed",
      "type": "aws_ecs_cluster",
      "name": "main",
      "provider": "provider[\"registry.terraform.io/hashicorp/aws\"]",
      "instances": [
        {
          "schema_version": 0,
          "attributes": {
            "arn": "arn:aws:ecs:us-east-1:478806200706:cluster/proyecto-cicd-dev-cluster",
            "configuration": [],
            "id": "arn:aws:ecs:us-east-1:478806200706:cluster/proyecto-cicd-dev-cluster",
            "name": "proyecto-cicd-dev-cluster",
            "service_connect_defaults": [],
            "setting": [
              {
                "name": "containerInsights",
                "value": "enabled"
              }
            ],
            "tags": {
              "Name": "proyecto-cicd-dev-cluster"
            },
            "tags_all": {
              "Environment": "dev",
              "ManagedBy": "Terraform",
              "Name": "proyecto-cicd-dev-cluster",
              "Project": "proyecto-cicd"
            }
          },
          "sensitive_attributes": [],
          "private": "bnVsbA=="
        }
      ]
    },
    {
      "mode": "managed",
      "type": "aws_ecs_service",
      "name": "app",
      "provider": "provider[\"registry.terraform.io/hashicorp/aws\"]",
      "instances": [
        {
          "schema_version": 1,
          "attributes": {
            "alarms": [],
            "availability_zone_rebalancing": "DISABLED",
            "capacity_provider_strategy": [],
            "cluster": "arn:aws:ecs:us-east-1:478806200706:cluster/proyecto-cicd-dev-cluster",
            "deployment_circuit_breaker": [
              {
                "enable": false,
                "rollback": false
              }
            ],
            "deployment_controller": [
              {
                "type": "ECS"
              }
            ],
            "deployment_maximum_percent": 200,
            "deployment_minimum_healthy_percent": 100,
            "desired_count": 1,
            "enable_ecs_managed_tags": false,
            "enable_execute_command": false,
            "force_delete": null,
            "force_new_deployment": null,
            "health_check_grace_period_seconds": 60,
            "iam_role": "/aws-service-role/ecs.amazonaws.com/AWSServiceRoleForECS",
            "id": "arn:aws:ecs:us-east-1:478806200706:service/proyecto-cicd-dev-cluster/proyecto-cicd-dev-service",
            "launch_type": "FARGATE",
            "load_balancer": [
              {
                "container_name": "proyecto-cicd-dev-container",
                "container_port": 3000,
                "elb_name": "",
                "target_group_arn": "arn:aws:elasticloadbalancing:us-east-1:478806200706:targetgroup/proyecto-cicd-dev-tg/110cb1492ce44696"
              }
            ],
            "name": "proyecto-cicd-dev-service",
            "network_configuration": [
              {
                "assign_public_ip": true,
                "security_groups": [
                  "sg-01aadd04928597e41"
                ],
                "subnets": [
                  "subnet-02e55911b32252109",
                  "subnet-0915aaf4c5bce59ff"
                ]
              }
            ],
            "ordered_placement_strategy": [],
            "placement_constraints": [],
            "platform_version": "LATEST",
            "propagate_tags": "NONE",
            "scheduling_strategy": "REPLICA",
            "service_connect_configuration": [],
            "service_registries": [],
            "tags": {
              "Name": "proyecto-cicd-dev-service"
            },
            "tags_all": {
              "Environment": "dev",
              "ManagedBy": "Terraform",
              "Name": "proyecto-cicd-dev-service",
              "Project": "proyecto-cicd"
            },
            "task_definition": "arn:aws:ecs:us-east-1:478806200706:task-definition/proyecto-cicd-dev-task:24",
            "timeouts": null,
            "triggers": {},
            "volume_configuration": [],
            "vpc_lattice_configurations": [],
            "wait_for_steady_state": false
          },
          "sensitive_attributes": [],
          "private": "eyJlMmJmYjczMC1lY2FhLTExZTYtOGY4OC0zNDM2M2JjN2M0YzAiOnsiY3JlYXRlIjoxMjAwMDAwMDAwMDAwLCJkZWxldGUiOjEyMDAwMDAwMDAwMDAsInVwZGF0ZSI6MTIwMDAwMDAwMDAwMH0sInNjaGVtYV92ZXJzaW9uIjoiMSJ9",
          "dependencies": [
            "aws_cloudwatch_log_group.ecs",
            "aws_ecr_repository.app",
            "aws_ecs_cluster.main",
            "aws_ecs_task_definition.app",
            "aws_iam_role.ecs_task_execution_role",
            "aws_iam_role.ecs_task_role",
            "aws_iam_role_policy_attachment.ecs_task_execution_role_policy",
            "aws_lb.main",
            "aws_lb_listener.http",
            "aws_lb_target_group.app",
            "aws_security_group.alb",
            "aws_security_group.ecs_tasks",
            "aws_subnet.private",
            "aws_subnet.public",
            "aws_vpc.main",
            "data.aws_availability_zones.available"
          ]
        }
      ]
    },
    {
      "mode": "managed",
      "type": "aws_ecs_task_definition",
      "name": "app",
      "provider": "provider[\"registry.terraform.io/hashicorp/aws\"]",
      "instances": [
        {
          "schema_version": 1,
          "attributes": {
            "arn": "arn:aws:ecs:us-east-1:478806200706:task-definition/proyecto-cicd-dev-task:24",
            "arn_without_revision": "arn:aws:ecs:us-east-1:478806200706:task-definition/proyecto-cicd-dev-task",
            "container_definitions": "[{\"environment\":[{\"name\":\"NODE_ENV\",\"value\":\"dev\"},{\"name\":\"PORT\",\"value\":\"3000\"}],\"essential\":true,\"healthCheck\":{\"command\":[\"CMD-SHELL\",\"curl -f http://localhost:3000/health || exit 1\"],\"interval\":30,\"retries\":3,\"startPeriod\":60,\"timeout\":5},\"image\":\"478806200706.dkr.ecr.us-east-1.amazonaws.com/proyecto-cicd-dev-app:latest\",\"logConfiguration\":{\"logDriver\":\"awslogs\",\"options\":{\"awslogs-stream-prefix\":\"ecs\",\"awslogs-group\":\"/ecs/proyecto-cicd-dev\",\"awslogs-region\":\"us-east-1\"}},\"mountPoints\":[],\"name\":\"proyecto-cicd-dev-container\",\"portMappings\":[{\"containerPort\":3000,\"hostPort\":3000,\"protocol\":\"tcp\"}],\"systemControls\":[],\"volumesFrom\":[]}]",
            "cpu": "256",
            "enable_fault_injection": false,
            "ephemeral_storage": [],
            "execution_role_arn": "arn:aws:iam::478806200706:role/proyecto-cicd-dev-ecs-task-execution-role",
            "family": "proyecto-cicd-dev-task",
            "id": "proyecto-cicd-dev-task",
            "inference_accelerator": [],
            "ipc_mode": "",
            "memory": "512",
            "network_mode": "awsvpc",
            "pid_mode": "",
            "placement_constraints": [],
            "proxy_configuration": [],
            "requires_compatibilities": [
              "FARGATE"
            ],
            "revision": 24,
            "runtime_platform": [],
            "skip_destroy": false,
            "tags": {
              "Name": "proyecto-cicd-dev-task"
            },
            "tags_all": {
              "Environment": "dev",
              "ManagedBy": "Terraform",
              "Name": "proyecto-cicd-dev-task",
              "Project": "proyecto-cicd"
            },
            "task_role_arn": "arn:aws:iam::478806200706:role/proyecto-cicd-dev-ecs-task-role",
            "track_latest": false,
            "volume": []
          },
          "sensitive_attributes": [],
          "private": "eyJzY2hlbWFfdmVyc2lvbiI6IjEifQ==",
          "dependencies": [
            "aws_cloudwatch_log_group.ecs",
            "aws_ecr_repository.app",
            "aws_iam_role.ecs_task_execution_role",
            "aws_iam_role.ecs_task_role"
          ]
        }
      ]
    },
    {
      "mode": "managed",
      "type": "aws_iam_role",
      "name": "ecs_task_execution_role",
      "provider": "provider[\"registry.terraform.io/hashicorp/aws\"]",
      "instances": [
        {
          "schema_version": 0,
          "attributes": {
            "arn": "arn:aws:iam::478806200706:role/proyecto-cicd-dev-ecs-task-execution-role",
            "assume_role_policy": "{\"Statement\":[{\"Action\":\"sts:AssumeRole\",\"Effect\":\"Allow\",\"Principal\":{\"Service\":\"ecs-tasks.amazonaws.com\"}}],\"Version\":\"2012-10-17\"}",
            "create_date": "2025-11-28T14:54:28Z",
            "description": "",
            "force_detach_policies": false,
            "id": "proyecto-cicd-dev-ecs-task-execution-role",
            "inline_policy": [
              {
                "name": "proyecto-cicd-dev-ecs-cloudwatch-policy",
                "policy": "{\"Version\":\"2012-10-17\",\"Statement\":[{\"Action\":[\"logs:CreateLogGroup\",\"logs:CreateLogStream\",\"logs:PutLogEvents\"],\"Effect\":\"Allow\",\"Resource\":\"*\"}]}"
              },
              {
                "name": "proyecto-cicd-dev-ecs-kms-policy",
                "policy": "{\"Version\":\"2012-10-17\",\"Statement\":[{\"Action\":[\"kms:Decrypt\",\"kms:DescribeKey\"],\"Effect\":\"Allow\",\"Resource\":\"*\"}]}"
              },
              {
                "name": "proyecto-cicd-dev-ecs-secrets-policy",
                "policy": "{\"Version\":\"2012-10-17\",\"Statement\":[{\"Action\":[\"secretsmanager:GetSecretValue\",\"secretsmanager:DescribeSecret\"],\"Effect\":\"Allow\",\"Resource\":[\"arn:aws:secretsmanager:us-east-1:*:secret:proyecto-cicd-dev-*\"]}]}"
              }
            ],
            "managed_policy_arns": [
              "arn:aws:iam::aws:policy/service-role/AmazonECSTaskExecutionRolePolicy"
            ],
            "max_session_duration": 3600,
            "name": "proyecto-cicd-dev-ecs-task-execution-role",
            "name_prefix": "",
            "path": "/",
            "permissions_boundary": "",
            "tags": {
              "Name": "proyecto-cicd-dev-ecs-execution-role"
            },
            "tags_all": {
              "Environment": "dev",
              "ManagedBy": "Terraform",
              "Name": "proyecto-cicd-dev-ecs-execution-role",
              "Project": "proyecto-cicd"
            },
            "unique_id": "AROAW66YS2GBIJL3TNNEC"
          },
          "sensitive_attributes": [],
          "private": "bnVsbA=="
        }
      ]
    },
    {
      "mode": "managed",
      "type": "aws_iam_role",
      "name": "ecs_task_role",
      "provider": "provider[\"registry.terraform.io/hashicorp/aws\"]",
      "instances": [
        {
          "schema_version": 0,
          "attributes": {
            "arn": "arn:aws:iam::478806200706:role/proyecto-cicd-dev-ecs-task-role",
            "assume_role_policy": "{\"Statement\":[{\"Action\":\"sts:AssumeRole\",\"Effect\":\"Allow\",\"Principal\":{\"Service\":\"ecs-tasks.amazonaws.com\"}}],\"Version\":\"2012-10-17\"}",
            "create_date": "2025-11-28T14:54:28Z",
            "description": "",
            "force_detach_policies": false,
            "id": "proyecto-cicd-dev-ecs-task-role",
            "inline_policy": [
              {
                "name": "proyecto-cicd-dev-ecs-task-policy",
                "policy": "{\"Version\":\"2012-10-17\",\"Statement\":[{\"Action\":[\"s3:GetObject\",\"s3:ListBucket\"],\"Effect\":\"Allow\",\"Resource\":\"*\"}]}"
              }
            ],
            "managed_policy_arns": [],
            "max_session_duration": 3600,
            "name": "proyecto-cicd-dev-ecs-task-role",
            "name_prefix": "",
            "path": "/",
            "permissions_boundary": "",
            "tags": {
              "Name": "proyecto-cicd-dev-ecs-task-role"
            },
            "tags_all": {
              "Environment": "dev",
              "ManagedBy": "Terraform",
              "Name": "proyecto-cicd-dev-ecs-task-role",
              "Project": "proyecto-cicd"
            },
            "unique_id": "AROAW66YS2GBKVEQ4QOEX"
          },
          "sensitive_attributes": [],
          "private": "bnVsbA=="
        }
      ]
    },
    {
      "mode": "managed",
      "type": "aws_iam_role",
      "name": "rds_monitoring",
      "provider": "provider[\"registry.terraform.io/hashicorp/aws\"]",
      "instances": [
        {
          "schema_version": 0,
          "attributes": {
            "arn": "arn:aws:iam::478806200706:role/proyecto-cicd-dev-rds-monitoring-role",
            "assume_role_policy": "{\"Statement\":[{\"Action\":\"sts:AssumeRole\",\"Effect\":\"Allow\",\"Principal\":{\"Service\":\"monitoring.rds.amazonaws.com\"}}],\"Version\":\"2012-10-17\"}",
            "create_date": "2025-11-28T14:54:28Z",
            "description": "",
            "force_detach_policies": false,
            "id": "proyecto-cicd-dev-rds-monitoring-role",
            "inline_policy": [],
            "managed_policy_arns": [
              "arn:aws:iam::aws:policy/service-role/AmazonRDSEnhancedMonitoringRole"
            ],
            "max_session_duration": 3600,
            "name": "proyecto-cicd-dev-rds-monitoring-role",
            "name_prefix": "",
            "path": "/",
            "permissions_boundary": "",
            "tags": {
              "Name": "proyecto-cicd-dev-rds-monitoring-role"
            },
            "tags_all": {
              "Environment": "dev",
              "ManagedBy": "Terraform",
              "Name": "proyecto-cicd-dev-rds-monitoring-role",
              "Project": "proyecto-cicd"
            },
            "unique_id": "AROAW66YS2GBI76BNQHAH"
          },
          "sensitive_attributes": [],
          "private": "bnVsbA=="
        }
      ]
    },
    {
      "mode": "managed",
      "type": "aws_iam_role_policy",
      "name": "ecs_task_execution_cloudwatch",
      "provider": "provider[\"registry.terraform.io/hashicorp/aws\"]",
      "instances": [
        {
          "schema_version": 0,
          "attributes": {
            "id": "proyecto-cicd-dev-ecs-task-execution-role:proyecto-cicd-dev-ecs-cloudwatch-policy",
            "name": "proyecto-cicd-dev-ecs-cloudwatch-policy",
            "name_prefix": "",
            "policy": "{\"Version\":\"2012-10-17\",\"Statement\":[{\"Action\":[\"logs:CreateLogGroup\",\"logs:CreateLogStream\",\"logs:PutLogEvents\"],\"Effect\":\"Allow\",\"Resource\":\"*\"}]}",
            "role": "proyecto-cicd-dev-ecs-task-execution-role"
          },
          "sensitive_attributes": [],
          "private": "bnVsbA==",
          "dependencies": [
            "aws_iam_role.ecs_task_execution_role"
          ]
        }
      ]
    },
    {
      "mode": "managed",
      "type": "aws_iam_role_policy",
      "name": "ecs_task_execution_kms",
      "provider": "provider[\"registry.terraform.io/hashicorp/aws\"]",
      "instances": [
        {
          "schema_version": 0,
          "attributes": {
            "id": "proyecto-cicd-dev-ecs-task-execution-role:proyecto-cicd-dev-ecs-kms-policy",
            "name": "proyecto-cicd-dev-ecs-kms-policy",
            "name_prefix": "",
            "policy": "{\"Version\":\"2012-10-17\",\"Statement\":[{\"Action\":[\"kms:Decrypt\",\"kms:DescribeKey\"],\"Effect\":\"Allow\",\"Resource\":\"*\"}]}",
            "role": "proyecto-cicd-dev-ecs-task-execution-role"
          },
          "sensitive_attributes": [],
          "private": "bnVsbA==",
          "dependencies": [
            "aws_iam_role.ecs_task_execution_role"
          ]
        }
      ]
    },
    {
      "mode": "managed",
      "type": "aws_iam_role_policy",
      "name": "ecs_task_execution_secrets",
      "provider": "provider[\"registry.terraform.io/hashicorp/aws\"]",
      "instances": [
        {
          "schema_version": 0,
          "attributes": {
            "id": "proyecto-cicd-dev-ecs-task-execution-role:proyecto-cicd-dev-ecs-secrets-policy",
            "name": "proyecto-cicd-dev-ecs-secrets-policy",
            "name_prefix": "",
            "policy": "{\"Version\":\"2012-10-17\",\"Statement\":[{\"Action\":[\"secretsmanager:GetSecretValue\",\"secretsmanager:DescribeSecret\"],\"Effect\":\"Allow\",\"Resource\":[\"arn:aws:secretsmanager:us-east-1:*:secret:proyecto-cicd-dev-*\"]}]}",
            "role": "proyecto-cicd-dev-ecs-task-execution-role"
          },
          "sensitive_attributes": [],
          "private": "bnVsbA==",
          "dependencies": [
            "aws_iam_role.ecs_task_execution_role"
          ]
        }
      ]
    },
    {
      "mode": "managed",
      "type": "aws_iam_role_policy",
      "name": "ecs_task_policy",
      "provider": "provider[\"registry.terraform.io/hashicorp/aws\"]",
      "instances": [
        {
          "schema_version": 0,
          "attributes": {
            "id": "proyecto-cicd-dev-ecs-task-role:proyecto-cicd-dev-ecs-task-policy",
            "name": "proyecto-cicd-dev-ecs-task-policy",
            "name_prefix": "",
            "policy": "{\"Version\":\"2012-10-17\",\"Statement\":[{\"Action\":[\"s3:GetObject\",\"s3:ListBucket\"],\"Effect\":\"Allow\",\"Resource\":\"*\"}]}",
            "role": "proyecto-cicd-dev-ecs-task-role"
          },
          "sensitive_attributes": [],
          "private": "bnVsbA==",
          "dependencies": [
            "aws_iam_role.ecs_task_role"
          ]
        }
      ]
    },
    {
      "mode": "managed",
      "type": "aws_iam_role_policy_attachment",
      "name": "ecs_task_execution_role_policy",
      "provider": "provider[\"registry.terraform.io/hashicorp/aws\"]",
      "instances": [
        {
          "schema_version": 0,
          "attributes": {
            "id": "proyecto-cicd-dev-ecs-task-execution-role-20251128145429896100000004",
            "policy_arn": "arn:aws:iam::aws:policy/service-role/AmazonECSTaskExecutionRolePolicy",
            "role": "proyecto-cicd-dev-ecs-task-execution-role"
          },
          "sensitive_attributes": [],
          "private": "bnVsbA==",
          "dependencies": [
            "aws_iam_role.ecs_task_execution_role"
          ]
        }
      ]
    },
    {
      "mode": "managed",
      "type": "aws_iam_role_policy_attachment",
      "name": "rds_monitoring",
      "provider": "provider[\"registry.terraform.io/hashicorp/aws\"]",
      "instances": [
        {
          "schema_version": 0,
          "attributes": {
            "id": "proyecto-cicd-dev-rds-monitoring-role-20251128145429875700000003",
            "policy_arn": "arn:aws:iam::aws:policy/service-role/AmazonRDSEnhancedMonitoringRole",
            "role": "proyecto-cicd-dev-rds-monitoring-role"
          },
          "sensitive_attributes": [],
          "private": "bnVsbA==",
          "dependencies": [
            "aws_iam_role.rds_monitoring"
          ]
        }
      ]
    },
    {
      "mode": "managed",
      "type": "aws_internet_gateway",
      "name": "main",
      "provider": "provider[\"registry.terraform.io/hashicorp/aws\"]",
      "instances": [
        {
          "schema_version": 0,
          "attributes": {
            "arn": "arn:aws:ec2:us-east-1:478806200706:internet-gateway/igw-02dd0ee5db0e32c37",
            "id": "igw-02dd0ee5db0e32c37",
            "owner_id": "478806200706",
            "tags": {
              "Name": "proyecto-cicd-dev-igw"
            },
            "tags_all": {
              "Environment": "dev",
              "ManagedBy": "Terraform",
              "Name": "proyecto-cicd-dev-igw",
              "Project": "proyecto-cicd"
            },
            "timeouts": null,
            "vpc_id": "vpc-08941713cf00ee2f2"
          },
          "sensitive_attributes": [],
          "private": "eyJlMmJmYjczMC1lY2FhLTExZTYtOGY4OC0zNDM2M2JjN2M0YzAiOnsiY3JlYXRlIjoxMjAwMDAwMDAwMDAwLCJkZWxldGUiOjEyMDAwMDAwMDAwMDAsInVwZGF0ZSI6MTIwMDAwMDAwMDAwMH19",
          "dependencies": [
            "aws_vpc.main"
          ]
        }
      ]
    },
    {
      "mode": "managed",
      "type": "aws_lb",
      "name": "main",
      "provider": "provider[\"registry.terraform.io/hashicorp/aws\"]",
      "instances": [
        {
          "schema_version": 0,
          "attributes": {
            "access_logs": [
              {
                "bucket": "",
                "enabled": false,
                "prefix": ""
              }
            ],
            "arn": "arn:aws:elasticloadbalancing:us-east-1:478806200706:loadbalancer/app/proyecto-cicd-dev-alb/eaeae6f8359a9a2c",
            "arn_suffix": "app/proyecto-cicd-dev-alb/eaeae6f8359a9a2c",
            "client_keep_alive": 3600,
            "connection_logs": [
              {
                "bucket": "",
                "enabled": false,
                "prefix": ""
              }
            ],
            "customer_owned_ipv4_pool": "",
            "desync_mitigation_mode": "defensive",
            "dns_name": "proyecto-cicd-dev-alb-403301360.us-east-1.elb.amazonaws.com",
            "dns_record_client_routing_policy": null,
            "drop_invalid_header_fields": false,
            "enable_cross_zone_load_balancing": true,
            "enable_deletion_protection": false,
            "enable_http2": true,
            "enable_tls_version_and_cipher_suite_headers": false,
            "enable_waf_fail_open": false,
            "enable_xff_client_port": false,
            "enable_zonal_shift": false,
            "enforce_security_group_inbound_rules_on_private_link_traffic": "",
            "id": "arn:aws:elasticloadbalancing:us-east-1:478806200706:loadbalancer/app/proyecto-cicd-dev-alb/eaeae6f8359a9a2c",
            "idle_timeout": 60,
            "internal": false,
            "ip_address_type": "ipv4",
            "ipam_pools": [],
            "load_balancer_type": "application",
            "minimum_load_balancer_capacity": [],
            "name": "proyecto-cicd-dev-alb",
            "name_prefix": "",
            "preserve_host_header": false,
            "security_groups": [
              "sg-0160bb102badf8f18"
            ],
            "subnet_mapping": [
              {
                "allocation_id": "",
                "ipv6_address": "",
                "outpost_id": "",
                "private_ipv4_address": "",
                "subnet_id": "subnet-0915ac3657f735b48"
              },
              {
                "allocation_id": "",
                "ipv6_address": "",
                "outpost_id": "",
                "private_ipv4_address": "",
                "subnet_id": "subnet-0d9f0473982e2c101"
              }
            ],
            "subnets": [
              "subnet-0915ac3657f735b48",
              "subnet-0d9f0473982e2c101"
            ],
            "tags": {
              "Name": "proyecto-cicd-dev-alb"
            },
            "tags_all": {
              "Environment": "dev",
              "ManagedBy": "Terraform",
              "Name": "proyecto-cicd-dev-alb",
              "Project": "proyecto-cicd"
            },
            "timeouts": null,
            "vpc_id": "vpc-08941713cf00ee2f2",
            "xff_header_processing_mode": "append",
            "zone_id": "Z35SXDOTRQ7X7K"
          },
          "sensitive_attributes": [],
          "private": "eyJlMmJmYjczMC1lY2FhLTExZTYtOGY4OC0zNDM2M2JjN2M0YzAiOnsiY3JlYXRlIjo2MDAwMDAwMDAwMDAsImRlbGV0ZSI6NjAwMDAwMDAwMDAwLCJ1cGRhdGUiOjYwMDAwMDAwMDAwMH19",
          "dependencies": [
            "aws_security_group.alb",
            "aws_subnet.public",
            "aws_vpc.main",
            "data.aws_availability_zones.available"
          ]
        }
      ]
    },
    {
      "mode": "managed",
      "type": "aws_lb_listener",
      "name": "http",
      "provider": "provider[\"registry.terraform.io/hashicorp/aws\"]",
      "instances": [
        {
          "schema_version": 0,
          "attributes": {
            "alpn_policy": null,
            "arn": "arn:aws:elasticloadbalancing:us-east-1:478806200706:listener/app/proyecto-cicd-dev-alb/eaeae6f8359a9a2c/80ea3e4a2b13591f",
            "certificate_arn": null,
            "default_action": [
              {
                "authenticate_cognito": [],
                "authenticate_oidc": [],
                "fixed_response": [],
                "forward": [],
                "order": 1,
                "redirect": [],
                "target_group_arn": "arn:aws:elasticloadbalancing:us-east-1:478806200706:targetgroup/proyecto-cicd-dev-tg/110cb1492ce44696",
                "type": "forward"
              }
            ],
            "id": "arn:aws:elasticloadbalancing:us-east-1:478806200706:listener/app/proyecto-cicd-dev-alb/eaeae6f8359a9a2c/80ea3e4a2b13591f",
            "load_balancer_arn": "arn:aws:elasticloadbalancing:us-east-1:478806200706:loadbalancer/app/proyecto-cicd-dev-alb/eaeae6f8359a9a2c",
            "mutual_authentication": [],
            "port": 80,
            "protocol": "HTTP",
            "routing_http_request_x_amzn_mtls_clientcert_header_name": null,
            "routing_http_request_x_amzn_mtls_clientcert_issuer_header_name": null,
            "routing_http_request_x_amzn_mtls_clientcert_leaf_header_name": null,
            "routing_http_request_x_amzn_mtls_clientcert_serial_number_header_name": null,
            "routing_http_request_x_amzn_mtls_clientcert_subject_header_name": null,
            "routing_http_request_x_amzn_mtls_clientcert_validity_header_name": null,
            "routing_http_request_x_amzn_tls_cipher_suite_header_name": null,
            "routing_http_request_x_amzn_tls_version_header_name": null,
            "routing_http_response_access_control_allow_credentials_header_value": "",
            "routing_http_response_access_control_allow_headers_header_value": "",
            "routing_http_response_access_control_allow_methods_header_value": "",
            "routing_http_response_access_control_allow_origin_header_value": "",
            "routing_http_response_access_control_expose_headers_header_value": "",
            "routing_http_response_access_control_max_age_header_value": "",
            "routing_http_response_content_security_policy_header_value": "",
            "routing_http_response_server_enabled": true,
            "routing_http_response_strict_transport_security_header_value": "",
            "routing_http_response_x_content_type_options_header_value": "",
            "routing_http_response_x_frame_options_header_value": "",
            "ssl_policy": "",
            "tags": null,
            "tags_all": {
              "Environment": "dev",
              "ManagedBy": "Terraform",
              "Project": "proyecto-cicd"
            },
            "tcp_idle_timeout_seconds": null,
            "timeouts": null
          },
          "sensitive_attributes": [],
          "private": "eyJlMmJmYjczMC1lY2FhLTExZTYtOGY4OC0zNDM2M2JjN2M0YzAiOnsiY3JlYXRlIjozMDAwMDAwMDAwMDAsInVwZGF0ZSI6MzAwMDAwMDAwMDAwfX0=",
          "dependencies": [
            "aws_lb.main",
            "aws_lb_target_group.app",
            "aws_security_group.alb",
            "aws_subnet.public",
            "aws_vpc.main",
            "data.aws_availability_zones.available"
          ]
        }
      ]
    },
    {
      "mode": "managed",
      "type": "aws_lb_listener_rule",
      "name": "block_direct_access",
      "provider": "provider[\"registry.terraform.io/hashicorp/aws\"]",
      "instances": [
        {
          "index_key": 0,
          "schema_version": 0,
          "attributes": {
            "action": [
              {
                "authenticate_cognito": [],
                "authenticate_oidc": [],
                "fixed_response": [
                  {
                    "content_type": "text/plain",
                    "message_body": "Direct access not allowed. Please use CloudFront URL.",
                    "status_code": "403"
                  }
                ],
                "forward": [],
                "order": 1,
                "redirect": [],
                "target_group_arn": "",
                "type": "fixed-response"
              }
            ],
            "arn": "arn:aws:elasticloadbalancing:us-east-1:478806200706:listener-rule/app/proyecto-cicd-dev-alb/eaeae6f8359a9a2c/80ea3e4a2b13591f/096b590e083818ad",
            "condition": [
              {
                "host_header": [],
                "http_header": [],
                "http_request_method": [],
                "path_pattern": [
                  {
                    "values": [
                      "/*"
                    ]
                  }
                ],
                "query_string": [],
                "source_ip": []
              }
            ],
            "id": "arn:aws:elasticloadbalancing:us-east-1:478806200706:listener-rule/app/proyecto-cicd-dev-alb/eaeae6f8359a9a2c/80ea3e4a2b13591f/096b590e083818ad",
            "listener_arn": "arn:aws:elasticloadbalancing:us-east-1:478806200706:listener/app/proyecto-cicd-dev-alb/eaeae6f8359a9a2c/80ea3e4a2b13591f",
            "priority": 200,
            "tags": null,
            "tags_all": {
              "Environment": "dev",
              "ManagedBy": "Terraform",
              "Project": "proyecto-cicd"
            }
          },
          "sensitive_attributes": [],
          "private": "bnVsbA==",
          "dependencies": [
            "aws_lb.main",
            "aws_lb_listener.http",
            "aws_lb_target_group.app",
            "aws_security_group.alb",
            "aws_subnet.public",
            "aws_vpc.main",
            "data.aws_availability_zones.available"
          ]
        }
      ]
    },
    {
      "mode": "managed",
      "type": "aws_lb_listener_rule",
      "name": "cloudfront_header_validation",
      "provider": "provider[\"registry.terraform.io/hashicorp/aws\"]",
      "instances": [
        {
          "index_key": 0,
          "schema_version": 0,
          "attributes": {
            "action": [
              {
                "authenticate_cognito": [],
                "authenticate_oidc": [],
                "fixed_response": [],
                "forward": [],
                "order": 1,
                "redirect": [],
                "target_group_arn": "arn:aws:elasticloadbalancing:us-east-1:478806200706:targetgroup/proyecto-cicd-dev-tg/110cb1492ce44696",
                "type": "forward"
              }
            ],
            "arn": "arn:aws:elasticloadbalancing:us-east-1:478806200706:listener-rule/app/proyecto-cicd-dev-alb/eaeae6f8359a9a2c/80ea3e4a2b13591f/92d142d26f24e769",
            "condition": [
              {
                "host_header": [],
                "http_header": [
                  {
                    "http_header_name": "X-Custom-Header",
                    "values": [
                      "CloudFront-Secret-Header-Value-Change-This"
                    ]
                  }
                ],
                "http_request_method": [],
                "path_pattern": [],
                "query_string": [],
                "source_ip": []
              }
            ],
            "id": "arn:aws:elasticloadbalancing:us-east-1:478806200706:listener-rule/app/proyecto-cicd-dev-alb/eaeae6f8359a9a2c/80ea3e4a2b13591f/92d142d26f24e769",
            "listener_arn": "arn:aws:elasticloadbalancing:us-east-1:478806200706:listener/app/proyecto-cicd-dev-alb/eaeae6f8359a9a2c/80ea3e4a2b13591f",
            "priority": 100,
            "tags": null,
            "tags_all": {
              "Environment": "dev",
              "ManagedBy": "Terraform",
              "Project": "proyecto-cicd"
            }
          },
          "sensitive_attributes": [
            [
              {
                "type": "get_attr",
                "value": "condition"
              }
            ]
          ],
          "private": "bnVsbA==",
          "dependencies": [
            "aws_lb.main",
            "aws_lb_listener.http",
            "aws_lb_target_group.app",
            "aws_security_group.alb",
            "aws_subnet.public",
            "aws_vpc.main",
            "data.aws_availability_zones.available"
          ]
        }
      ]
    },
    {
      "mode": "managed",
      "type": "aws_lb_target_group",
      "name": "app",
      "provider": "provider[\"registry.terraform.io/hashicorp/aws\"]",
      "instances": [
        {
          "schema_version": 0,
          "attributes": {
            "arn": "arn:aws:elasticloadbalancing:us-east-1:478806200706:targetgroup/proyecto-cicd-dev-tg/110cb1492ce44696",
            "arn_suffix": "targetgroup/proyecto-cicd-dev-tg/110cb1492ce44696",
            "connection_termination": null,
            "deregistration_delay": "30",
            "health_check": [
              {
                "enabled": true,
                "healthy_threshold": 2,
                "interval": 30,
                "matcher": "200",
                "path": "/health",
                "port": "traffic-port",
                "protocol": "HTTP",
                "timeout": 5,
                "unhealthy_threshold": 3
              }
            ],
            "id": "arn:aws:elasticloadbalancing:us-east-1:478806200706:targetgroup/proyecto-cicd-dev-tg/110cb1492ce44696",
            "ip_address_type": "ipv4",
            "lambda_multi_value_headers_enabled": false,
            "load_balancer_arns": [
              "arn:aws:elasticloadbalancing:us-east-1:478806200706:loadbalancer/app/proyecto-cicd-dev-alb/4055fa3e1a0d557c"
            ],
            "load_balancing_algorithm_type": "round_robin",
            "load_balancing_anomaly_mitigation": "off",
            "load_balancing_cross_zone_enabled": "use_load_balancer_configuration",
            "name": "proyecto-cicd-dev-tg",
            "name_prefix": "",
            "port": 3000,
            "preserve_client_ip": null,
            "protocol": "HTTP",
            "protocol_version": "HTTP1",
            "proxy_protocol_v2": false,
            "slow_start": 0,
            "stickiness": [
              {
                "cookie_duration": 86400,
                "cookie_name": "",
                "enabled": true,
                "type": "lb_cookie"
              }
            ],
            "tags": {
              "Name": "proyecto-cicd-dev-tg"
            },
            "tags_all": {
              "Environment": "dev",
              "ManagedBy": "Terraform",
              "Name": "proyecto-cicd-dev-tg",
              "Project": "proyecto-cicd"
            },
            "target_failover": [
              {
                "on_deregistration": null,
                "on_unhealthy": null
              }
            ],
            "target_group_health": [
              {
                "dns_failover": [
                  {
                    "minimum_healthy_targets_count": "1",
                    "minimum_healthy_targets_percentage": "off"
                  }
                ],
                "unhealthy_state_routing": [
                  {
                    "minimum_healthy_targets_count": 1,
                    "minimum_healthy_targets_percentage": "off"
                  }
                ]
              }
            ],
            "target_health_state": [
              {
                "enable_unhealthy_connection_termination": null,
                "unhealthy_draining_interval": null
              }
            ],
            "target_type": "ip",
            "vpc_id": "vpc-08941713cf00ee2f2"
          },
          "sensitive_attributes": [],
          "private": "bnVsbA==",
          "dependencies": [
            "aws_vpc.main"
          ],
          "create_before_destroy": true
        }
      ]
    },
    {
      "mode": "managed",
      "type": "aws_route_table",
      "name": "private",
      "provider": "provider[\"registry.terraform.io/hashicorp/aws\"]",
      "instances": [
        {
          "schema_version": 0,
          "attributes": {
            "arn": "arn:aws:ec2:us-east-1:478806200706:route-table/rtb-0c15fec7ae2f93010",
            "id": "rtb-0c15fec7ae2f93010",
            "owner_id": "478806200706",
            "propagating_vgws": [],
            "route": [
              {
                "carrier_gateway_id": "",
                "cidr_block": "0.0.0.0/0",
                "core_network_arn": "",
                "destination_prefix_list_id": "",
                "egress_only_gateway_id": "",
                "gateway_id": "igw-02dd0ee5db0e32c37",
                "ipv6_cidr_block": "",
                "local_gateway_id": "",
                "nat_gateway_id": "",
                "network_interface_id": "",
                "transit_gateway_id": "",
                "vpc_endpoint_id": "",
                "vpc_peering_connection_id": ""
              }
            ],
            "tags": {
              "Name": "proyecto-cicd-dev-private-rt"
            },
            "tags_all": {
              "Environment": "dev",
              "ManagedBy": "Terraform",
              "Name": "proyecto-cicd-dev-private-rt",
              "Project": "proyecto-cicd"
            },
            "timeouts": null,
            "vpc_id": "vpc-08941713cf00ee2f2"
          },
          "sensitive_attributes": [],
          "private": "eyJlMmJmYjczMC1lY2FhLTExZTYtOGY4OC0zNDM2M2JjN2M0YzAiOnsiY3JlYXRlIjozMDAwMDAwMDAwMDAsImRlbGV0ZSI6MzAwMDAwMDAwMDAwLCJ1cGRhdGUiOjEyMDAwMDAwMDAwMH19",
          "dependencies": [
            "aws_internet_gateway.main",
            "aws_vpc.main"
          ]
        }
      ]
    },
    {
      "mode": "managed",
      "type": "aws_route_table",
      "name": "public",
      "provider": "provider[\"registry.terraform.io/hashicorp/aws\"]",
      "instances": [
        {
          "schema_version": 0,
          "attributes": {
            "arn": "arn:aws:ec2:us-east-1:478806200706:route-table/rtb-00dbce98dd454b046",
            "id": "rtb-00dbce98dd454b046",
            "owner_id": "478806200706",
            "propagating_vgws": [],
            "route": [
              {
                "carrier_gateway_id": "",
                "cidr_block": "0.0.0.0/0",
                "core_network_arn": "",
                "destination_prefix_list_id": "",
                "egress_only_gateway_id": "",
                "gateway_id": "igw-02dd0ee5db0e32c37",
                "ipv6_cidr_block": "",
                "local_gateway_id": "",
                "nat_gateway_id": "",
                "network_interface_id": "",
                "transit_gateway_id": "",
                "vpc_endpoint_id": "",
                "vpc_peering_connection_id": ""
              }
            ],
            "tags": {
              "Name": "proyecto-cicd-dev-public-rt"
            },
            "tags_all": {
              "Environment": "dev",
              "ManagedBy": "Terraform",
              "Name": "proyecto-cicd-dev-public-rt",
              "Project": "proyecto-cicd"
            },
            "timeouts": null,
            "vpc_id": "vpc-08941713cf00ee2f2"
          },
          "sensitive_attributes": [],
          "private": "eyJlMmJmYjczMC1lY2FhLTExZTYtOGY4OC0zNDM2M2JjN2M0YzAiOnsiY3JlYXRlIjozMDAwMDAwMDAwMDAsImRlbGV0ZSI6MzAwMDAwMDAwMDAwLCJ1cGRhdGUiOjEyMDAwMDAwMDAwMH19",
          "dependencies": [
            "aws_internet_gateway.main",
            "aws_vpc.main"
          ]
        }
      ]
    },
    {
      "mode": "managed",
      "type": "aws_route_table_association",
      "name": "private",
      "provider": "provider[\"registry.terraform.io/hashicorp/aws\"]",
      "instances": [
        {
          "index_key": 0,
          "schema_version": 0,
          "attributes": {
            "gateway_id": "",
            "id": "rtbassoc-08d013c541c457900",
            "route_table_id": "rtb-0c15fec7ae2f93010",
            "subnet_id": "subnet-0915aaf4c5bce59ff",
            "timeouts": null
          },
          "sensitive_attributes": [],
          "private": "eyJlMmJmYjczMC1lY2FhLTExZTYtOGY4OC0zNDM2M2JjN2M0YzAiOnsiY3JlYXRlIjozMDAwMDAwMDAwMDAsImRlbGV0ZSI6MzAwMDAwMDAwMDAwLCJ1cGRhdGUiOjEyMDAwMDAwMDAwMH19",
          "dependencies": [
            "aws_internet_gateway.main",
            "aws_route_table.private",
            "aws_subnet.private",
            "aws_vpc.main",
            "data.aws_availability_zones.available"
          ]
        },
        {
          "index_key": 1,
          "schema_version": 0,
          "attributes": {
            "gateway_id": "",
            "id": "rtbassoc-020d2fc1251084d4e",
            "route_table_id": "rtb-0c15fec7ae2f93010",
            "subnet_id": "subnet-02e55911b32252109",
            "timeouts": null
          },
          "sensitive_attributes": [],
          "private": "eyJlMmJmYjczMC1lY2FhLTExZTYtOGY4OC0zNDM2M2JjN2M0YzAiOnsiY3JlYXRlIjozMDAwMDAwMDAwMDAsImRlbGV0ZSI6MzAwMDAwMDAwMDAwLCJ1cGRhdGUiOjEyMDAwMDAwMDAwMH19",
          "dependencies": [
            "aws_internet_gateway.main",
            "aws_route_table.private",
            "aws_subnet.private",
            "aws_vpc.main",
            "data.aws_availability_zones.available"
          ]
        }
      ]
    },
    {
      "mode": "managed",
      "type": "aws_route_table_association",
      "name": "public",
      "provider": "provider[\"registry.terraform.io/hashicorp/aws\"]",
      "instances": [
        {
          "index_key": 0,
          "schema_version": 0,
          "attributes": {
            "gateway_id": "",
            "id": "rtbassoc-05bf90107ac0feadd",
            "route_table_id": "rtb-00dbce98dd454b046",
            "subnet_id": "subnet-0d9f0473982e2c101",
            "timeouts": null
          },
          "sensitive_attributes": [],
          "private": "eyJlMmJmYjczMC1lY2FhLTExZTYtOGY4OC0zNDM2M2JjN2M0YzAiOnsiY3JlYXRlIjozMDAwMDAwMDAwMDAsImRlbGV0ZSI6MzAwMDAwMDAwMDAwLCJ1cGRhdGUiOjEyMDAwMDAwMDAwMH19",
          "dependencies": [
            "aws_internet_gateway.main",
            "aws_route_table.public",
            "aws_subnet.public",
            "aws_vpc.main",
            "data.aws_availability_zones.available"
          ]
        },
        {
          "index_key": 1,
          "schema_version": 0,
          "attributes": {
            "gateway_id": "",
            "id": "rtbassoc-0de84257f5aea7eef",
            "route_table_id": "rtb-00dbce98dd454b046",
            "subnet_id": "subnet-0915ac3657f735b48",
            "timeouts": null
          },
          "sensitive_attributes": [],
          "private": "eyJlMmJmYjczMC1lY2FhLTExZTYtOGY4OC0zNDM2M2JjN2M0YzAiOnsiY3JlYXRlIjozMDAwMDAwMDAwMDAsImRlbGV0ZSI6MzAwMDAwMDAwMDAwLCJ1cGRhdGUiOjEyMDAwMDAwMDAwMH19",
          "dependencies": [
            "aws_internet_gateway.main",
            "aws_route_table.public",
            "aws_subnet.public",
            "aws_vpc.main",
            "data.aws_availability_zones.available"
          ]
        }
      ]
    },
    {
      "mode": "managed",
      "type": "aws_secretsmanager_secret",
      "name": "app_config",
      "provider": "provider[\"registry.terraform.io/hashicorp/aws\"]",
      "instances": [
        {
          "schema_version": 0,
          "attributes": {
            "arn": "arn:aws:secretsmanager:us-east-1:478806200706:secret:proyecto-cicd-dev-app-config-RDEalD",
            "description": "Configuración de la aplicación para proyecto-cicd",
            "force_overwrite_replica_secret": false,
            "id": "arn:aws:secretsmanager:us-east-1:478806200706:secret:proyecto-cicd-dev-app-config-RDEalD",
            "kms_key_id": "",
            "name": "proyecto-cicd-dev-app-config",
            "name_prefix": "",
            "policy": "",
            "recovery_window_in_days": 7,
            "replica": [],
            "tags": {
              "Description": "Application configuration",
              "Name": "proyecto-cicd-dev-app-config"
            },
            "tags_all": {
              "Description": "Application configuration",
              "Environment": "dev",
              "ManagedBy": "Terraform",
              "Name": "proyecto-cicd-dev-app-config",
              "Project": "proyecto-cicd"
            }
          },
          "sensitive_attributes": [],
          "private": "bnVsbA=="
        }
      ]
    },
    {
      "mode": "managed",
      "type": "aws_secretsmanager_secret",
      "name": "db_credentials",
      "provider": "provider[\"registry.terraform.io/hashicorp/aws\"]",
      "instances": [
        {
          "schema_version": 0,
          "attributes": {
            "arn": "arn:aws:secretsmanager:us-east-1:478806200706:secret:proyecto-cicd-dev-db-credentials-GDHWME",
            "description": "Credenciales de la base de datos MySQL para proyecto-cicd",
            "force_overwrite_replica_secret": false,
            "id": "arn:aws:secretsmanager:us-east-1:478806200706:secret:proyecto-cicd-dev-db-credentials-GDHWME",
            "kms_key_id": "",
            "name": "proyecto-cicd-dev-db-credentials",
            "name_prefix": "",
            "policy": "",
            "recovery_window_in_days": 7,
            "replica": [],
            "tags": {
              "Description": "Database credentials",
              "Name": "proyecto-cicd-dev-db-credentials"
            },
            "tags_all": {
              "Description": "Database credentials",
              "Environment": "dev",
              "ManagedBy": "Terraform",
              "Name": "proyecto-cicd-dev-db-credentials",
              "Project": "proyecto-cicd"
            }
          },
          "sensitive_attributes": [],
          "private": "bnVsbA=="
        }
      ]
    },
    {
      "mode": "managed",
      "type": "aws_secretsmanager_secret_version",
      "name": "app_config",
      "provider": "provider[\"registry.terraform.io/hashicorp/aws\"]",
      "instances": [
        {
          "schema_version": 0,
          "attributes": {
            "arn": "arn:aws:secretsmanager:us-east-1:478806200706:secret:proyecto-cicd-dev-app-config-RDEalD",
            "has_secret_string_wo": null,
            "id": "arn:aws:secretsmanager:us-east-1:478806200706:secret:proyecto-cicd-dev-app-config-RDEalD|terraform-20251128150658851100000003",
            "secret_binary": "",
            "secret_id": "arn:aws:secretsmanager:us-east-1:478806200706:secret:proyecto-cicd-dev-app-config-RDEalD",
            "secret_string": "{\"app_port\":3000,\"aws_region\":\"us-east-1\",\"db_secret_arn\":\"arn:aws:secretsmanager:us-east-1:478806200706:secret:proyecto-cicd-dev-db-credentials-GDHWME\",\"environment\":\"dev\",\"log_level\":\"info\",\"node_env\":\"development\"}",
            "secret_string_wo": null,
            "secret_string_wo_version": null,
            "version_id": "terraform-20251128150658851100000003",
            "version_stages": [
              "AWSCURRENT"
            ]
          },
          "sensitive_attributes": [
            [
              {
                "type": "get_attr",
                "value": "secret_binary"
              }
            ],
            [
              {
                "type": "get_attr",
                "value": "secret_string"
              }
            ],
            [
              {
                "type": "get_attr",
                "value": "secret_string_wo"
              }
            ]
          ],
          "private": "bnVsbA==",
          "dependencies": [
            "aws_secretsmanager_secret.app_config",
            "aws_secretsmanager_secret.db_credentials"
          ]
        }
      ]
    },
    {
      "mode": "managed",
      "type": "aws_secretsmanager_secret_version",
      "name": "db_credentials",
      "provider": "provider[\"registry.terraform.io/hashicorp/aws\"]",
      "instances": [
        {
          "schema_version": 0,
          "attributes": {
            "arn": "arn:aws:secretsmanager:us-east-1:478806200706:secret:proyecto-cicd-dev-db-credentials-GDHWME",
            "has_secret_string_wo": null,
            "id": "arn:aws:secretsmanager:us-east-1:478806200706:secret:proyecto-cicd-dev-db-credentials-GDHWME|terraform-20251128151803693500000003",
            "secret_binary": "",
            "secret_id": "arn:aws:secretsmanager:us-east-1:478806200706:secret:proyecto-cicd-dev-db-credentials-GDHWME",
            "secret_string": "{\"connection_string\":\"mysql://admin:ZUjLTSFtJ\\u003cMbE[]:@proyecto-cicd-dev-mysql.c6zg8ocuqyw5.us-east-1.rds.amazonaws.com:3306/appdb\",\"dbInstanceIdentifier\":\"proyecto-cicd-dev-mysql\",\"dbname\":\"appdb\",\"engine\":\"mysql\",\"host\":\"proyecto-cicd-dev-mysql.c6zg8ocuqyw5.us-east-1.rds.amazonaws.com\",\"password\":\"ZUjLTSFtJ\\u003cMbE[]:\",\"port\":3306,\"username\":\"admin\"}",
            "secret_string_wo": null,
            "secret_string_wo_version": null,
            "version_id": "terraform-20251128151803693500000003",
            "version_stages": [
              "AWSCURRENT"
            ]
          },
          "sensitive_attributes": [
            [
              {
                "type": "get_attr",
                "value": "secret_string"
              }
            ],
            [
              {
                "type": "get_attr",
                "value": "secret_binary"
              }
            ],
            [
              {
                "type": "get_attr",
                "value": "secret_string_wo"
              }
            ]
          ],
          "private": "bnVsbA==",
          "dependencies": [
            "aws_db_instance.main",
            "aws_db_subnet_group.main",
            "aws_iam_role.rds_monitoring",
            "aws_secretsmanager_secret.db_credentials",
            "aws_security_group.alb",
            "aws_security_group.ecs_tasks",
            "aws_security_group.rds",
            "aws_subnet.private",
            "aws_vpc.main",
            "data.aws_availability_zones.available",
            "random_password.db_password"
          ]
        }
      ]
    },
    {
      "mode": "managed",
      "type": "aws_security_group",
      "name": "alb",
      "provider": "provider[\"registry.terraform.io/hashicorp/aws\"]",
      "instances": [
        {
          "schema_version": 1,
          "attributes": {
            "arn": "arn:aws:ec2:us-east-1:478806200706:security-group/sg-0160bb102badf8f18",
            "description": "Security group for Application Load Balancer",
            "egress": [
              {
                "cidr_blocks": [
                  "0.0.0.0/0"
                ],
                "description": "Allow all outbound traffic",
                "from_port": 0,
                "ipv6_cidr_blocks": [],
                "prefix_list_ids": [],
                "protocol": "-1",
                "security_groups": [],
                "self": false,
                "to_port": 0
              }
            ],
            "id": "sg-0160bb102badf8f18",
            "ingress": [
              {
                "cidr_blocks": [
                  "0.0.0.0/0"
                ],
                "description": "HTTP from anywhere",
                "from_port": 80,
                "ipv6_cidr_blocks": [],
                "prefix_list_ids": [],
                "protocol": "tcp",
                "security_groups": [],
                "self": false,
                "to_port": 80
              },
              {
                "cidr_blocks": [
                  "0.0.0.0/0"
                ],
                "description": "HTTPS from anywhere",
                "from_port": 443,
                "ipv6_cidr_blocks": [],
                "prefix_list_ids": [],
                "protocol": "tcp",
                "security_groups": [],
                "self": false,
                "to_port": 443
              }
            ],
            "name": "proyecto-cicd-dev-alb-sg",
            "name_prefix": "",
            "owner_id": "478806200706",
            "revoke_rules_on_delete": false,
            "tags": {
              "Name": "proyecto-cicd-dev-alb-sg"
            },
            "tags_all": {
              "Environment": "dev",
              "ManagedBy": "Terraform",
              "Name": "proyecto-cicd-dev-alb-sg",
              "Project": "proyecto-cicd"
            },
            "timeouts": null,
            "vpc_id": "vpc-08941713cf00ee2f2"
          },
          "sensitive_attributes": [],
          "private": "eyJlMmJmYjczMC1lY2FhLTExZTYtOGY4OC0zNDM2M2JjN2M0YzAiOnsiY3JlYXRlIjo2MDAwMDAwMDAwMDAsImRlbGV0ZSI6OTAwMDAwMDAwMDAwfSwic2NoZW1hX3ZlcnNpb24iOiIxIn0=",
          "dependencies": [
            "aws_vpc.main"
          ],
          "create_before_destroy": true
        }
      ]
    },
    {
      "mode": "managed",
      "type": "aws_security_group",
      "name": "ecs_tasks",
      "provider": "provider[\"registry.terraform.io/hashicorp/aws\"]",
      "instances": [
        {
          "schema_version": 1,
          "attributes": {
            "arn": "arn:aws:ec2:us-east-1:478806200706:security-group/sg-01aadd04928597e41",
            "description": "Security group for ECS tasks",
            "egress": [
              {
                "cidr_blocks": [
                  "0.0.0.0/0"
                ],
                "description": "Allow all outbound traffic",
                "from_port": 0,
                "ipv6_cidr_blocks": [],
                "prefix_list_ids": [],
                "protocol": "-1",
                "security_groups": [],
                "self": false,
                "to_port": 0
              }
            ],
            "id": "sg-01aadd04928597e41",
            "ingress": [
              {
                "cidr_blocks": [],
                "description": "Allow traffic from ALB",
                "from_port": 3000,
                "ipv6_cidr_blocks": [],
                "prefix_list_ids": [],
                "protocol": "tcp",
                "security_groups": [
                  "sg-0160bb102badf8f18"
                ],
                "self": false,
                "to_port": 3000
              }
            ],
            "name": "proyecto-cicd-dev-ecs-tasks-sg",
            "name_prefix": "",
            "owner_id": "478806200706",
            "revoke_rules_on_delete": false,
            "tags": {
              "Name": "proyecto-cicd-dev-ecs-tasks-sg"
            },
            "tags_all": {
              "Environment": "dev",
              "ManagedBy": "Terraform",
              "Name": "proyecto-cicd-dev-ecs-tasks-sg",
              "Project": "proyecto-cicd"
            },
            "timeouts": null,
            "vpc_id": "vpc-08941713cf00ee2f2"
          },
          "sensitive_attributes": [],
          "private": "eyJlMmJmYjczMC1lY2FhLTExZTYtOGY4OC0zNDM2M2JjN2M0YzAiOnsiY3JlYXRlIjo2MDAwMDAwMDAwMDAsImRlbGV0ZSI6OTAwMDAwMDAwMDAwfSwic2NoZW1hX3ZlcnNpb24iOiIxIn0=",
          "dependencies": [
            "aws_security_group.alb",
            "aws_vpc.main"
          ]
        }
      ]
    },
    {
      "mode": "managed",
      "type": "aws_security_group",
      "name": "rds",
      "provider": "provider[\"registry.terraform.io/hashicorp/aws\"]",
      "instances": [
        {
          "schema_version": 1,
          "attributes": {
            "arn": "arn:aws:ec2:us-east-1:478806200706:security-group/sg-0a5332419bb92b1f7",
            "description": "Security group for RDS MySQL database",
            "egress": [
              {
                "cidr_blocks": [
                  "0.0.0.0/0"
                ],
                "description": "Allow all outbound traffic",
                "from_port": 0,
                "ipv6_cidr_blocks": [],
                "prefix_list_ids": [],
                "protocol": "-1",
                "security_groups": [],
                "self": false,
                "to_port": 0
              }
            ],
            "id": "sg-0a5332419bb92b1f7",
            "ingress": [
              {
                "cidr_blocks": [
                  "10.0.10.0/24",
                  "10.0.11.0/24"
                ],
                "description": "MySQL from private subnets",
                "from_port": 3306,
                "ipv6_cidr_blocks": [],
                "prefix_list_ids": [],
                "protocol": "tcp",
                "security_groups": [],
                "self": false,
                "to_port": 3306
              },
              {
                "cidr_blocks": [],
                "description": "MySQL from ECS Tasks",
                "from_port": 3306,
                "ipv6_cidr_blocks": [],
                "prefix_list_ids": [],
                "protocol": "tcp",
                "security_groups": [
                  "sg-01aadd04928597e41"
                ],
                "self": false,
                "to_port": 3306
              }
            ],
            "name": "proyecto-cicd-dev-rds-sg",
            "name_prefix": "",
            "owner_id": "478806200706",
            "revoke_rules_on_delete": false,
            "tags": {
              "Name": "proyecto-cicd-dev-rds-sg"
            },
            "tags_all": {
              "Environment": "dev",
              "ManagedBy": "Terraform",
              "Name": "proyecto-cicd-dev-rds-sg",
              "Project": "proyecto-cicd"
            },
            "timeouts": null,
            "vpc_id": "vpc-08941713cf00ee2f2"
          },
          "sensitive_attributes": [],
          "private": "eyJlMmJmYjczMC1lY2FhLTExZTYtOGY4OC0zNDM2M2JjN2M0YzAiOnsiY3JlYXRlIjo2MDAwMDAwMDAwMDAsImRlbGV0ZSI6OTAwMDAwMDAwMDAwfSwic2NoZW1hX3ZlcnNpb24iOiIxIn0=",
          "dependencies": [
            "aws_security_group.alb",
            "aws_security_group.ecs_tasks",
            "aws_subnet.private",
            "aws_vpc.main",
            "data.aws_availability_zones.available"
          ]
        }
      ]
    },
    {
      "mode": "managed",
      "type": "aws_security_group",
      "name": "vpc_endpoints",
      "provider": "provider[\"registry.terraform.io/hashicorp/aws\"]",
      "instances": [
        {
          "schema_version": 1,
          "attributes": {
            "arn": "arn:aws:ec2:us-east-1:478806200706:security-group/sg-0457fd5d04f4a2bb9",
            "description": "Security group for VPC endpoints",
            "egress": [
              {
                "cidr_blocks": [
                  "0.0.0.0/0"
                ],
                "description": "Allow all outbound traffic",
                "from_port": 0,
                "ipv6_cidr_blocks": [],
                "prefix_list_ids": [],
                "protocol": "-1",
                "security_groups": [],
                "self": false,
                "to_port": 0
              }
            ],
            "id": "sg-0457fd5d04f4a2bb9",
            "ingress": [
              {
                "cidr_blocks": [
                  "10.0.0.0/16"
                ],
                "description": "HTTPS from VPC",
                "from_port": 443,
                "ipv6_cidr_blocks": [],
                "prefix_list_ids": [],
                "protocol": "tcp",
                "security_groups": [],
                "self": false,
                "to_port": 443
              }
            ],
            "name": "proyecto-cicd-dev-vpc-endpoints-sg",
            "name_prefix": "",
            "owner_id": "478806200706",
            "revoke_rules_on_delete": false,
            "tags": {
              "Name": "proyecto-cicd-dev-vpc-endpoints-sg"
            },
            "tags_all": {
              "Environment": "dev",
              "ManagedBy": "Terraform",
              "Name": "proyecto-cicd-dev-vpc-endpoints-sg",
              "Project": "proyecto-cicd"
            },
            "timeouts": null,
            "vpc_id": "vpc-08941713cf00ee2f2"
          },
          "sensitive_attributes": [],
          "private": "eyJlMmJmYjczMC1lY2FhLTExZTYtOGY4OC0zNDM2M2JjN2M0YzAiOnsiY3JlYXRlIjo2MDAwMDAwMDAwMDAsImRlbGV0ZSI6OTAwMDAwMDAwMDAwfSwic2NoZW1hX3ZlcnNpb24iOiIxIn0=",
          "dependencies": [
            "aws_vpc.main"
          ]
        }
      ]
    },
    {
      "mode": "managed",
      "type": "aws_subnet",
      "name": "private",
      "provider": "provider[\"registry.terraform.io/hashicorp/aws\"]",
      "instances": [
        {
          "index_key": 0,
          "schema_version": 1,
          "attributes": {
            "arn": "arn:aws:ec2:us-east-1:478806200706:subnet/subnet-0915aaf4c5bce59ff",
            "assign_ipv6_address_on_creation": false,
            "availability_zone": "us-east-1a",
            "availability_zone_id": "use1-az1",
            "cidr_block": "10.0.10.0/24",
            "customer_owned_ipv4_pool": "",
            "enable_dns64": false,
            "enable_lni_at_device_index": 0,
            "enable_resource_name_dns_a_record_on_launch": false,
            "enable_resource_name_dns_aaaa_record_on_launch": false,
            "id": "subnet-0915aaf4c5bce59ff",
            "ipv6_cidr_block": "",
            "ipv6_cidr_block_association_id": "",
            "ipv6_native": false,
            "map_customer_owned_ip_on_launch": false,
            "map_public_ip_on_launch": false,
            "outpost_arn": "",
            "owner_id": "478806200706",
            "private_dns_hostname_type_on_launch": "ip-name",
            "tags": {
              "Name": "proyecto-cicd-dev-private-1",
              "Type": "private"
            },
            "tags_all": {
              "Environment": "dev",
              "ManagedBy": "Terraform",
              "Name": "proyecto-cicd-dev-private-1",
              "Project": "proyecto-cicd",
              "Type": "private"
            },
            "timeouts": null,
            "vpc_id": "vpc-08941713cf00ee2f2"
          },
          "sensitive_attributes": [],
          "private": "eyJlMmJmYjczMC1lY2FhLTExZTYtOGY4OC0zNDM2M2JjN2M0YzAiOnsiY3JlYXRlIjo2MDAwMDAwMDAwMDAsImRlbGV0ZSI6MTIwMDAwMDAwMDAwMH0sInNjaGVtYV92ZXJzaW9uIjoiMSJ9",
          "dependencies": [
            "aws_vpc.main",
            "data.aws_availability_zones.available"
          ]
        },
        {
          "index_key": 1,
          "schema_version": 1,
          "attributes": {
            "arn": "arn:aws:ec2:us-east-1:478806200706:subnet/subnet-02e55911b32252109",
            "assign_ipv6_address_on_creation": false,
            "availability_zone": "us-east-1b",
            "availability_zone_id": "use1-az2",
            "cidr_block": "10.0.11.0/24",
            "customer_owned_ipv4_pool": "",
            "enable_dns64": false,
            "enable_lni_at_device_index": 0,
            "enable_resource_name_dns_a_record_on_launch": false,
            "enable_resource_name_dns_aaaa_record_on_launch": false,
            "id": "subnet-02e55911b32252109",
            "ipv6_cidr_block": "",
            "ipv6_cidr_block_association_id": "",
            "ipv6_native": false,
            "map_customer_owned_ip_on_launch": false,
            "map_public_ip_on_launch": false,
            "outpost_arn": "",
            "owner_id": "478806200706",
            "private_dns_hostname_type_on_launch": "ip-name",
            "tags": {
              "Name": "proyecto-cicd-dev-private-2",
              "Type": "private"
            },
            "tags_all": {
              "Environment": "dev",
              "ManagedBy": "Terraform",
              "Name": "proyecto-cicd-dev-private-2",
              "Project": "proyecto-cicd",
              "Type": "private"
            },
            "timeouts": null,
            "vpc_id": "vpc-08941713cf00ee2f2"
          },
          "sensitive_attributes": [],
          "private": "eyJlMmJmYjczMC1lY2FhLTExZTYtOGY4OC0zNDM2M2JjN2M0YzAiOnsiY3JlYXRlIjo2MDAwMDAwMDAwMDAsImRlbGV0ZSI6MTIwMDAwMDAwMDAwMH0sInNjaGVtYV92ZXJzaW9uIjoiMSJ9",
          "dependencies": [
            "aws_vpc.main",
            "data.aws_availability_zones.available"
          ]
        }
      ]
    },
    {
      "mode": "managed",
      "type": "aws_subnet",
      "name": "public",
      "provider": "provider[\"registry.terraform.io/hashicorp/aws\"]",
      "instances": [
        {
          "index_key": 0,
          "schema_version": 1,
          "attributes": {
            "arn": "arn:aws:ec2:us-east-1:478806200706:subnet/subnet-0d9f0473982e2c101",
            "assign_ipv6_address_on_creation": false,
            "availability_zone": "us-east-1a",
            "availability_zone_id": "use1-az1",
            "cidr_block": "10.0.1.0/24",
            "customer_owned_ipv4_pool": "",
            "enable_dns64": false,
            "enable_lni_at_device_index": 0,
            "enable_resource_name_dns_a_record_on_launch": false,
            "enable_resource_name_dns_aaaa_record_on_launch": false,
            "id": "subnet-0d9f0473982e2c101",
            "ipv6_cidr_block": "",
            "ipv6_cidr_block_association_id": "",
            "ipv6_native": false,
            "map_customer_owned_ip_on_launch": false,
            "map_public_ip_on_launch": true,
            "outpost_arn": "",
            "owner_id": "478806200706",
            "private_dns_hostname_type_on_launch": "ip-name",
            "tags": {
              "Name": "proyecto-cicd-dev-public-1",
              "Type": "public"
            },
            "tags_all": {
              "Environment": "dev",
              "ManagedBy": "Terraform",
              "Name": "proyecto-cicd-dev-public-1",
              "Project": "proyecto-cicd",
              "Type": "public"
            },
            "timeouts": null,
            "vpc_id": "vpc-08941713cf00ee2f2"
          },
          "sensitive_attributes": [],
          "private": "eyJlMmJmYjczMC1lY2FhLTExZTYtOGY4OC0zNDM2M2JjN2M0YzAiOnsiY3JlYXRlIjo2MDAwMDAwMDAwMDAsImRlbGV0ZSI6MTIwMDAwMDAwMDAwMH0sInNjaGVtYV92ZXJzaW9uIjoiMSJ9",
          "dependencies": [
            "aws_vpc.main",
            "data.aws_availability_zones.available"
          ]
        },
        {
          "index_key": 1,
          "schema_version": 1,
          "attributes": {
            "arn": "arn:aws:ec2:us-east-1:478806200706:subnet/subnet-0915ac3657f735b48",
            "assign_ipv6_address_on_creation": false,
            "availability_zone": "us-east-1b",
            "availability_zone_id": "use1-az2",
            "cidr_block": "10.0.2.0/24",
            "customer_owned_ipv4_pool": "",
            "enable_dns64": false,
            "enable_lni_at_device_index": 0,
            "enable_resource_name_dns_a_record_on_launch": false,
            "enable_resource_name_dns_aaaa_record_on_launch": false,
            "id": "subnet-0915ac3657f735b48",
            "ipv6_cidr_block": "",
            "ipv6_cidr_block_association_id": "",
            "ipv6_native": false,
            "map_customer_owned_ip_on_launch": false,
            "map_public_ip_on_launch": true,
            "outpost_arn": "",
            "owner_id": "478806200706",
            "private_dns_hostname_type_on_launch": "ip-name",
            "tags": {
              "Name": "proyecto-cicd-dev-public-2",
              "Type": "public"
            },
            "tags_all": {
              "Environment": "dev",
              "ManagedBy": "Terraform",
              "Name": "proyecto-cicd-dev-public-2",
              "Project": "proyecto-cicd",
              "Type": "public"
            },
            "timeouts": null,
            "vpc_id": "vpc-08941713cf00ee2f2"
          },
          "sensitive_attributes": [],
          "private": "eyJlMmJmYjczMC1lY2FhLTExZTYtOGY4OC0zNDM2M2JjN2M0YzAiOnsiY3JlYXRlIjo2MDAwMDAwMDAwMDAsImRlbGV0ZSI6MTIwMDAwMDAwMDAwMH0sInNjaGVtYV92ZXJzaW9uIjoiMSJ9",
          "dependencies": [
            "aws_vpc.main",
            "data.aws_availability_zones.available"
          ]
        }
      ]
    },
    {
      "mode": "managed",
      "type": "aws_vpc",
      "name": "main",
      "provider": "provider[\"registry.terraform.io/hashicorp/aws\"]",
      "instances": [
        {
          "schema_version": 1,
          "attributes": {
            "arn": "arn:aws:ec2:us-east-1:478806200706:vpc/vpc-08941713cf00ee2f2",
            "assign_generated_ipv6_cidr_block": false,
            "cidr_block": "10.0.0.0/16",
            "default_network_acl_id": "acl-0b81ae1f4b5bfcc91",
            "default_route_table_id": "rtb-0a7b49dc625553e66",
            "default_security_group_id": "sg-0c4d3294c32a0992a",
            "dhcp_options_id": "dopt-038630a5f8ce79110",
            "enable_dns_hostnames": true,
            "enable_dns_support": true,
            "enable_network_address_usage_metrics": false,
            "id": "vpc-08941713cf00ee2f2",
            "instance_tenancy": "default",
            "ipv4_ipam_pool_id": null,
            "ipv4_netmask_length": null,
            "ipv6_association_id": "",
            "ipv6_cidr_block": "",
            "ipv6_cidr_block_network_border_group": "",
            "ipv6_ipam_pool_id": "",
            "ipv6_netmask_length": 0,
            "main_route_table_id": "rtb-0a7b49dc625553e66",
            "owner_id": "478806200706",
            "tags": {
              "Name": "proyecto-cicd-dev-vpc"
            },
            "tags_all": {
              "Environment": "dev",
              "ManagedBy": "Terraform",
              "Name": "proyecto-cicd-dev-vpc",
              "Project": "proyecto-cicd"
            }
          },
          "sensitive_attributes": [],
          "private": "eyJzY2hlbWFfdmVyc2lvbiI6IjEifQ==",
          "create_before_destroy": true
        }
      ]
    },
    {
      "mode": "managed",
      "type": "random_password",
      "name": "db_password",
      "provider": "provider[\"registry.terraform.io/hashicorp/random\"]",
      "instances": [
        {
          "schema_version": 3,
          "attributes": {
            "bcrypt_hash": "$2a$10$QUccfbk0Y3Ast/0Z5m6c1Ocen2e46f2oKCsNXUbG7HHb3JT9tRgGa",
            "id": "none",
            "keepers": null,
            "length": 16,
            "lower": true,
            "min_lower": 0,
            "min_numeric": 0,
            "min_special": 0,
            "min_upper": 0,
            "number": true,
            "numeric": true,
            "override_special": "!#$%\u0026*()-_=+[]{}\u003c\u003e:?",
            "result": "ZUjLTSFtJ\u003cMbE[]:",
            "special": true,
            "upper": true
          },
          "sensitive_attributes": [
            [
              {
                "type": "get_attr",
                "value": "bcrypt_hash"
              }
            ],
            [
              {
                "type": "get_attr",
                "value": "result"
              }
            ]
          ]
        }
      ]
    },
    {
      "mode": "managed",
      "type": "tls_private_key",
      "name": "self_signed",
      "provider": "provider[\"registry.terraform.io/hashicorp/tls\"]",
      "instances": [
        {
          "index_key": 0,
          "schema_version": 1,
          "attributes": {
            "algorithm": "RSA",
            "ecdsa_curve": "P224",
            "id": "35cbae0b0c247947597965f1c85266a4574d44a2",
            "private_key_openssh": "-----BEGIN OPENSSH PRIVATE KEY-----\nb3BlbnNzaC1rZXktdjEAAAAABG5vbmUAAAAEbm9uZQAAAAAAAAABAAABFwAAAAdz\nc2gtcnNhAAAAAwEAAQAAAQEA7lJzUjIFK/ICsMXdNzAZ1aUZ5zasr2R7n7RCZJ7k\nfrQryacbnrHau1ltdl1LZRtWW719vHNgj3kWTncFUGLVix2QJeZoAbVbjTQaK44h\n5MgS5waz1k3xHeDPDmY85OYYrfLwaTjnyHV68vu3U3wLcO82xSWSmICTNEw1mP+8\nO22d+lOmNTkFaDl/4kYdtWvusPj/uwHM8p/lSTVLJGBBXLPM7HfoZoYevXY8zgXP\nolOXcDs3Lhhjnz6eaE/9lpKaGADom/5rYgkmbT/kLd+XMMcJfqEZdtbxEBldT22U\njSCVWnJicim/JB/Rf5rMQ/ceHXBKb2ywCDobkOBGOHoNRQAAA7jNwgvUzcIL1AAA\nAAdzc2gtcnNhAAABAQDuUnNSMgUr8gKwxd03MBnVpRnnNqyvZHuftEJknuR+tCvJ\npxuesdq7WW12XUtlG1ZbvX28c2CPeRZOdwVQYtWLHZAl5mgBtVuNNBorjiHkyBLn\nBrPWTfEd4M8OZjzk5hit8vBpOOfIdXry+7dTfAtw7zbFJZKYgJM0TDWY/7w7bZ36\nU6Y1OQVoOX/iRh21a+6w+P+7Aczyn+VJNUskYEFcs8zsd+hmhh69djzOBc+iU5dw\nOzcuGGOfPp5oT/2WkpoYAOib/mtiCSZtP+Qt35cwxwl+oRl21vEQGV1PbZSNIJVa\ncmJyKb8kH9F/msxD9x4dcEpvbLAIOhuQ4EY4eg1FAAAAAwEAAQAAAQApdNm/J1jb\ndWCO8AhkcH9Z+PuZyxq8cuIHXLO87Z/pQ32neSR2lVErjGmccKusFZaO5FZSOQ7H\nvmRJN26K9npXlgesdBlNDMd1d2YDBBk0wzH4kqOnaI0EKcZS5ql6luUdozg7UY0O\nQ5Nk37Ea+mXCGjagkkHfOeSBcS1UpU3Q11F32XXXfhsBMM4A6qtC+BSXoYCJbSP4\noyIEn7VJutPERZy1m2z1DX+nsiXzlJygQOK0IgF/82NVVL1Y23aQk9l5YwpCLjZv\nAKJDCGXY3ybHGDIBaSBlKoFuGu6b/h65IykH7uO9mi7fznQOlIonAu58u4liR0Wu\nbVSxt5o/ctSZAAAAgGaDUfk/THtn+xX/3JA/uFq2EFbyAJQAvpnntnbBYO2niJjs\nMFi7iCEusN3qbOrKNrtBPc/PIBbt+2argZ+NN/7Z8Vu2ZKz6/ROPR3qb2NDNOOsZ\nmuvQoCs48a1NLbKuo6Jib+lhNwmSardTqxNFLSi/7ZCEYjoFPKvkPqE7jJrWAAAA\ngQD20uABFEAfC+r/ezU76iEgrGbm1HHAeMgm3ZT971tvanx8M6szLBqLfCOVYZEh\nz6de1VBgI3WY0Kl0PXWMgNVoJFNV6VvAAyXG7VUqOAKQgIehxQPGtZlnKipQqZnS\n+XA4FAwnxgR/MX3SBtTIb89jz6tXGXaeosZklPob2yq1aQAAAIEA9y6pXxoXPjvu\nDNoi01/eMOb0hyAzzaCpHebUYkK7JKjIgLL1SKlHdM0KbA6YaZsPohtjE2c+2kNE\nJXdkWtd4sWkR+X6rCBXPdF5TRXimlazF9Qk700AvNEW10P2LhdEQFVjzES4huYuc\nM6tOyX5RC9HY6TZikxWcVZZPBd4HkX0AAAAAAQID\n-----END OPENSSH PRIVATE KEY-----\n",
            "private_key_pem": "-----BEGIN RSA PRIVATE KEY-----\nMIIEowIBAAKCAQEA7lJzUjIFK/ICsMXdNzAZ1aUZ5zasr2R7n7RCZJ7kfrQryacb\nnrHau1ltdl1LZRtWW719vHNgj3kWTncFUGLVix2QJeZoAbVbjTQaK44h5MgS5waz\n1k3xHeDPDmY85OYYrfLwaTjnyHV68vu3U3wLcO82xSWSmICTNEw1mP+8O22d+lOm\nNTkFaDl/4kYdtWvusPj/uwHM8p/lSTVLJGBBXLPM7HfoZoYevXY8zgXPolOXcDs3\nLhhjnz6eaE/9lpKaGADom/5rYgkmbT/kLd+XMMcJfqEZdtbxEBldT22UjSCVWnJi\ncim/JB/Rf5rMQ/ceHXBKb2ywCDobkOBGOHoNRQIDAQABAoIBACl02b8nWNt1YI7w\nCGRwf1n4+5nLGrxy4gdcs7ztn+lDfad5JHaVUSuMaZxwq6wVlo7kVlI5Dse+ZEk3\nbor2eleWB6x0GU0Mx3V3ZgMEGTTDMfiSo6dojQQpxlLmqXqW5R2jODtRjQ5Dk2Tf\nsRr6ZcIaNqCSQd855IFxLVSlTdDXUXfZddd+GwEwzgDqq0L4FJehgIltI/ijIgSf\ntUm608RFnLWbbPUNf6eyJfOUnKBA4rQiAX/zY1VUvVjbdpCT2XljCkIuNm8AokMI\nZdjfJscYMgFpIGUqgW4a7pv+HrkjKQfu472aLt/OdA6UiicC7ny7iWJHRa5tVLG3\nmj9y1JkCgYEA9tLgARRAHwvq/3s1O+ohIKxm5tRxwHjIJt2U/e9bb2p8fDOrMywa\ni3wjlWGRIc+nXtVQYCN1mNCpdD11jIDVaCRTVelbwAMlxu1VKjgCkICHocUDxrWZ\nZyoqUKmZ0vlwOBQMJ8YEfzF90gbUyG/PY8+rVxl2nqLGZJT6G9sqtWkCgYEA9y6p\nXxoXPjvuDNoi01/eMOb0hyAzzaCpHebUYkK7JKjIgLL1SKlHdM0KbA6YaZsPohtj\nE2c+2kNEJXdkWtd4sWkR+X6rCBXPdF5TRXimlazF9Qk700AvNEW10P2LhdEQFVjz\nES4huYucM6tOyX5RC9HY6TZikxWcVZZPBd4HkX0CgYEArPkLUrZGWXuYrIJDxEFI\nBgXL92hab3A1lEck6vCbO3F82+25xJrb33SX21AMzY0g1izXrwgqmXVhy7xmbJi8\n9ca/QC3RxrZt+wLH9FZcNbhdVNkk1FTftJSwIuc4jcmRAzvJaPY0oI6mhlGTPQRe\naqxWfyuxHWslbceZn3vwakECgYBBW9w7Iln9Abm7Oj61J4dH5PnJdRFdkNrG5k9I\nQB7d3adOqINFGEWls8XKtr1ER1UF5zn2Wnl7Gwg84+nsP0dRmde/4ed1dtbpDTv1\nhaZ+szWQykVAYZtZtgkSXshytMoM6v0ykMEoH6tI2kY17ymc93rkh5XfEHrLAriY\nc5IKvQKBgGaDUfk/THtn+xX/3JA/uFq2EFbyAJQAvpnntnbBYO2niJjsMFi7iCEu\nsN3qbOrKNrtBPc/PIBbt+2argZ+NN/7Z8Vu2ZKz6/ROPR3qb2NDNOOsZmuvQoCs4\n8a1NLbKuo6Jib+lhNwmSardTqxNFLSi/7ZCEYjoFPKvkPqE7jJrW\n-----END RSA PRIVATE KEY-----\n",
            "private_key_pem_pkcs8": "-----BEGIN PRIVATE KEY-----\nMIIEvQIBADANBgkqhkiG9w0BAQEFAASCBKcwggSjAgEAAoIBAQDuUnNSMgUr8gKw\nxd03MBnVpRnnNqyvZHuftEJknuR+tCvJpxuesdq7WW12XUtlG1ZbvX28c2CPeRZO\ndwVQYtWLHZAl5mgBtVuNNBorjiHkyBLnBrPWTfEd4M8OZjzk5hit8vBpOOfIdXry\n+7dTfAtw7zbFJZKYgJM0TDWY/7w7bZ36U6Y1OQVoOX/iRh21a+6w+P+7Aczyn+VJ\nNUskYEFcs8zsd+hmhh69djzOBc+iU5dwOzcuGGOfPp5oT/2WkpoYAOib/mtiCSZt\nP+Qt35cwxwl+oRl21vEQGV1PbZSNIJVacmJyKb8kH9F/msxD9x4dcEpvbLAIOhuQ\n4EY4eg1FAgMBAAECggEAKXTZvydY23VgjvAIZHB/Wfj7mcsavHLiB1yzvO2f6UN9\np3kkdpVRK4xpnHCrrBWWjuRWUjkOx75kSTduivZ6V5YHrHQZTQzHdXdmAwQZNMMx\n+JKjp2iNBCnGUuapepblHaM4O1GNDkOTZN+xGvplwho2oJJB3znkgXEtVKVN0NdR\nd9l1134bATDOAOqrQvgUl6GAiW0j+KMiBJ+1SbrTxEWctZts9Q1/p7Il85ScoEDi\ntCIBf/NjVVS9WNt2kJPZeWMKQi42bwCiQwhl2N8mxxgyAWkgZSqBbhrum/4euSMp\nB+7jvZou3850DpSKJwLufLuJYkdFrm1UsbeaP3LUmQKBgQD20uABFEAfC+r/ezU7\n6iEgrGbm1HHAeMgm3ZT971tvanx8M6szLBqLfCOVYZEhz6de1VBgI3WY0Kl0PXWM\ngNVoJFNV6VvAAyXG7VUqOAKQgIehxQPGtZlnKipQqZnS+XA4FAwnxgR/MX3SBtTI\nb89jz6tXGXaeosZklPob2yq1aQKBgQD3LqlfGhc+O+4M2iLTX94w5vSHIDPNoKkd\n5tRiQrskqMiAsvVIqUd0zQpsDphpmw+iG2MTZz7aQ0Qld2Ra13ixaRH5fqsIFc90\nXlNFeKaVrMX1CTvTQC80RbXQ/YuF0RAVWPMRLiG5i5wzq07JflEL0djpNmKTFZxV\nlk8F3geRfQKBgQCs+QtStkZZe5isgkPEQUgGBcv3aFpvcDWURyTq8Js7cXzb7bnE\nmtvfdJfbUAzNjSDWLNevCCqZdWHLvGZsmLz1xr9ALdHGtm37Asf0Vlw1uF1U2STU\nVN+0lLAi5ziNyZEDO8lo9jSgjqaGUZM9BF5qrFZ/K7EdayVtx5mfe/BqQQKBgEFb\n3DsiWf0Bubs6PrUnh0fk+cl1EV2Q2sbmT0hAHt3dp06og0UYRaWzxcq2vURHVQXn\nOfZaeXsbCDzj6ew/R1GZ17/h53V21ukNO/WFpn6zNZDKRUBhm1m2CRJeyHK0ygzq\n/TKQwSgfq0jaRjXvKZz3euSHld8QessCuJhzkgq9AoGAZoNR+T9Me2f7Ff/ckD+4\nWrYQVvIAlAC+mee2dsFg7aeImOwwWLuIIS6w3eps6so2u0E9z88gFu37ZquBn403\n/tnxW7ZkrPr9E49HepvY0M046xma69CgKzjxrU0tsq6jomJv6WE3CZJqt1OrE0Ut\nKL/tkIRiOgU8q+Q+oTuMmtY=\n-----END PRIVATE KEY-----\n",
            "public_key_fingerprint_md5": "24:32:5e:64:ed:4b:ee:bb:e6:34:6b:c7:19:dc:7e:3f",
            "public_key_fingerprint_sha256": "SHA256:Tq5mo+ddfqBcA7YHZzyXlFvKG1xRO3Wtimbk1r0/4nU",
            "public_key_openssh": "ssh-rsa AAAAB3NzaC1yc2EAAAADAQABAAABAQDuUnNSMgUr8gKwxd03MBnVpRnnNqyvZHuftEJknuR+tCvJpxuesdq7WW12XUtlG1ZbvX28c2CPeRZOdwVQYtWLHZAl5mgBtVuNNBorjiHkyBLnBrPWTfEd4M8OZjzk5hit8vBpOOfIdXry+7dTfAtw7zbFJZKYgJM0TDWY/7w7bZ36U6Y1OQVoOX/iRh21a+6w+P+7Aczyn+VJNUskYEFcs8zsd+hmhh69djzOBc+iU5dwOzcuGGOfPp5oT/2WkpoYAOib/mtiCSZtP+Qt35cwxwl+oRl21vEQGV1PbZSNIJVacmJyKb8kH9F/msxD9x4dcEpvbLAIOhuQ4EY4eg1F\n",
            "public_key_pem": "-----BEGIN PUBLIC KEY-----\nMIIBIjANBgkqhkiG9w0BAQEFAAOCAQ8AMIIBCgKCAQEA7lJzUjIFK/ICsMXdNzAZ\n1aUZ5zasr2R7n7RCZJ7kfrQryacbnrHau1ltdl1LZRtWW719vHNgj3kWTncFUGLV\nix2QJeZoAbVbjTQaK44h5MgS5waz1k3xHeDPDmY85OYYrfLwaTjnyHV68vu3U3wL\ncO82xSWSmICTNEw1mP+8O22d+lOmNTkFaDl/4kYdtWvusPj/uwHM8p/lSTVLJGBB\nXLPM7HfoZoYevXY8zgXPolOXcDs3Lhhjnz6eaE/9lpKaGADom/5rYgkmbT/kLd+X\nMMcJfqEZdtbxEBldT22UjSCVWnJicim/JB/Rf5rMQ/ceHXBKb2ywCDobkOBGOHoN\nRQIDAQAB\n-----END PUBLIC KEY-----\n",
            "rsa_bits": 2048
          },
          "sensitive_attributes": [
            [
              {
                "type": "get_attr",
                "value": "private_key_pem"
              }
            ],
            [
              {
                "type": "get_attr",
                "value": "private_key_pem_pkcs8"
              }
            ],
            [
              {
                "type": "get_attr",
                "value": "private_key_openssh"
              }
            ]
          ],
          "create_before_destroy": true
        }
      ]
    },
    {
      "mode": "managed",
      "type": "tls_self_signed_cert",
      "name": "self_signed",
      "provider": "provider[\"registry.terraform.io/hashicorp/tls\"]",
      "instances": [
        {
          "index_key": 0,
          "schema_version": 0,
          "attributes": {
            "allowed_uses": [
              "key_encipherment",
              "digital_signature",
              "server_auth"
            ],
            "cert_pem": "-----BEGIN CERTIFICATE-----\nMIIDiTCCAnGgAwIBAgIQRbXym0XpFOvlnDLilasPLTANBgkqhkiG9w0BAQsFADA8\nMRYwFAYDVQQKEw1wcm95ZWN0by1jaWNkMSIwIAYDVQQDDBkqLnByb3llY3RvLWNp\nY2QtZGV2LmxvY2FsMB4XDTI1MTEyODE0NTQyOFoXDTI2MTEyODE0NTQyOFowPDEW\nMBQGA1UEChMNcHJveWVjdG8tY2ljZDEiMCAGA1UEAwwZKi5wcm95ZWN0by1jaWNk\nLWRldi5sb2NhbDCCASIwDQYJKoZIhvcNAQEBBQADggEPADCCAQoCggEBAO5Sc1Iy\nBSvyArDF3TcwGdWlGec2rK9ke5+0QmSe5H60K8mnG56x2rtZbXZdS2UbVlu9fbxz\nYI95Fk53BVBi1YsdkCXmaAG1W400GiuOIeTIEucGs9ZN8R3gzw5mPOTmGK3y8Gk4\n58h1evL7t1N8C3DvNsUlkpiAkzRMNZj/vDttnfpTpjU5BWg5f+JGHbVr7rD4/7sB\nzPKf5Uk1SyRgQVyzzOx36GaGHr12PM4Fz6JTl3A7Ny4YY58+nmhP/ZaSmhgA6Jv+\na2IJJm0/5C3flzDHCX6hGXbW8RAZXU9tlI0glVpyYnIpvyQf0X+azEP3Hh1wSm9s\nsAg6G5DgRjh6DUUCAwEAAaOBhjCBgzAOBgNVHQ8BAf8EBAMCBaAwEwYDVR0lBAww\nCgYIKwYBBQUHAwEwDAYDVR0TAQH/BAIwADBOBgNVHREERzBFgglsb2NhbGhvc3SC\nGSoucHJveWVjdG8tY2ljZC1kZXYubG9jYWyCF3Byb3llY3RvLWNpY2QtZGV2Lmxv\nY2FshwR/AAABMA0GCSqGSIb3DQEBCwUAA4IBAQA/dzag3YwgD8InEAkvkcbRhN9o\nTbF++D1wf91zGr7/qZqG+fz4Fl+vdVkQDubJhOm/CNCVdCOEZ1qDG8vn/sgqfOVs\nlwk1WyD4bP+FOIvVPKPy5yDw2idzg49orjYK9SecBmoAMab5bwNMNTdjTKMNJCck\nEmIa3b6ML+WXLVYNZREwOISiOqMGGCzvcvnY+B9n7IDr4WC1L8hb8QgbosdtPYky\nlwY9RVGZvT5CDDgDPdjE49CR+L5gu5s5Bi6XZ3+j5jYQpHnlanUNtn1GrPCViyk4\n0i6Pn096cqf5ffMWViHQlB/EC+Xt3tuzvzQigYcg99RBt/6AQrFcqrESzB1A\n-----END CERTIFICATE-----\n",
            "dns_names": [
              "localhost",
              "*.proyecto-cicd-dev.local",
              "proyecto-cicd-dev.local"
            ],
            "early_renewal_hours": 0,
            "id": "92661458085679516638844317363228839725",
            "ip_addresses": [
              "127.0.0.1"
            ],
            "is_ca_certificate": false,
            "key_algorithm": "RSA",
            "private_key_pem": "-----BEGIN RSA PRIVATE KEY-----\nMIIEowIBAAKCAQEA7lJzUjIFK/ICsMXdNzAZ1aUZ5zasr2R7n7RCZJ7kfrQryacb\nnrHau1ltdl1LZRtWW719vHNgj3kWTncFUGLVix2QJeZoAbVbjTQaK44h5MgS5waz\n1k3xHeDPDmY85OYYrfLwaTjnyHV68vu3U3wLcO82xSWSmICTNEw1mP+8O22d+lOm\nNTkFaDl/4kYdtWvusPj/uwHM8p/lSTVLJGBBXLPM7HfoZoYevXY8zgXPolOXcDs3\nLhhjnz6eaE/9lpKaGADom/5rYgkmbT/kLd+XMMcJfqEZdtbxEBldT22UjSCVWnJi\ncim/JB/Rf5rMQ/ceHXBKb2ywCDobkOBGOHoNRQIDAQABAoIBACl02b8nWNt1YI7w\nCGRwf1n4+5nLGrxy4gdcs7ztn+lDfad5JHaVUSuMaZxwq6wVlo7kVlI5Dse+ZEk3\nbor2eleWB6x0GU0Mx3V3ZgMEGTTDMfiSo6dojQQpxlLmqXqW5R2jODtRjQ5Dk2Tf\nsRr6ZcIaNqCSQd855IFxLVSlTdDXUXfZddd+GwEwzgDqq0L4FJehgIltI/ijIgSf\ntUm608RFnLWbbPUNf6eyJfOUnKBA4rQiAX/zY1VUvVjbdpCT2XljCkIuNm8AokMI\nZdjfJscYMgFpIGUqgW4a7pv+HrkjKQfu472aLt/OdA6UiicC7ny7iWJHRa5tVLG3\nmj9y1JkCgYEA9tLgARRAHwvq/3s1O+ohIKxm5tRxwHjIJt2U/e9bb2p8fDOrMywa\ni3wjlWGRIc+nXtVQYCN1mNCpdD11jIDVaCRTVelbwAMlxu1VKjgCkICHocUDxrWZ\nZyoqUKmZ0vlwOBQMJ8YEfzF90gbUyG/PY8+rVxl2nqLGZJT6G9sqtWkCgYEA9y6p\nXxoXPjvuDNoi01/eMOb0hyAzzaCpHebUYkK7JKjIgLL1SKlHdM0KbA6YaZsPohtj\nE2c+2kNEJXdkWtd4sWkR+X6rCBXPdF5TRXimlazF9Qk700AvNEW10P2LhdEQFVjz\nES4huYucM6tOyX5RC9HY6TZikxWcVZZPBd4HkX0CgYEArPkLUrZGWXuYrIJDxEFI\nBgXL92hab3A1lEck6vCbO3F82+25xJrb33SX21AMzY0g1izXrwgqmXVhy7xmbJi8\n9ca/QC3RxrZt+wLH9FZcNbhdVNkk1FTftJSwIuc4jcmRAzvJaPY0oI6mhlGTPQRe\naqxWfyuxHWslbceZn3vwakECgYBBW9w7Iln9Abm7Oj61J4dH5PnJdRFdkNrG5k9I\nQB7d3adOqINFGEWls8XKtr1ER1UF5zn2Wnl7Gwg84+nsP0dRmde/4ed1dtbpDTv1\nhaZ+szWQykVAYZtZtgkSXshytMoM6v0ykMEoH6tI2kY17ymc93rkh5XfEHrLAriY\nc5IKvQKBgGaDUfk/THtn+xX/3JA/uFq2EFbyAJQAvpnntnbBYO2niJjsMFi7iCEu\nsN3qbOrKNrtBPc/PIBbt+2argZ+NN/7Z8Vu2ZKz6/ROPR3qb2NDNOOsZmuvQoCs4\n8a1NLbKuo6Jib+lhNwmSardTqxNFLSi/7ZCEYjoFPKvkPqE7jJrW\n-----END RSA PRIVATE KEY-----\n",
            "ready_for_renewal": false,
            "set_authority_key_id": false,
            "set_subject_key_id": false,
            "subject": [
              {
                "common_name": "*.proyecto-cicd-dev.local",
                "country": null,
                "email_address": null,
                "locality": null,
                "organization": "proyecto-cicd",
                "organizational_unit": null,
                "postal_code": null,
                "province": null,
                "serial_number": null,
                "street_address": null
              }
            ],
            "uris": null,
            "validity_end_time": "2026-11-28T09:54:28.5187971-05:00",
            "validity_period_hours": 8760,
            "validity_start_time": "2025-11-28T09:54:28.5187971-05:00"
          },
          "sensitive_attributes": [
            [
              {
                "type": "get_attr",
                "value": "private_key_pem"
              }
            ]
          ],
          "dependencies": [
            "tls_private_key.self_signed"
          ],
          "create_before_destroy": true
        }
      ]
    }
  ],
  "check_results": null
}
